
Microsoft Visual Studio Solution File, Format Version 12.00
# Visual Studio 2013
VisualStudioVersion = 12.0.21005.1
MinimumVisualStudioVersion = 10.0.40219.1
Project("{8BC9CEB8-8B4A-11D0-8D11-00A0C91BC942}") = "multiearth", "multiearth.vcxproj", "{7B68D04E-DED5-4E1F-B65E-E269720CCA02}"
EndProject
Global
	GlobalSection(SolutionConfigurationPlatforms) = preSolution
		x64_debug|Win32 = x64_debug|Win32
		x64_release|Win32 = x64_release|Win32
		x86_debug|Win32 = x86_debug|Win32
		x86_release|Win32 = x86_release|Win32
	EndGlobalSection
	GlobalSection(ProjectConfigurationPlatforms) = postSolution
		{7B68D04E-DED5-4E1F-B65E-E269720CCA02}.x64_debug|Win32.ActiveCfg = x64_debug|Win32
		{7B68D04E-DED5-4E1F-B65E-E269720CCA02}.x64_debug|Win32.Build.0 = x64_debug|Win32
		{7B68D04E-DED5-4E1F-B65E-E269720CCA02}.x64_debug|Win32.Deploy.0 = x64_debug|Win32
		{7B68D04E-DED5-4E1F-B65E-E269720CCA02}.x64_release|Win32.ActiveCfg = x64_release|Win32
		{7B68D04E-DED5-4E1F-B65E-E269720CCA02}.x64_release|Win32.Build.0 = x64_release|Win32
		{7B68D04E-DED5-4E1F-B65E-E269720CCA02}.x86_debug|Win32.ActiveCfg = x86_debug|Win32
		{7B68D04E-DED5-4E1F-B65E-E269720CCA02}.x86_debug|Win32.Build.0 = x86_debug|Win32
		{7B68D04E-DED5-4E1F-B65E-E269720CCA02}.x86_release|Win32.ActiveCfg = x86_release|Win32
		{7B68D04E-DED5-4E1F-B65E-E269720CCA02}.x86_release|Win32.Build.0 = x86_release|Win32
	EndGlobalSection
	GlobalSection(SolutionProperties) = preSolution
		HideSolutionNode = FALSE
	EndGlobalSection
EndGlobal
