<?xml version="1.0" encoding="utf-8"?>
<Project ToolsVersion="4.0" xmlns="http://schemas.microsoft.com/developer/msbuild/2003">
  <ItemGroup>
    <Filter Include="Source Files">
      <UniqueIdentifier>{4FC737F1-C7A5-4376-A066-2A32D752A2FF}</UniqueIdentifier>
      <Extensions>cpp;c;cc;cxx;def;odl;idl;hpj;bat;asm;asmx</Extensions>
    </Filter>
    <Filter Include="Header Files">
      <UniqueIdentifier>{93995380-89BD-4b04-88EB-625FBE52EBFB}</UniqueIdentifier>
      <Extensions>h;hh;hpp;hxx;hm;inl;inc;ipp;xsd</Extensions>
    </Filter>
    <Filter Include="Resource Files">
      <UniqueIdentifier>{67DA6AB6-F800-4c08-8B7A-83BB121AAD01}</UniqueIdentifier>
      <Extensions>rc;ico;lwr;bmp;dlg;rc2;rct;bin;rgs;gif;jpg;jpeg;jpe;resx;tiff;tif;png;wav;mfcribbon-ms</Extensions>
    </Filter>
    <Filter Include="Source Files\video">
      <UniqueIdentifier>{a89a4d48-67b9-4a79-bd58-b0c142a9e10e}</UniqueIdentifier>
      <Extensions>cpp;c;cc;cxx;def;odl;idl;hpj;bat;asm;asmx</Extensions>
    </Filter>
    <Filter Include="Header Files\video">
      <UniqueIdentifier>{a261e8e0-92ae-4e58-b76a-fce813ebad1c}</UniqueIdentifier>
      <Extensions>h;hh;hpp;hxx;hm;inl;inc;ipp;xsd</Extensions>
    </Filter>
    <Filter Include="Header Files\mods">
      <UniqueIdentifier>{cd0620f0-6ce9-442e-8ad2-4c755ab8f3a2}</UniqueIdentifier>
      <Extensions>h;hh;hpp;hxx;hm;inl;inc;ipp;xsd</Extensions>
    </Filter>
    <Filter Include="Header Files\mods\core">
      <UniqueIdentifier>{89631e4a-ae77-45bb-b6a9-fc23f82f3855}</UniqueIdentifier>
      <Extensions>h;hh;hpp;hxx;hm;inl;inc;ipp;xsd</Extensions>
    </Filter>
    <Filter Include="Header Files\mods\core\include">
      <UniqueIdentifier>{3aae69bf-3629-4f9d-b8b5-32c283b2a5a0}</UniqueIdentifier>
      <Extensions>h;hh;hpp;hxx;hm;inl;inc;ipp;xsd</Extensions>
    </Filter>
  </ItemGroup>
  <ItemGroup>
    <ClInclude Include="ast.h">
      <Filter>Header Files</Filter>
    </ClInclude>
    <ClInclude Include="cstruct.h">
      <Filter>Header Files</Filter>
    </ClInclude>
    <ClInclude Include="clexer.h">
      <Filter>Header Files</Filter>
    </ClInclude>
    <ClInclude Include="dynstruct.h">
      <Filter>Header Files</Filter>
    </ClInclude>
    <ClInclude Include="pch.hpp">
      <Filter>Header Files</Filter>
    </ClInclude>
    <ClInclude Include="..\mods\gpu\tests\lwencoders\h264parser.h">
      <Filter>Header Files\video</Filter>
    </ClInclude>
    <ClInclude Include="..\mods\gpu\tests\lwencoders\h264syntax.h">
      <Filter>Header Files\video</Filter>
    </ClInclude>
    <ClInclude Include="..\mods\gpu\tests\lwencoders\h265parser.h">
      <Filter>Header Files\video</Filter>
    </ClInclude>
    <ClInclude Include="..\mods\gpu\tests\lwencoders\h265syntax.h">
      <Filter>Header Files\video</Filter>
    </ClInclude>
    <ClInclude Include="..\mods\core\include\utility.h">
      <Filter>Header Files\mods\core\include</Filter>
    </ClInclude>
  </ItemGroup>
  <ItemGroup>
    <ClCompile Include="lwenlwtil.cpp">
      <Filter>Source Files</Filter>
    </ClCompile>
    <ClCompile Include="pch.cpp">
      <Filter>Source Files</Filter>
    </ClCompile>
    <ClCompile Include="clexer.cpp">
      <Filter>Source Files</Filter>
    </ClCompile>
    <ClCompile Include="..\mods\gpu\tests\lwencoders\h264parser.cpp">
      <Filter>Source Files\video</Filter>
    </ClCompile>
    <ClCompile Include="..\mods\gpu\tests\lwencoders\h264syntax.cpp">
      <Filter>Source Files\video</Filter>
    </ClCompile>
    <ClCompile Include="..\mods\gpu\tests\lwencoders\h265parser.cpp">
      <Filter>Source Files\video</Filter>
    </ClCompile>
    <ClCompile Include="..\mods\gpu\tests\lwencoders\h265syntax.cpp">
      <Filter>Source Files\video</Filter>
    </ClCompile>
  </ItemGroup>
  <ItemGroup>
    <Natvis Include="BoostOptional.natvis" />
    <Natvis Include="BoostIteratorRange.natvis" />
    <Natvis Include="BoostMultiArray.natvis" />
    <Natvis Include="BoostVariant.natvis" />
    <Natvis Include="BoostVariantOverSequence.natvis" />
  </ItemGroup>
</Project>