<?xml version="1.0" encoding="utf-8"?>
<Project ToolsVersion="4.0" xmlns="http://schemas.microsoft.com/developer/msbuild/2003">
  <ItemGroup>
    <Filter Include="Source Files">
      <UniqueIdentifier>{67f7a2e5-7e77-40f0-8cb2-37e6e6cd28fe}</UniqueIdentifier>
      <Extensions>cpp;c;cxx;rc;def;r;odl;idl;hpj;bat</Extensions>
    </Filter>
    <Filter Include="Source Files\analyze">
      <UniqueIdentifier>{04e9cc6c-34b6-4ed8-a130-49efd2ea17b6}</UniqueIdentifier>
    </Filter>
    <Filter Include="Source Files\bsd">
      <UniqueIdentifier>{ea2ee55b-007b-4b0c-8365-7e3d674c7fc6}</UniqueIdentifier>
    </Filter>
    <Filter Include="Source Files\commands">
      <UniqueIdentifier>{f02d3511-3e2b-4fd9-a2af-e2bd62045e23}</UniqueIdentifier>
    </Filter>
    <Filter Include="Source Files\debugger">
      <UniqueIdentifier>{0cccbaa2-cb83-4f34-98ce-f719d74c0b25}</UniqueIdentifier>
    </Filter>
    <Filter Include="Source Files\gnu">
      <UniqueIdentifier>{f16c2a52-4c28-4852-bdc5-e3721e3d503a}</UniqueIdentifier>
    </Filter>
    <Filter Include="Source Files\include">
      <UniqueIdentifier>{9f057adb-13bf-4a6d-a31e-072b8cdad416}</UniqueIdentifier>
    </Filter>
    <Filter Include="Source Files\misc">
      <UniqueIdentifier>{0cd1c7dd-6aad-48ee-91b8-17bc677452d6}</UniqueIdentifier>
    </Filter>
    <Filter Include="Source Files\oca">
      <UniqueIdentifier>{93e86792-4857-40ef-b0d9-f10fc480a2d4}</UniqueIdentifier>
    </Filter>
    <Filter Include="Source Files\os">
      <UniqueIdentifier>{a611e9ef-df47-47e8-8306-519ba96c2092}</UniqueIdentifier>
    </Filter>
    <Filter Include="Source Files\parse">
      <UniqueIdentifier>{1f5ca0d0-716b-477b-8d9b-7be2a584892d}</UniqueIdentifier>
    </Filter>
    <Filter Include="Source Files\source">
      <UniqueIdentifier>{54a4cc25-7f5b-47ee-a681-9e6bec28d8bc}</UniqueIdentifier>
    </Filter>
    <Filter Include="Source Files\string">
      <UniqueIdentifier>{5f75f190-15b3-4bd6-8760-8dc0819593cb}</UniqueIdentifier>
    </Filter>
    <Filter Include="Source Files\symbol">
      <UniqueIdentifier>{74435105-d26b-4498-b759-6d57acc5f11c}</UniqueIdentifier>
    </Filter>
    <Filter Include="Source Files\protobuf">
      <UniqueIdentifier>{07597090-95fe-42a7-b916-632e70e627a6}</UniqueIdentifier>
    </Filter>
    <Filter Include="Source Files\protobuf\lib">
      <UniqueIdentifier>{4ba661af-9d70-4b44-acde-799bc2a83e08}</UniqueIdentifier>
    </Filter>
    <Filter Include="Source Files\protobuf\definitions">
      <UniqueIdentifier>{8df1e916-3d58-4aa8-98f5-8c8bd29ef8c6}</UniqueIdentifier>
    </Filter>
  </ItemGroup>
  <ItemGroup>
    <None Include="makefile.lwmk">
      <Filter>Source Files</Filter>
    </None>
    <None Include="lwbucket.alz">
      <Filter>Source Files</Filter>
    </None>
    <None Include="lwbucket.def">
      <Filter>Source Files</Filter>
    </None>
    <None Include="bsd\engine.ih">
      <Filter>Source Files\bsd</Filter>
    </None>
    <None Include="bsd\regcomp.ih">
      <Filter>Source Files\bsd</Filter>
    </None>
    <None Include="bsd\regerror.ih">
      <Filter>Source Files\bsd</Filter>
    </None>
    <None Include="protobuf\definitions\all_dcl.proto">
      <Filter>Source Files\protobuf\definitions</Filter>
    </None>
    <None Include="protobuf\definitions\bsp.proto">
      <Filter>Source Files\protobuf\definitions</Filter>
    </None>
    <None Include="protobuf\definitions\deps.mk">
      <Filter>Source Files\protobuf\definitions</Filter>
    </None>
    <None Include="protobuf\definitions\dplib.proto">
      <Filter>Source Files\protobuf\definitions</Filter>
    </None>
    <None Include="protobuf\definitions\fcln.proto">
      <Filter>Source Files\protobuf\definitions</Filter>
    </None>
    <None Include="protobuf\definitions\fifo.proto">
      <Filter>Source Files\protobuf\definitions</Filter>
    </None>
    <None Include="protobuf\definitions\gr.proto">
      <Filter>Source Files\protobuf\definitions</Filter>
    </None>
    <None Include="protobuf\definitions\journal.proto">
      <Filter>Source Files\protobuf\definitions</Filter>
    </None>
    <None Include="protobuf\definitions\mc.proto">
      <Filter>Source Files\protobuf\definitions</Filter>
    </None>
    <None Include="protobuf\definitions\notifier.proto">
      <Filter>Source Files\protobuf\definitions</Filter>
    </None>
    <None Include="protobuf\definitions\lw4_fifo.proto">
      <Filter>Source Files\protobuf\definitions</Filter>
    </None>
    <None Include="protobuf\definitions\lwdebug.proto">
      <Filter>Source Files\protobuf\definitions</Filter>
    </None>
    <None Include="protobuf\definitions\lwlog.proto">
      <Filter>Source Files\protobuf\definitions</Filter>
    </None>
    <None Include="protobuf\definitions\perf.proto">
      <Filter>Source Files\protobuf\definitions</Filter>
    </None>
    <None Include="protobuf\definitions\pmu.proto">
      <Filter>Source Files\protobuf\definitions</Filter>
    </None>
    <None Include="protobuf\definitions\rc.proto">
      <Filter>Source Files\protobuf\definitions</Filter>
    </None>
    <None Include="protobuf\definitions\regs.proto">
      <Filter>Source Files\protobuf\definitions</Filter>
    </None>
    <None Include="protobuf\definitions\rtos.proto">
      <Filter>Source Files\protobuf\definitions</Filter>
    </None>
    <None Include="protobuf\definitions\smu.proto">
      <Filter>Source Files\protobuf\definitions</Filter>
    </None>
    <None Include="protobuf\definitions\vbios.proto">
      <Filter>Source Files\protobuf\definitions</Filter>
    </None>
    <None Include="protobuf\definitions\vp.proto">
      <Filter>Source Files\protobuf\definitions</Filter>
    </None>
  </ItemGroup>
  <ItemGroup>
    <ResourceCompile Include="lwbucket.rc">
      <Filter>Source Files</Filter>
    </ResourceCompile>
  </ItemGroup>
  <ItemGroup>
    <ClCompile Include="precomp.cpp">
      <Filter>Source Files</Filter>
    </ClCompile>
    <ClCompile Include="analyze\analyze.cpp">
      <Filter>Source Files\analyze</Filter>
    </ClCompile>
    <ClCompile Include="analyze\analyzekmd.cpp">
      <Filter>Source Files\analyze</Filter>
    </ClCompile>
    <ClCompile Include="analyze\analyzerm.cpp">
      <Filter>Source Files\analyze</Filter>
    </ClCompile>
    <ClCompile Include="bsd\engine.cpp">
      <Filter>Source Files\bsd</Filter>
    </ClCompile>
    <ClCompile Include="bsd\getopt.cpp">
      <Filter>Source Files\bsd</Filter>
    </ClCompile>
    <ClCompile Include="bsd\regcomp.cpp">
      <Filter>Source Files\bsd</Filter>
    </ClCompile>
    <ClCompile Include="bsd\regerror.cpp">
      <Filter>Source Files\bsd</Filter>
    </ClCompile>
    <ClCompile Include="bsd\regexec.cpp">
      <Filter>Source Files\bsd</Filter>
    </ClCompile>
    <ClCompile Include="bsd\regfree.cpp">
      <Filter>Source Files\bsd</Filter>
    </ClCompile>
    <ClCompile Include="commands\command.cpp">
      <Filter>Source Files\commands</Filter>
    </ClCompile>
    <ClCompile Include="commands\help.cpp">
      <Filter>Source Files\commands</Filter>
    </ClCompile>
    <ClCompile Include="commands\version.cpp">
      <Filter>Source Files\commands</Filter>
    </ClCompile>
    <ClCompile Include="debugger\dbgadvanced.cpp">
      <Filter>Source Files\debugger</Filter>
    </ClCompile>
    <ClCompile Include="debugger\dbgbreakpoint.cpp">
      <Filter>Source Files\debugger</Filter>
    </ClCompile>
    <ClCompile Include="debugger\dbgclient.cpp">
      <Filter>Source Files\debugger</Filter>
    </ClCompile>
    <ClCompile Include="debugger\dbgcontrol.cpp">
      <Filter>Source Files\debugger</Filter>
    </ClCompile>
    <ClCompile Include="debugger\dbgdataspaces.cpp">
      <Filter>Source Files\debugger</Filter>
    </ClCompile>
    <ClCompile Include="debugger\dbgevent.cpp">
      <Filter>Source Files\debugger</Filter>
    </ClCompile>
    <ClCompile Include="debugger\dbghook.cpp">
      <Filter>Source Files\debugger</Filter>
    </ClCompile>
    <ClCompile Include="debugger\dbginput.cpp">
      <Filter>Source Files\debugger</Filter>
    </ClCompile>
    <ClCompile Include="debugger\dbginterface.cpp">
      <Filter>Source Files\debugger</Filter>
    </ClCompile>
    <ClCompile Include="debugger\dbgoutput.cpp">
      <Filter>Source Files\debugger</Filter>
    </ClCompile>
    <ClCompile Include="debugger\dbgregisters.cpp">
      <Filter>Source Files\debugger</Filter>
    </ClCompile>
    <ClCompile Include="debugger\dbgsymbolgroup.cpp">
      <Filter>Source Files\debugger</Filter>
    </ClCompile>
    <ClCompile Include="debugger\dbgsymbols.cpp">
      <Filter>Source Files\debugger</Filter>
    </ClCompile>
    <ClCompile Include="debugger\dbgsystemobjects.cpp">
      <Filter>Source Files\debugger</Filter>
    </ClCompile>
    <ClCompile Include="gnu\getopt.cpp">
      <Filter>Source Files\gnu</Filter>
    </ClCompile>
    <ClCompile Include="gnu\regcomp.cpp">
      <Filter>Source Files\gnu</Filter>
    </ClCompile>
    <ClCompile Include="gnu\regex.cpp">
      <Filter>Source Files\gnu</Filter>
    </ClCompile>
    <ClCompile Include="gnu\regex_internal.cpp">
      <Filter>Source Files\gnu</Filter>
    </ClCompile>
    <ClCompile Include="gnu\regexec.cpp">
      <Filter>Source Files\gnu</Filter>
    </ClCompile>
    <ClCompile Include="misc\helper.cpp">
      <Filter>Source Files\misc</Filter>
    </ClCompile>
    <ClCompile Include="misc\logging.cpp">
      <Filter>Source Files\misc</Filter>
    </ClCompile>
    <ClCompile Include="misc\sort.cpp">
      <Filter>Source Files\misc</Filter>
    </ClCompile>
    <ClCompile Include="oca\oca.cpp">
      <Filter>Source Files\oca</Filter>
    </ClCompile>
    <ClCompile Include="oca\ocadrv.cpp">
      <Filter>Source Files\oca</Filter>
    </ClCompile>
    <ClCompile Include="oca\ocarc.cpp">
      <Filter>Source Files\oca</Filter>
    </ClCompile>
    <ClCompile Include="oca\ocarm.cpp">
      <Filter>Source Files\oca</Filter>
    </ClCompile>
    <ClCompile Include="oca\ocasys.cpp">
      <Filter>Source Files\oca</Filter>
    </ClCompile>
    <ClCompile Include="oca\ocatdr.cpp">
      <Filter>Source Files\oca</Filter>
    </ClCompile>
    <ClCompile Include="os\osdispatcher.cpp">
      <Filter>Source Files\os</Filter>
    </ClCompile>
    <ClCompile Include="os\osguid.cpp">
      <Filter>Source Files\os</Filter>
    </ClCompile>
    <ClCompile Include="os\osheader.cpp">
      <Filter>Source Files\os</Filter>
    </ClCompile>
    <ClCompile Include="os\oslist.cpp">
      <Filter>Source Files\os</Filter>
    </ClCompile>
    <ClCompile Include="os\osmdl.cpp">
      <Filter>Source Files\os</Filter>
    </ClCompile>
    <ClCompile Include="os\osprocess.cpp">
      <Filter>Source Files\os</Filter>
    </ClCompile>
    <ClCompile Include="os\ossession.cpp">
      <Filter>Source Files\os</Filter>
    </ClCompile>
    <ClCompile Include="os\osthread.cpp">
      <Filter>Source Files\os</Filter>
    </ClCompile>
    <ClCompile Include="parse\expression.cpp">
      <Filter>Source Files\parse</Filter>
    </ClCompile>
    <ClCompile Include="parse\option.cpp">
      <Filter>Source Files\parse</Filter>
    </ClCompile>
    <ClCompile Include="parse\parse.cpp">
      <Filter>Source Files\parse</Filter>
    </ClCompile>
    <ClCompile Include="source\annotation.cpp">
      <Filter>Source Files\source</Filter>
    </ClCompile>
    <ClCompile Include="source\dml.cpp">
      <Filter>Source Files\source</Filter>
    </ClCompile>
    <ClCompile Include="source\event.cpp">
      <Filter>Source Files\source</Filter>
    </ClCompile>
    <ClCompile Include="source\exception.cpp">
      <Filter>Source Files\source</Filter>
    </ClCompile>
    <ClCompile Include="source\input.cpp">
      <Filter>Source Files\source</Filter>
    </ClCompile>
    <ClCompile Include="source\memory.cpp">
      <Filter>Source Files\source</Filter>
    </ClCompile>
    <ClCompile Include="source\module.cpp">
      <Filter>Source Files\source</Filter>
    </ClCompile>
    <ClCompile Include="source\lwbucket.cpp">
      <Filter>Source Files\source</Filter>
    </ClCompile>
    <ClCompile Include="source\output.cpp">
      <Filter>Source Files\source</Filter>
    </ClCompile>
    <ClCompile Include="string\string.cpp">
      <Filter>Source Files\string</Filter>
    </ClCompile>
    <ClCompile Include="symbol\symdbghelp.cpp">
      <Filter>Source Files\symbol</Filter>
    </ClCompile>
    <ClCompile Include="symbol\symevent.cpp">
      <Filter>Source Files\symbol</Filter>
    </ClCompile>
    <ClCompile Include="symbol\symhandler.cpp">
      <Filter>Source Files\symbol</Filter>
    </ClCompile>
    <ClCompile Include="symbol\symhook.cpp">
      <Filter>Source Files\symbol</Filter>
    </ClCompile>
    <ClCompile Include="symbol\symmodule.cpp">
      <Filter>Source Files\symbol</Filter>
    </ClCompile>
    <ClCompile Include="symbol\symprocess.cpp">
      <Filter>Source Files\symbol</Filter>
    </ClCompile>
    <ClCompile Include="symbol\symsession.cpp">
      <Filter>Source Files\symbol</Filter>
    </ClCompile>
    <ClCompile Include="protobuf\prbdec.cpp">
      <Filter>Source Files\protobuf\lib</Filter>
    </ClCompile>
  </ItemGroup>
  <ItemGroup>
    <ClInclude Include="precomp.h">
      <Filter>Source Files</Filter>
    </ClInclude>
    <ClInclude Include="rc.h">
      <Filter>Source Files</Filter>
    </ClInclude>
    <ClInclude Include="analyze\analyze.h">
      <Filter>Source Files\analyze</Filter>
    </ClInclude>
    <ClInclude Include="analyze\analyzekmd.h">
      <Filter>Source Files\analyze</Filter>
    </ClInclude>
    <ClInclude Include="analyze\analyzerm.h">
      <Filter>Source Files\analyze</Filter>
    </ClInclude>
    <ClInclude Include="bsd\cclass.h">
      <Filter>Source Files\bsd</Filter>
    </ClInclude>
    <ClInclude Include="bsd\cname.h">
      <Filter>Source Files\bsd</Filter>
    </ClInclude>
    <ClInclude Include="bsd\getopt.h">
      <Filter>Source Files\bsd</Filter>
    </ClInclude>
    <ClInclude Include="bsd\regex.h">
      <Filter>Source Files\bsd</Filter>
    </ClInclude>
    <ClInclude Include="bsd\regex2.h">
      <Filter>Source Files\bsd</Filter>
    </ClInclude>
    <ClInclude Include="bsd\utils.h">
      <Filter>Source Files\bsd</Filter>
    </ClInclude>
    <ClInclude Include="commands\command.h">
      <Filter>Source Files\commands</Filter>
    </ClInclude>
    <ClInclude Include="commands\help.h">
      <Filter>Source Files\commands</Filter>
    </ClInclude>
    <ClInclude Include="commands\version.h">
      <Filter>Source Files\commands</Filter>
    </ClInclude>
    <ClInclude Include="debugger\dbgadvanced.h">
      <Filter>Source Files\debugger</Filter>
    </ClInclude>
    <ClInclude Include="debugger\dbgbreakpoint.h">
      <Filter>Source Files\debugger</Filter>
    </ClInclude>
    <ClInclude Include="debugger\dbgclient.h">
      <Filter>Source Files\debugger</Filter>
    </ClInclude>
    <ClInclude Include="debugger\dbgcontrol.h">
      <Filter>Source Files\debugger</Filter>
    </ClInclude>
    <ClInclude Include="debugger\dbgdataspaces.h">
      <Filter>Source Files\debugger</Filter>
    </ClInclude>
    <ClInclude Include="debugger\dbgevent.h">
      <Filter>Source Files\debugger</Filter>
    </ClInclude>
    <ClInclude Include="debugger\dbghook.h">
      <Filter>Source Files\debugger</Filter>
    </ClInclude>
    <ClInclude Include="debugger\dbginput.h">
      <Filter>Source Files\debugger</Filter>
    </ClInclude>
    <ClInclude Include="debugger\dbginterface.h">
      <Filter>Source Files\debugger</Filter>
    </ClInclude>
    <ClInclude Include="debugger\dbgoutput.h">
      <Filter>Source Files\debugger</Filter>
    </ClInclude>
    <ClInclude Include="debugger\dbgregisters.h">
      <Filter>Source Files\debugger</Filter>
    </ClInclude>
    <ClInclude Include="debugger\dbgsymbolgroup.h">
      <Filter>Source Files\debugger</Filter>
    </ClInclude>
    <ClInclude Include="debugger\dbgsymbols.h">
      <Filter>Source Files\debugger</Filter>
    </ClInclude>
    <ClInclude Include="debugger\dbgsystemobjects.h">
      <Filter>Source Files\debugger</Filter>
    </ClInclude>
    <ClInclude Include="gnu\getopt.h">
      <Filter>Source Files\gnu</Filter>
    </ClInclude>
    <ClInclude Include="gnu\re_comp.h">
      <Filter>Source Files\gnu</Filter>
    </ClInclude>
    <ClInclude Include="gnu\regex.h">
      <Filter>Source Files\gnu</Filter>
    </ClInclude>
    <ClInclude Include="gnu\regex_internal.h">
      <Filter>Source Files\gnu</Filter>
    </ClInclude>
    <ClInclude Include="include\annotation.h">
      <Filter>Source Files\include</Filter>
    </ClInclude>
    <ClInclude Include="include\bsdname.h">
      <Filter>Source Files\include</Filter>
    </ClInclude>
    <ClInclude Include="include\dbgname.h">
      <Filter>Source Files\include</Filter>
    </ClInclude>
    <ClInclude Include="include\dml.h">
      <Filter>Source Files\include</Filter>
    </ClInclude>
    <ClInclude Include="include\error.h">
      <Filter>Source Files\include</Filter>
    </ClInclude>
    <ClInclude Include="include\event.h">
      <Filter>Source Files\include</Filter>
    </ClInclude>
    <ClInclude Include="include\exception.h">
      <Filter>Source Files\include</Filter>
    </ClInclude>
    <ClInclude Include="include\extension.h">
      <Filter>Source Files\include</Filter>
    </ClInclude>
    <ClInclude Include="include\gnuname.h">
      <Filter>Source Files\include</Filter>
    </ClInclude>
    <ClInclude Include="include\input.h">
      <Filter>Source Files\include</Filter>
    </ClInclude>
    <ClInclude Include="include\memory.h">
      <Filter>Source Files\include</Filter>
    </ClInclude>
    <ClInclude Include="include\module.h">
      <Filter>Source Files\include</Filter>
    </ClInclude>
    <ClInclude Include="include\lwbucket.h">
      <Filter>Source Files\include</Filter>
    </ClInclude>
    <ClInclude Include="include\osname.h">
      <Filter>Source Files\include</Filter>
    </ClInclude>
    <ClInclude Include="include\output.h">
      <Filter>Source Files\include</Filter>
    </ClInclude>
    <ClInclude Include="include\pointer.h">
      <Filter>Source Files\include</Filter>
    </ClInclude>
    <ClInclude Include="include\smartptr.h">
      <Filter>Source Files\include</Filter>
    </ClInclude>
    <ClInclude Include="include\symname.h">
      <Filter>Source Files\include</Filter>
    </ClInclude>
    <ClInclude Include="include\types.h">
      <Filter>Source Files\include</Filter>
    </ClInclude>
    <ClInclude Include="misc\helper.h">
      <Filter>Source Files\misc</Filter>
    </ClInclude>
    <ClInclude Include="misc\logging.h">
      <Filter>Source Files\misc</Filter>
    </ClInclude>
    <ClInclude Include="misc\sort.h">
      <Filter>Source Files\misc</Filter>
    </ClInclude>
    <ClInclude Include="oca\oca.h">
      <Filter>Source Files\oca</Filter>
    </ClInclude>
    <ClInclude Include="oca\ocadrv.h">
      <Filter>Source Files\oca</Filter>
    </ClInclude>
    <ClInclude Include="oca\ocarc.h">
      <Filter>Source Files\oca</Filter>
    </ClInclude>
    <ClInclude Include="oca\ocarm.h">
      <Filter>Source Files\oca</Filter>
    </ClInclude>
    <ClInclude Include="oca\ocasys.h">
      <Filter>Source Files\oca</Filter>
    </ClInclude>
    <ClInclude Include="oca\ocatdr.h">
      <Filter>Source Files\oca</Filter>
    </ClInclude>
    <ClInclude Include="oca\ocatypes.h">
      <Filter>Source Files\oca</Filter>
    </ClInclude>
    <ClInclude Include="os\osdispatcher.h">
      <Filter>Source Files\os</Filter>
    </ClInclude>
    <ClInclude Include="os\osguid.h">
      <Filter>Source Files\os</Filter>
    </ClInclude>
    <ClInclude Include="os\osheader.h">
      <Filter>Source Files\os</Filter>
    </ClInclude>
    <ClInclude Include="os\oslist.h">
      <Filter>Source Files\os</Filter>
    </ClInclude>
    <ClInclude Include="os\osmdl.h">
      <Filter>Source Files\os</Filter>
    </ClInclude>
    <ClInclude Include="os\osprocess.h">
      <Filter>Source Files\os</Filter>
    </ClInclude>
    <ClInclude Include="os\ossession.h">
      <Filter>Source Files\os</Filter>
    </ClInclude>
    <ClInclude Include="os\osthread.h">
      <Filter>Source Files\os</Filter>
    </ClInclude>
    <ClInclude Include="os\ostypes.h">
      <Filter>Source Files\os</Filter>
    </ClInclude>
    <ClInclude Include="parse\expression.h">
      <Filter>Source Files\parse</Filter>
    </ClInclude>
    <ClInclude Include="parse\option.h">
      <Filter>Source Files\parse</Filter>
    </ClInclude>
    <ClInclude Include="parse\parse.h">
      <Filter>Source Files\parse</Filter>
    </ClInclude>
    <ClInclude Include="string\string.h">
      <Filter>Source Files\string</Filter>
    </ClInclude>
    <ClInclude Include="symbol\symconst.h">
      <Filter>Source Files\symbol</Filter>
    </ClInclude>
    <ClInclude Include="symbol\symdbghelp.h">
      <Filter>Source Files\symbol</Filter>
    </ClInclude>
    <ClInclude Include="symbol\symevent.h">
      <Filter>Source Files\symbol</Filter>
    </ClInclude>
    <ClInclude Include="symbol\symhandler.h">
      <Filter>Source Files\symbol</Filter>
    </ClInclude>
    <ClInclude Include="symbol\symhook.h">
      <Filter>Source Files\symbol</Filter>
    </ClInclude>
    <ClInclude Include="symbol\symmodule.h">
      <Filter>Source Files\symbol</Filter>
    </ClInclude>
    <ClInclude Include="symbol\symprocess.h">
      <Filter>Source Files\symbol</Filter>
    </ClInclude>
    <ClInclude Include="symbol\symsession.h">
      <Filter>Source Files\symbol</Filter>
    </ClInclude>
    <ClInclude Include="symbol\symtypes.h">
      <Filter>Source Files\symbol</Filter>
    </ClInclude>
    <ClInclude Include="protobuf\lwdcommon.h">
      <Filter>Source Files\protobuf\lib</Filter>
    </ClInclude>
    <ClInclude Include="protobuf\prbdec.h">
      <Filter>Source Files\protobuf\lib</Filter>
    </ClInclude>
    <ClInclude Include="protobuf\prbrt.h">
      <Filter>Source Files\protobuf\lib</Filter>
    </ClInclude>
    <ClInclude Include="analyze\analyzehelper.h">
      <Filter>Source Files\analyze</Filter>
    </ClInclude>
  </ItemGroup>
</Project>