Microsoft Visual Studio Solution File, Format Version 12.00
# Visual Studio 15
VisualStudioVersion = 15.0.26206.0
MinimumVisualStudioVersion = 10.0.40219.1
Project("{8BC9CEB8-8B4A-11D0-8D11-00A0C91BC942}") = "CycleStatsConsole", "CycleStatsConsole.vcxproj", "{7992F603-1959-463B-AFA8-49C63D0C1AFE}"
EndProject
Global
	GlobalSection(SolutionConfigurationPlatforms) = preSolution
		Debug|Win32 = Debug|Win32
		Release|Win32 = Release|Win32
	EndGlobalSection
	GlobalSection(ProjectConfigurationPlatforms) = postSolution
		{7992F603-1959-463B-AFA8-49C63D0C1AFE}.Debug|Win32.ActiveCfg = Debug|Win32
		{7992F603-1959-463B-AFA8-49C63D0C1AFE}.Debug|Win32.Build.0 = Debug|Win32
		{7992F603-1959-463B-AFA8-49C63D0C1AFE}.Release|Win32.ActiveCfg = Release|Win32
		{7992F603-1959-463B-AFA8-49C63D0C1AFE}.Release|Win32.Build.0 = Release|Win32
	EndGlobalSection
	GlobalSection(SolutionProperties) = preSolution
		HideSolutionNode = FALSE
	EndGlobalSection
EndGlobal
