<?xml version="1.0" encoding="utf-8"?>
<Project ToolsVersion="4.0" xmlns="http://schemas.microsoft.com/developer/msbuild/2003">
  <ItemGroup>
    <ClCompile Include="package-links\ansel-common-tools\util-err.cpp" />
    <ClCompile Include="package-links\ansel-common-tools\util-log.cpp" />
    <ClCompile Include="package-links\ansel-common-tools\util-str.cpp" />
    <ClCompile Include="source\AnselControlSDKState.cpp" />
    <ClCompile Include="source\AnselInput.cpp" />
    <ClCompile Include="source\AnselInterface.cpp" />
    <ClCompile Include="source\AnselPreset.cpp" />
    <ClCompile Include="source\AnselSDKState.cpp" />
    <ClCompile Include="source\AnselServer.cpp" />
    <ClCompile Include="source\AnselTelemetryGeneratedCode.cpp" />
    <ClCompile Include="source\DebugRenderer.cpp" />
    <ClCompile Include="source\drs\LwDrsWrapper.cpp" />
    <ClCompile Include="source\ErrorReporting.cpp" />
    <ClCompile Include="source\filterspecific\HashedFiles.cpp" />
    <ClCompile Include="source\frameworks\lwbin\ngx_lwbin_d3d11.cpp" />
    <ClCompile Include="source\frameworks\lwbin\ngx_lwbin_generic.cpp" />
    <ClCompile Include="source\i18n\LocalizedStringHelper.cpp" />
    <ClCompile Include="source\InputHandler.cpp" />
    <ClCompile Include="source\ipc\AnselIPC.cpp" />
    <ClCompile Include="source\ipc\MessageBusSelwre.cpp" />
    <ClCompile Include="source\ipc\PBIPCWrapper.cpp" />
    <ClCompile Include="source\ipc\PBMessageBusWrapper.cpp" />
    <ClCompile Include="source\ipc\UIIPC.cpp" />
    <ClCompile Include="source\LocalizedFilterNames.cpp" />
    <ClCompile Include="source\NetworkDetection.cpp" />
    <ClCompile Include="source\lwselwreloadlibrary\lwSelwreLoadLibrary.c" />
    <ClCompile Include="source\OnInstall.cpp" />
    <ClCompile Include="source\OverlayDetection.cpp" />
    <ClCompile Include="source\ProfilingBasic.cpp" />
    <ClCompile Include="source\ProfilingTelemetry.cpp" />
    <ClCompile Include="source\RegistrySettings.cpp" />
    <ClCompile Include="source\RenderBuffer.cpp" />
    <ClCompile Include="source\RenderBufferColwert.cpp" />
    <ClCompile Include="source\sideload\SideloadHandler.cpp" />
    <ClCompile Include="source\Timer.cpp" />
    <ClCompile Include="source\UI.cpp" />
    <ClCompile Include="source\UI\FW1\CFW1ColorRGBA.cpp" />
    <ClCompile Include="source\UI\FW1\CFW1ColorRGBAInterface.cpp" />
    <ClCompile Include="source\UI\FW1\CFW1DWriteRenderTarget.cpp" />
    <ClCompile Include="source\UI\FW1\CFW1DWriteRenderTargetInterface.cpp" />
    <ClCompile Include="source\UI\FW1\CFW1Factory.cpp" />
    <ClCompile Include="source\UI\FW1\CFW1FactoryInterface.cpp" />
    <ClCompile Include="source\UI\FW1\CFW1FontWrapper.cpp" />
    <ClCompile Include="source\UI\FW1\CFW1FontWrapperInterface.cpp" />
    <ClCompile Include="source\UI\FW1\CFW1GlyphAtlas.cpp" />
    <ClCompile Include="source\UI\FW1\CFW1GlyphAtlasInterface.cpp" />
    <ClCompile Include="source\UI\FW1\CFW1GlyphProvider.cpp" />
    <ClCompile Include="source\UI\FW1\CFW1GlyphProviderInterface.cpp" />
    <ClCompile Include="source\UI\FW1\CFW1GlyphRenderStates.cpp" />
    <ClCompile Include="source\UI\FW1\CFW1GlyphRenderStatesInterface.cpp" />
    <ClCompile Include="source\UI\FW1\CFW1GlyphSheet.cpp" />
    <ClCompile Include="source\UI\FW1\CFW1GlyphSheetInterface.cpp" />
    <ClCompile Include="source\UI\FW1\CFW1GlyphVertexDrawer.cpp" />
    <ClCompile Include="source\UI\FW1\CFW1GlyphVertexDrawerInterface.cpp" />
    <ClCompile Include="source\UI\FW1\CFW1StateSaver.cpp" />
    <ClCompile Include="source\UI\FW1\CFW1TextGeometry.cpp" />
    <ClCompile Include="source\UI\FW1\CFW1TextGeometryInterface.cpp" />
    <ClCompile Include="source\UI\FW1\CFW1TextRenderer.cpp" />
    <ClCompile Include="source\UI\FW1\CFW1TextRendererInterface.cpp" />
    <ClCompile Include="source\UI\FW1\FW1FontWrapper.cpp" />
    <ClCompile Include="source\UI\FW1\FW1Precompiled.cpp" />
    <ClCompile Include="source\PhotoShopUtils.cpp" />
    <ClCompile Include="source\CommonTools.cpp" />
    <ClCompile Include="source\BufferTestingOptionsFilter.cpp" />
    <ClCompile Include="source\DenylistParser.cpp" />
    <ClCompile Include="source\PhotoShopImportDoc.cpp" />
  </ItemGroup>
  <ItemGroup>
    <ClInclude Include="..\externals\TOML\toml.h" />
    <ClInclude Include="include\OnInstall.h" />
    <ClInclude Include="source\AnselControlSDKState.h" />
    <ClInclude Include="source\AnselInput.h" />
    <ClInclude Include="source\AnselPreset.h" />
    <ClInclude Include="source\AnselSDKState.h" />
    <ClInclude Include="source\AnselServer.h" />
    <ClInclude Include="source\AnselTelemetryGeneratedCode.h" />
    <ClInclude Include="source\CommandProcessor.h" />
    <ClInclude Include="source\CommonStructs.h" />
    <ClInclude Include="source\CommonTools.h" />
    <ClInclude Include="source\Config.h" />
    <ClInclude Include="source\copyPS.h" />
    <ClInclude Include="source\DebugRenderer.h" />
    <ClInclude Include="source\drawTriangleVS.h" />
    <ClInclude Include="source\drs\LwDrsWrapper.h" />
    <ClInclude Include="source\ErrorReporting.h" />
    <ClInclude Include="source\filterspecific\HardcodedFiles.h" />
    <ClInclude Include="source\frameworks\lwbin\ngx_lwbin.h" />
    <ClInclude Include="source\frameworks\lwbin\ngx_lwbin_d3d11.h" />
    <ClInclude Include="source\frameworks\lwbin\ngx_lwbin_generic.h" />
    <ClInclude Include="source\Hash.h" />
    <ClInclude Include="source\i18n\LocalizedStringHelper.h" />
    <ClInclude Include="source\InputHandler.h" />
    <ClInclude Include="source\ipc\AnselIPC.h" />
    <ClInclude Include="source\ipc\UIIPC.h" />
    <ClInclude Include="source\LocalizedFilterNames.h" />
    <ClInclude Include="source\NetworkDetection.h" />
    <ClInclude Include="source\OverlayDetection.h" />
    <ClInclude Include="source\Profiling.h" />
    <ClInclude Include="source\ProfilingBasic.h" />
    <ClInclude Include="source\ProfilingTelemetry.h" />
    <ClInclude Include="source\RenderBuffer.h" />
    <ClInclude Include="source\RenderBufferColwert.h" />
    <ClInclude Include="source\resource.h" />
    <ClInclude Include="source\ShaderModCore.h" />
    <ClInclude Include="source\ShaderModMultiPass.h" />
    <ClInclude Include="source\sideload\SideloadHandler.h" />
    <ClInclude Include="source\UI.h" />
    <ClInclude Include="source\UIBase.h" />
    <ClInclude Include="source\ui\classes.h" />
    <ClInclude Include="source\ui\common.h" />
    <ClInclude Include="source\ui\elements.h" />
    <ClInclude Include="source\BufferTestingOptionsFilter.h" />
    <ClInclude Include="source\EffectsInfo.h" />
    <ClInclude Include="source\PhotoShopUtils.h" />
    <ClInclude Include="source\drs\LwDrsDefines.h" />
    <ClInclude Include="source\PhotoShopImportDoc.h" />
  </ItemGroup>
  <ItemGroup>
    <LwstomBuild Include="source\shaders\fw1_glyphclip.gs" />
    <LwstomBuild Include="source\shaders\fw1_glyphempty.vs" />
    <LwstomBuild Include="source\shaders\fw1_glyphsimple.gs" />
    <LwstomBuild Include="source\shaders\fw1_pixelclip.ps" />
    <LwstomBuild Include="source\shaders\fw1_pixelsimple.ps" />
    <LwstomBuild Include="source\shaders\fw1_quadclip.vs" />
    <LwstomBuild Include="source\shaders\fw1_quadsimple.vs" />
    <LwstomBuild Include="source\shaders\grideffect.ps" />
    <LwstomBuild Include="source\shaders\passthrough.ps" />
    <LwstomBuild Include="source\shaders\passthrough.vs" />
    <LwstomBuild Include="source\shaders\standaloneui_base.ps" />
    <LwstomBuild Include="source\shaders\standaloneui_base.vs" />
    <LwstomBuild Include="source\shaders\standaloneui_text.ps" />
  </ItemGroup>
  <ItemGroup>
    <ResourceCompile Include="source\i18n\text.de-DE.rc" />
    <ResourceCompile Include="source\i18n\text.en-US.rc" />
    <ResourceCompile Include="source\i18n\text.es-ES.rc" />
    <ResourceCompile Include="source\i18n\text.es-MX.rc" />
    <ResourceCompile Include="source\i18n\text.fr-FR.rc" />
    <ResourceCompile Include="source\i18n\text.it-IT.rc" />
    <ResourceCompile Include="source\i18n\text.ja-JP.rc" />
    <ResourceCompile Include="source\i18n\text.ru-RU.rc" />
    <ResourceCompile Include="source\i18n\text.zh-CHS.rc" />
    <ResourceCompile Include="include\AnselVersionInfo.h" />
    <ResourceCompile Include="source\i18n\text.zh-CHT.rc" />
    <ResourceCompile Include="source\LwCamera.rc" />
  </ItemGroup>
</Project>