<?xml version="1.0" encoding="utf-8"?>
<Project ToolsVersion="4.0" xmlns="http://schemas.microsoft.com/developer/msbuild/2003">
  <ItemGroup>
    <Filter Include="Source Files">
      <UniqueIdentifier>{4FC737F1-C7A5-4376-A066-2A32D752A2FF}</UniqueIdentifier>
      <Extensions>cpp;c;cc;cxx;def;odl;idl;hpj;bat;asm;asmx</Extensions>
    </Filter>
    <Filter Include="Header Files">
      <UniqueIdentifier>{93995380-89BD-4b04-88EB-625FBE52EBFB}</UniqueIdentifier>
      <Extensions>h;hh;hpp;hxx;hm;inl;inc;xsd</Extensions>
    </Filter>
    <Filter Include="Resource Files">
      <UniqueIdentifier>{67DA6AB6-F800-4c08-8B7A-83BB121AAD01}</UniqueIdentifier>
      <Extensions>rc;ico;lwr;bmp;dlg;rc2;rct;bin;rgs;gif;jpg;jpeg;jpe;resx;tiff;tif;png;wav;mfcribbon-ms</Extensions>
    </Filter>
    <Filter Include="Source Files\ir">
      <UniqueIdentifier>{061659c7-5b2e-4c13-85ac-6ce508c24296}</UniqueIdentifier>
    </Filter>
    <Filter Include="Header Files\ir">
      <UniqueIdentifier>{146f85e0-a3e4-4c37-83d2-8247d9eeac31}</UniqueIdentifier>
    </Filter>
  </ItemGroup>
  <ItemGroup>
    <ClCompile Include="source\ShaderModMultiPass.cpp">
      <Filter>Source Files</Filter>
    </ClCompile>
    <ClCompile Include="source\ir\Effect.cpp">
      <Filter>Source Files\ir</Filter>
    </ClCompile>
    <ClCompile Include="source\ir\Pass.cpp">
      <Filter>Source Files\ir</Filter>
    </ClCompile>
    <ClCompile Include="source\ir\PixelShader.cpp">
      <Filter>Source Files\ir</Filter>
    </ClCompile>
    <ClCompile Include="source\ir\ShaderHelpers.cpp">
      <Filter>Source Files\ir</Filter>
    </ClCompile>
    <ClCompile Include="source\ir\Texture.cpp">
      <Filter>Source Files\ir</Filter>
    </ClCompile>
    <ClCompile Include="source\MultipassConfigParserError.cpp">
      <Filter>Source Files</Filter>
    </ClCompile>
    <ClCompile Include="source\ir\UserConstant.cpp">
      <Filter>Source Files\ir</Filter>
    </ClCompile>
    <ClCompile Include="source\ir\UserConstantManager.cpp">
      <Filter>Source Files\ir</Filter>
    </ClCompile>
    <ClCompile Include="source\D3DCompilerHandler.cpp">
      <Filter>Source Files</Filter>
    </ClCompile>
    <ClCompile Include="source\ir\FileHelpers.cpp">
      <Filter>Source Files\ir</Filter>
    </ClCompile>
    <ClCompile Include="source\ir\BinaryColwersion.cpp">
      <Filter>Source Files\ir</Filter>
    </ClCompile>
    <ClCompile Include="source\ir\VertexShader.cpp">
      <Filter>Source Files\ir</Filter>
    </ClCompile>
    <ClCompile Include="source\D3D11CommandProcessorColwersions.cpp">
      <Filter>Source Files</Filter>
    </ClCompile>
    <ClCompile Include="source\ir\TypelessVariable.cpp">
      <Filter>Source Files\ir</Filter>
    </ClCompile>
    <ClCompile Include="source\Utils.cpp">
      <Filter>Source Files</Filter>
    </ClCompile>
    <ClCompile Include="source\HardcodedFX.cpp">
      <Filter>Source Files</Filter>
    </ClCompile>
    <ClCompile Include="source\Hash.cpp">
      <Filter>Source Files</Filter>
    </ClCompile>
  </ItemGroup>
  <ItemGroup>
    <ClInclude Include="source\drawTriangleVS.h">
      <Filter>Header Files</Filter>
    </ClInclude>
    <ClInclude Include="source\ir\BinaryColwersion.h">
      <Filter>Header Files\ir</Filter>
    </ClInclude>
    <ClInclude Include="source\ir\VertexShader.h">
      <Filter>Header Files\ir</Filter>
    </ClInclude>
    <ClInclude Include="source\ir\IRCPPHeaders.h">
      <Filter>Header Files\ir</Filter>
    </ClInclude>
    <ClInclude Include="source\ir\Constant.h">
      <Filter>Header Files\ir</Filter>
    </ClInclude>
    <ClInclude Include="source\ir\DataSource.h">
      <Filter>Header Files\ir</Filter>
    </ClInclude>
    <ClInclude Include="source\ir\Defines.h">
      <Filter>Header Files\ir</Filter>
    </ClInclude>
    <ClInclude Include="source\ir\Effect.h">
      <Filter>Header Files\ir</Filter>
    </ClInclude>
    <ClInclude Include="source\ir\FileHelpers.h">
      <Filter>Header Files\ir</Filter>
    </ClInclude>
    <ClInclude Include="source\ir\Pass.h">
      <Filter>Header Files\ir</Filter>
    </ClInclude>
    <ClInclude Include="source\ir\PixelShader.h">
      <Filter>Header Files\ir</Filter>
    </ClInclude>
    <ClInclude Include="source\ir\Sampler.h">
      <Filter>Header Files\ir</Filter>
    </ClInclude>
    <ClInclude Include="source\ir\ShaderHelpers.h">
      <Filter>Header Files\ir</Filter>
    </ClInclude>
    <ClInclude Include="source\ir\SpecializedPool.h">
      <Filter>Header Files\ir</Filter>
    </ClInclude>
    <ClInclude Include="source\ir\Texture.h">
      <Filter>Header Files\ir</Filter>
    </ClInclude>
    <ClInclude Include="source\ir\TypeColwersions.h">
      <Filter>Header Files\ir</Filter>
    </ClInclude>
    <ClInclude Include="source\ir\TypeEnums.h">
      <Filter>Header Files\ir</Filter>
    </ClInclude>
    <ClInclude Include="source\ir\UserConstant.h">
      <Filter>Header Files\ir</Filter>
    </ClInclude>
    <ClInclude Include="source\ir\UserConstantManager.h">
      <Filter>Header Files\ir</Filter>
    </ClInclude>
    <ClInclude Include="source\ir\PipelineStates.h">
      <Filter>Header Files\ir</Filter>
    </ClInclude>
    <ClInclude Include="source\D3DCompilerHandler.h">
      <Filter>Header Files</Filter>
    </ClInclude>
    <ClInclude Include="source\EffectNamesConfigParser.h">
      <Filter>Header Files</Filter>
    </ClInclude>
    <ClInclude Include="source\MultipassConfigParserError.h">
      <Filter>Header Files</Filter>
    </ClInclude>
    <ClInclude Include="source\ResourceManager.h">
      <Filter>Header Files</Filter>
    </ClInclude>
    <ClInclude Include="source\ShaderModMultiPass.h">
      <Filter>Header Files</Filter>
    </ClInclude>
    <ClInclude Include="source\D3D11CommandProcessor.h">
      <Filter>Header Files</Filter>
    </ClInclude>
    <ClInclude Include="source\D3D11CommandProcessorColwersions.h">
      <Filter>Header Files</Filter>
    </ClInclude>
    <ClInclude Include="source\ir\TypelessVariable.h">
      <Filter>Header Files\ir</Filter>
    </ClInclude>
    <ClInclude Include="source\Utils.h">
      <Filter>Header Files</Filter>
    </ClInclude>
    <ClInclude Include="source\Hash.h">
      <Filter>Header Files</Filter>
    </ClInclude>
  </ItemGroup>
</Project>