<?xml version="1.0" encoding="utf-8"?>
<Project ToolsVersion="4.0" xmlns="http://schemas.microsoft.com/developer/msbuild/2003">
  <ItemGroup>
    <Filter Include="Resource Files">
      <UniqueIdentifier>{67DA6AB6-F800-4c08-8B7A-83BB121AAD01}</UniqueIdentifier>
      <Extensions>rc;ico;lwr;bmp;dlg;rc2;rct;bin;rgs;gif;jpg;jpeg;jpe;resx;tiff;tif;png;wav;mfcribbon-ms</Extensions>
    </Filter>
    <Filter Include="Source Files">
      <UniqueIdentifier>{4FC737F1-C7A5-4376-A066-2A32D752A2FF}</UniqueIdentifier>
      <Extensions>h;hpp;cpp;c;cc;cxx;def;odl;idl;hpj;bat;asm;asmx</Extensions>
    </Filter>
    <Filter Include="Source Files\internal">
      <UniqueIdentifier>{a9d49c34-b109-4be2-b579-527c401645d6}</UniqueIdentifier>
      <Extensions>h;hpp;cpp;c;cc;cxx;def;odl;idl;hpj;bat;asm;asmx</Extensions>
    </Filter>
    <Filter Include="Header Files">
      <UniqueIdentifier>{9ea8ac35-bda5-460e-abfd-2b6b38e64ff6}</UniqueIdentifier>
    </Filter>
    <Filter Include="Header Files\anselutils">
      <UniqueIdentifier>{1eeaa356-29d9-416a-a2cd-aaf76b556ff5}</UniqueIdentifier>
    </Filter>
  </ItemGroup>
  <ItemGroup>
    <ClCompile Include="source\CameraController.cpp">
      <Filter>Source Files</Filter>
    </ClCompile>
    <ClCompile Include="source\CameraControllerOrbit.cpp">
      <Filter>Source Files</Filter>
    </ClCompile>
    <ClCompile Include="source\CameraControllerRelative.cpp">
      <Filter>Source Files</Filter>
    </ClCompile>
    <ClCompile Include="source\ElapsedTime.cpp">
      <Filter>Source Files</Filter>
    </ClCompile>
    <ClCompile Include="source\Session.cpp">
      <Filter>Source Files</Filter>
    </ClCompile>
    <ClCompile Include="source\Utils.cpp">
      <Filter>Source Files</Filter>
    </ClCompile>
    <ClCompile Include="source\anselutils\internal\Math.cpp">
      <Filter>Source Files\internal</Filter>
    </ClCompile>
    <ClCompile Include="source\CameraControllerFree.cpp">
      <Filter>Source Files</Filter>
    </ClCompile>
    <ClCompile Include="source\CameraControllerFreeGlobalRotation.cpp">
      <Filter>Source Files</Filter>
    </ClCompile>
    <ClCompile Include="source\CameraControllerFreeHybrid.cpp">
      <Filter>Source Files</Filter>
    </ClCompile>
    <ClCompile Include="source\CameraControllerFreeLocalFrame.cpp">
      <Filter>Source Files</Filter>
    </ClCompile>
    <ClCompile Include="..\ShaderMod\source\Log.cpp">
      <Filter>Source Files</Filter>
    </ClCompile>
  </ItemGroup>
  <ItemGroup>
    <ClInclude Include="include\anselutils\CameraController.h">
      <Filter>Header Files\anselutils</Filter>
    </ClInclude>
    <ClInclude Include="include\anselutils\CameraControllerOrbit.h">
      <Filter>Header Files\anselutils</Filter>
    </ClInclude>
    <ClInclude Include="include\anselutils\CameraControllerRelative.h">
      <Filter>Header Files\anselutils</Filter>
    </ClInclude>
    <ClInclude Include="include\anselutils\ElapsedTime.h">
      <Filter>Header Files\anselutils</Filter>
    </ClInclude>
    <ClInclude Include="include\anselutils\Session.h">
      <Filter>Header Files\anselutils</Filter>
    </ClInclude>
    <ClInclude Include="include\anselutils\Utils.h">
      <Filter>Header Files\anselutils</Filter>
    </ClInclude>
    <ClInclude Include="source\anselutils\internal\Math.h">
      <Filter>Source Files\internal</Filter>
    </ClInclude>
    <ClInclude Include="include\anselutils\CameraControllerFree.h">
      <Filter>Header Files\anselutils</Filter>
    </ClInclude>
    <ClInclude Include="include\anselutils\CameraControllerFreeGlobalRotation.h">
      <Filter>Header Files\anselutils</Filter>
    </ClInclude>
    <ClInclude Include="include\anselutils\CameraControllerFreeHybrid.h">
      <Filter>Header Files\anselutils</Filter>
    </ClInclude>
    <ClInclude Include="include\anselutils\CameraControllerFreeLocalFrame.h">
      <Filter>Header Files\anselutils</Filter>
    </ClInclude>
    <ClInclude Include="..\ShaderMod\source\Log.h">
      <Filter>Header Files\anselutils</Filter>
    </ClInclude>
  </ItemGroup>
</Project>