<?xml version="1.0" encoding="utf-8"?>
<Project ToolsVersion="4.0" xmlns="http://schemas.microsoft.com/developer/msbuild/2003">
  <ItemGroup>
    <Filter Include="Source Files">
      <UniqueIdentifier>{4FC737F1-C7A5-4376-A066-2A32D752A2FF}</UniqueIdentifier>
      <Extensions>cpp;c;cc;cxx;def;odl;idl;hpj;bat;asm;asmx</Extensions>
    </Filter>
    <Filter Include="Header Files">
      <UniqueIdentifier>{93995380-89BD-4b04-88EB-625FBE52EBFB}</UniqueIdentifier>
      <Extensions>h;hpp;hxx;hm;inl;inc;xsd</Extensions>
    </Filter>
    <Filter Include="Makefiles">
      <UniqueIdentifier>{23f4e0e3-1f83-442f-b961-67639b202311}</UniqueIdentifier>
    </Filter>
    <Filter Include="Source Files\common">
      <UniqueIdentifier>{4d650a54-f305-4484-aea4-b9784bdf8724}</UniqueIdentifier>
    </Filter>
    <Filter Include="Header Files\samples">
      <UniqueIdentifier>{147b859a-f912-4643-bb70-54c459d8c4a5}</UniqueIdentifier>
    </Filter>
    <Filter Include="Header Files\samples\common">
      <UniqueIdentifier>{c01b956e-1975-4e5c-b592-eedd400d9ec5}</UniqueIdentifier>
    </Filter>
    <Filter Include="Header Files\lwn-headers">
      <UniqueIdentifier>{7bb8e88a-2da7-4c3c-b53c-47c99e42b721}</UniqueIdentifier>
    </Filter>
    <Filter Include="Header Files\lwn-headers\lwnTool">
      <UniqueIdentifier>{800acbdf-7034-4d3b-8e1e-b7f9f678cb17}</UniqueIdentifier>
    </Filter>
    <Filter Include="Header Files\lwn-headers\lwn">
      <UniqueIdentifier>{402cd536-3617-4f43-993f-79db540732fa}</UniqueIdentifier>
    </Filter>
    <Filter Include="Header Files\common">
      <UniqueIdentifier>{fd219903-2e53-4b2f-a5d2-61a253f90421}</UniqueIdentifier>
    </Filter>
    <Filter Include="Header Files\common\lwnUtil">
      <UniqueIdentifier>{f62edb39-35c7-4996-81c2-92975f966b6c}</UniqueIdentifier>
    </Filter>
  </ItemGroup>
  <ItemGroup>
    <ClCompile Include="..\common\lwplatform_glut.c">
      <Filter>Source Files</Filter>
    </ClCompile>
    <ClCompile Include=".\lwn.cpp">
      <Filter>Source Files</Filter>
    </ClCompile>
    <ClCompile Include=".\lwncppexample.cpp">
      <Filter>Source Files</Filter>
    </ClCompile>
    <ClCompile Include=".\lwnexample.cpp">
      <Filter>Source Files</Filter>
    </ClCompile>
    <ClCompile Include="..\common\lwplatform_lwwinsys.c">
      <Filter>Source Files</Filter>
    </ClCompile>
    <ClCompile Include="..\common\lwnutil.cpp">
      <Filter>Source Files\common</Filter>
    </ClCompile>
  </ItemGroup>
  <ItemGroup>
    <ClInclude Include=".\lwnexample.h">
      <Filter>Header Files</Filter>
    </ClInclude>
    <ClInclude Include="..\common\lwnutil.h">
      <Filter>Header Files\samples\common</Filter>
    </ClInclude>
    <ClInclude Include="..\..\..\..\drivers\lwn\public\lwnTool\lwnTool_GlslcInterface.h">
      <Filter>Header Files\lwn-headers\lwnTool</Filter>
    </ClInclude>
    <ClInclude Include="..\..\..\..\drivers\lwn\public\lwn\lwn.h">
      <Filter>Header Files\lwn-headers\lwn</Filter>
    </ClInclude>
    <ClInclude Include="..\..\..\..\drivers\lwn\public\lwn\lwn_FuncPtr.h">
      <Filter>Header Files\lwn-headers\lwn</Filter>
    </ClInclude>
    <ClInclude Include="..\..\..\..\drivers\lwn\public\lwn\lwn_FuncPtrImpl.h">
      <Filter>Header Files\lwn-headers\lwn</Filter>
    </ClInclude>
    <ClInclude Include="..\..\..\..\drivers\lwn\public\lwn\lwn_FuncPtrInline.h">
      <Filter>Header Files\lwn-headers\lwn</Filter>
    </ClInclude>
    <ClInclude Include="..\..\common\lwnUtil\lwnUtil_AlignedStorage.h">
      <Filter>Header Files\common\lwnUtil</Filter>
    </ClInclude>
    <ClInclude Include="..\..\common\lwnUtil\lwnUtil_AlignedStorageImpl.h">
      <Filter>Header Files\common\lwnUtil</Filter>
    </ClInclude>
    <ClInclude Include="..\..\common\lwnUtil\lwnUtil_GlslcHelper.h">
      <Filter>Header Files\common\lwnUtil</Filter>
    </ClInclude>
    <ClInclude Include="..\..\common\lwnUtil\lwnUtil_GlslcHelperImpl.h">
      <Filter>Header Files\common\lwnUtil</Filter>
    </ClInclude>
    <ClInclude Include="..\..\common\lwnUtil\lwnUtil_PoolAllocator.h">
      <Filter>Header Files\common\lwnUtil</Filter>
    </ClInclude>
    <ClInclude Include="..\..\common\lwnUtil\lwnUtil_PoolAllocatorImpl.h">
      <Filter>Header Files\common\lwnUtil</Filter>
    </ClInclude>
  </ItemGroup>
  <ItemGroup>
    <None Include=".\Makefile.tmk">
      <Filter>Makefiles</Filter>
    </None>
  </ItemGroup>
</Project>
