
Microsoft Visual Studio Solution File, Format Version 12.00
# Visual Studio Version 16
VisualStudioVersion = 16.0.30503.244
MinimumVisualStudioVersion = 10.0.40219.1
Project("{8BC9CEB8-8B4A-11D0-8D11-00A0C91BC942}") = "PsdSdk", "PsdSdk\PsdSdk.vcxproj", "{EA333858-46FD-44B7-97FC-76CEF5FA05F6}"
EndProject
Project("{8BC9CEB8-8B4A-11D0-8D11-00A0C91BC942}") = "LwDrsLib", "LwDrsLib\LwDrsLib.vcxproj", "{C9AB2146-21CD-45FC-99D0-21F71A477A5C}"
EndProject
Project("{8BC9CEB8-8B4A-11D0-8D11-00A0C91BC942}") = "MinHook", "MinHook\MinHook.vcxproj", "{F142A341-5EE0-442D-A15F-98AE9B48DBAE}"
EndProject
Global
	GlobalSection(SolutionConfigurationPlatforms) = preSolution
		Debug|Win32 = Debug|Win32
		Debug|x64 = Debug|x64
		Release|Win32 = Release|Win32
		Release|x64 = Release|x64
	EndGlobalSection
	GlobalSection(ProjectConfigurationPlatforms) = postSolution
		{EA333858-46FD-44B7-97FC-76CEF5FA05F6}.Debug|Win32.ActiveCfg = Debug|Win32
		{EA333858-46FD-44B7-97FC-76CEF5FA05F6}.Debug|Win32.Build.0 = Debug|Win32
		{EA333858-46FD-44B7-97FC-76CEF5FA05F6}.Debug|x64.ActiveCfg = Debug|x64
		{EA333858-46FD-44B7-97FC-76CEF5FA05F6}.Debug|x64.Build.0 = Debug|x64
		{EA333858-46FD-44B7-97FC-76CEF5FA05F6}.Release|Win32.ActiveCfg = Release|Win32
		{EA333858-46FD-44B7-97FC-76CEF5FA05F6}.Release|Win32.Build.0 = Release|Win32
		{EA333858-46FD-44B7-97FC-76CEF5FA05F6}.Release|x64.ActiveCfg = Release|x64
		{EA333858-46FD-44B7-97FC-76CEF5FA05F6}.Release|x64.Build.0 = Release|x64
		{C9AB2146-21CD-45FC-99D0-21F71A477A5C}.Debug|Win32.ActiveCfg = Debug|Win32
		{C9AB2146-21CD-45FC-99D0-21F71A477A5C}.Debug|Win32.Build.0 = Debug|Win32
		{C9AB2146-21CD-45FC-99D0-21F71A477A5C}.Debug|x64.ActiveCfg = Debug|x64
		{C9AB2146-21CD-45FC-99D0-21F71A477A5C}.Debug|x64.Build.0 = Debug|x64
		{C9AB2146-21CD-45FC-99D0-21F71A477A5C}.Release|Win32.ActiveCfg = Release|Win32
		{C9AB2146-21CD-45FC-99D0-21F71A477A5C}.Release|Win32.Build.0 = Release|Win32
		{C9AB2146-21CD-45FC-99D0-21F71A477A5C}.Release|x64.ActiveCfg = Release|x64
		{C9AB2146-21CD-45FC-99D0-21F71A477A5C}.Release|x64.Build.0 = Release|x64
		{F142A341-5EE0-442D-A15F-98AE9B48DBAE}.Debug|Win32.ActiveCfg = Debug|Win32
		{F142A341-5EE0-442D-A15F-98AE9B48DBAE}.Debug|Win32.Build.0 = Debug|Win32
		{F142A341-5EE0-442D-A15F-98AE9B48DBAE}.Debug|x64.ActiveCfg = Debug|x64
		{F142A341-5EE0-442D-A15F-98AE9B48DBAE}.Debug|x64.Build.0 = Debug|x64
		{F142A341-5EE0-442D-A15F-98AE9B48DBAE}.Release|Win32.ActiveCfg = Release|Win32
		{F142A341-5EE0-442D-A15F-98AE9B48DBAE}.Release|Win32.Build.0 = Release|Win32
		{F142A341-5EE0-442D-A15F-98AE9B48DBAE}.Release|x64.ActiveCfg = Release|x64
		{F142A341-5EE0-442D-A15F-98AE9B48DBAE}.Release|x64.Build.0 = Release|x64
	EndGlobalSection
	GlobalSection(SolutionProperties) = preSolution
		HideSolutionNode = FALSE
	EndGlobalSection
	GlobalSection(ExtensibilityGlobals) = postSolution
		SolutionGuid = {4DC7BE6B-5E08-41AC-B22C-0E0F85ABA272}
	EndGlobalSection
EndGlobal
