<?xml version="1.0" encoding="utf-8"?>
<Project ToolsVersion="4.0" xmlns="http://schemas.microsoft.com/developer/msbuild/2003">
  <ItemGroup>
    <Filter Include="Header Files">
      <UniqueIdentifier>{afac15da-7be3-4d28-9b64-86abda14cceb}</UniqueIdentifier>
    </Filter>
    <Filter Include="Source Files">
      <UniqueIdentifier>{92380126-6868-4c46-bae9-90262ca28e70}</UniqueIdentifier>
    </Filter>
    <Filter Include="Header Files\demo">
      <UniqueIdentifier>{a44b8fe9-c4df-41ba-8d02-d8eeb37606ff}</UniqueIdentifier>
    </Filter>
    <Filter Include="Source Files\demo">
      <UniqueIdentifier>{5471c908-095e-4657-b482-8c68d917179d}</UniqueIdentifier>
    </Filter>
    <Filter Include="Source Files\common">
      <UniqueIdentifier>{0b549292-72ce-4704-96a5-48afc9dbe3c7}</UniqueIdentifier>
    </Filter>
    <Filter Include="Makefiles">
      <UniqueIdentifier>{e2dead94-a0bf-428f-8975-1ec1e8055c39}</UniqueIdentifier>
    </Filter>
    <Filter Include="Header Files\samples">
      <UniqueIdentifier>{6ce67c5b-7640-4705-aa10-1762c93d91b1}</UniqueIdentifier>
    </Filter>
    <Filter Include="Header Files\samples\common">
      <UniqueIdentifier>{d58f4710-2946-4bed-a885-9f5105dd1bfe}</UniqueIdentifier>
    </Filter>
    <Filter Include="Header Files\lwn-headers">
      <UniqueIdentifier>{2604a76e-25dd-4b17-b0c8-2479ea9d4960}</UniqueIdentifier>
    </Filter>
    <Filter Include="Header Files\lwn-headers\lwnTool">
      <UniqueIdentifier>{35283fc4-97c6-4740-97c9-0acfaae3a06e}</UniqueIdentifier>
    </Filter>
    <Filter Include="Header Files\lwn-headers\lwn">
      <UniqueIdentifier>{0b51ee4c-9837-4c92-8e03-ffb9d80a4ec7}</UniqueIdentifier>
    </Filter>
    <Filter Include="Header Files\common">
      <UniqueIdentifier>{69866de5-1368-40ce-83ca-31d7fea6cad8}</UniqueIdentifier>
    </Filter>
    <Filter Include="Header Files\common\lwnUtil">
      <UniqueIdentifier>{51b4820e-3631-4a21-860c-25cd85f28463}</UniqueIdentifier>
    </Filter>
  </ItemGroup>
  <ItemGroup>
    <ClInclude Include="..\common\demo\headers\demo.h">
      <Filter>Header Files\demo</Filter>
    </ClInclude>
    <ClInclude Include="..\common\demo\headers\demoFont.h">
      <Filter>Header Files\demo</Filter>
    </ClInclude>
    <ClInclude Include="..\common\demo\headers\demoFontData.h">
      <Filter>Header Files\demo</Filter>
    </ClInclude>
    <ClInclude Include="..\common\demo\headers\demoGfx.h">
      <Filter>Header Files\demo</Filter>
    </ClInclude>
    <ClInclude Include="..\common\demo\headers\demoGfxDefaults.h">
      <Filter>Header Files\demo</Filter>
    </ClInclude>
    <ClInclude Include="..\common\demo\headers\demoGfxTypes.h">
      <Filter>Header Files\demo</Filter>
    </ClInclude>
    <ClInclude Include="..\common\demo\headers\demoSystem.h">
      <Filter>Header Files\demo</Filter>
    </ClInclude>
    <ClInclude Include="..\common\demo\headers\mat.h">
      <Filter>Header Files\demo</Filter>
    </ClInclude>
    <ClInclude Include="..\common\demo\headers\mtx\mat44.h">
      <Filter>Header Files\demo</Filter>
    </ClInclude>
    <ClInclude Include="..\common\demo\headers\mtx\matVec.h">
      <Filter>Header Files\demo</Filter>
    </ClInclude>
    <ClInclude Include="..\common\demo\headers\mtx.h">
      <Filter>Header Files\demo</Filter>
    </ClInclude>
    <ClInclude Include="..\common\demo\headers\mtx\mtx44.h">
      <Filter>Header Files\demo</Filter>
    </ClInclude>
    <ClInclude Include="..\common\demo\mtx44Assert.h">
      <Filter>Header Files\demo</Filter>
    </ClInclude>
    <ClInclude Include="..\common\demo\mtxAssert.h">
      <Filter>Header Files\demo</Filter>
    </ClInclude>
    <ClInclude Include="..\common\demo\headers\mtx\mtxGeoTypes.h">
      <Filter>Header Files\demo</Filter>
    </ClInclude>
    <ClInclude Include="..\common\demo\headers\mtx\mtxVec.h">
      <Filter>Header Files\demo</Filter>
    </ClInclude>
    <ClInclude Include="..\common\demo\headers\trace.h">
      <Filter>Header Files\demo</Filter>
    </ClInclude>
    <ClInclude Include="..\common\demo\headers\types.h">
      <Filter>Header Files\demo</Filter>
    </ClInclude>
    <ClInclude Include="..\common\lwnutil.h">
      <Filter>Header Files\samples\common</Filter>
    </ClInclude>
    <ClInclude Include="..\..\..\..\drivers\lwn\public\lwnTool\lwnTool_GlslcInterface.h">
      <Filter>Header Files\lwn-headers\lwnTool</Filter>
    </ClInclude>
    <ClInclude Include="..\..\..\..\drivers\lwn\public\lwn\lwn.h">
      <Filter>Header Files\lwn-headers\lwn</Filter>
    </ClInclude>
    <ClInclude Include="..\..\..\..\drivers\lwn\public\lwn\lwn_FuncPtr.h">
      <Filter>Header Files\lwn-headers\lwn</Filter>
    </ClInclude>
    <ClInclude Include="..\..\..\..\drivers\lwn\public\lwn\lwn_FuncPtrImpl.h">
      <Filter>Header Files\lwn-headers\lwn</Filter>
    </ClInclude>
    <ClInclude Include="..\..\..\..\drivers\lwn\public\lwn\lwn_FuncPtrInline.h">
      <Filter>Header Files\lwn-headers\lwn</Filter>
    </ClInclude>
    <ClInclude Include="..\..\common\lwnUtil\lwnUtil_AlignedStorage.h">
      <Filter>Header Files\common\lwnUtil</Filter>
    </ClInclude>
    <ClInclude Include="..\..\common\lwnUtil\lwnUtil_AlignedStorageImpl.h">
      <Filter>Header Files\common\lwnUtil</Filter>
    </ClInclude>
    <ClInclude Include="..\..\common\lwnUtil\lwnUtil_GlslcHelper.h">
      <Filter>Header Files\common\lwnUtil</Filter>
    </ClInclude>
    <ClInclude Include="..\..\common\lwnUtil\lwnUtil_GlslcHelperImpl.h">
      <Filter>Header Files\common\lwnUtil</Filter>
    </ClInclude>
    <ClInclude Include="..\..\common\lwnUtil\lwnUtil_PoolAllocator.h">
      <Filter>Header Files\common\lwnUtil</Filter>
    </ClInclude>
    <ClInclude Include="..\..\common\lwnUtil\lwnUtil_PoolAllocatorImpl.h">
      <Filter>Header Files\common\lwnUtil</Filter>
    </ClInclude>
  </ItemGroup>
  <ItemGroup>
    <ClCompile Include="..\common\demo\demoFont.cpp">
      <Filter>Source Files\demo</Filter>
    </ClCompile>
    <ClCompile Include="..\common\demo\demoGfx.cpp">
      <Filter>Source Files\demo</Filter>
    </ClCompile>
    <ClCompile Include="..\common\demo\demoSystem.cpp">
      <Filter>Source Files\demo</Filter>
    </ClCompile>
    <ClCompile Include="..\common\demo\mtx.cpp">
      <Filter>Source Files\demo</Filter>
    </ClCompile>
    <ClCompile Include="..\common\demo\mtx44.cpp">
      <Filter>Source Files\demo</Filter>
    </ClCompile>
    <ClCompile Include="..\common\demo\mtx44Vec.cpp">
      <Filter>Source Files\demo</Filter>
    </ClCompile>
    <ClCompile Include="..\common\demo\mtxQuat.cpp">
      <Filter>Source Files\demo</Filter>
    </ClCompile>
    <ClCompile Include="..\common\demo\mtxStack.cpp">
      <Filter>Source Files\demo</Filter>
    </ClCompile>
    <ClCompile Include="..\common\demo\mtxVec.cpp">
      <Filter>Source Files\demo</Filter>
    </ClCompile>
    <ClCompile Include="..\common\demo\trace.cpp">
      <Filter>Source Files\demo</Filter>
    </ClCompile>
    <ClCompile Include="..\common\demo\winMain.cpp">
      <Filter>Source Files\demo</Filter>
    </ClCompile>
    <ClCompile Include=".\src\benchmark.cpp">
      <Filter>Source Files</Filter>
    </ClCompile>
    <ClCompile Include="..\common\lwwinsys_main.cpp">
      <Filter>Source Files\common</Filter>
    </ClCompile>
    <ClCompile Include="..\common\lwnutil.cpp">
      <Filter>Source Files\common</Filter>
    </ClCompile>
    <ClCompile Include=".\src\windows-main.cpp">
      <Filter>Source Files</Filter>
    </ClCompile>
  </ItemGroup>
  <ItemGroup>
    <None Include=".\src\Makefile.tmk">
      <Filter>Makefiles</Filter>
    </None>
  </ItemGroup>
</Project>
