
Microsoft Visual Studio Solution File, Format Version 12.00
# Visual Studio Version 16
VisualStudioVersion = 16.0.30503.244
MinimumVisualStudioVersion = 10.0.40219.1
Project("{8BC9CEB8-8B4A-11D0-8D11-00A0C91BC942}") = "Darkroom", "Darkroom\Darkroom.vcxproj", "{A14C8C6A-4118-4177-BFAC-1C9113D8C24C}"
	ProjectSection(ProjectDependencies) = postProject
		{EEDBCA9B-C1DF-4542-B44D-0343E9352263} = {EEDBCA9B-C1DF-4542-B44D-0343E9352263}
	EndProjectSection
EndProject
Project("{2150E333-8FDC-42A3-9474-1A3956D46DE8}") = "Tools", "Tools", "{521A6660-66F3-418E-A594-003D1B61BA53}"
	ProjectSection(SolutionItems) = preProject
		.editorconfig = .editorconfig
		Tools\tools_licenses.txt = Tools\tools_licenses.txt
	EndProjectSection
EndProject
Project("{2150E333-8FDC-42A3-9474-1A3956D46DE8}") = "Libraries", "Libraries", "{A9750578-1E74-47FA-8148-2AE9014599BE}"
	ProjectSection(SolutionItems) = preProject
		.editorconfig = .editorconfig
	EndProjectSection
EndProject
Project("{2150E333-8FDC-42A3-9474-1A3956D46DE8}") = "Tests", "Tests", "{A9CCC5A0-B4B1-4D12-8D18-A6EB8E887523}"
	ProjectSection(SolutionItems) = preProject
		.editorconfig = .editorconfig
	EndProjectSection
EndProject
Project("{2150E333-8FDC-42A3-9474-1A3956D46DE8}") = "Server", "Server", "{DCB508B7-1138-4257-BE76-1B5BBC260484}"
	ProjectSection(SolutionItems) = preProject
		.editorconfig = .editorconfig
	EndProjectSection
EndProject
Project("{8BC9CEB8-8B4A-11D0-8D11-00A0C91BC942}") = "ShaderModCore", "ShaderMod\ShaderModCore.vcxproj", "{F0E0D66F-C987-4559-8AE0-A501539D009C}"
	ProjectSection(ProjectDependencies) = postProject
		{42EEB399-D871-4AB4-BEC8-DA82669D9A27} = {42EEB399-D871-4AB4-BEC8-DA82669D9A27}
		{EEDBCA9B-C1DF-4542-B44D-0343E9352263} = {EEDBCA9B-C1DF-4542-B44D-0343E9352263}
		{865946C1-9D13-4705-A72B-393266D50730} = {865946C1-9D13-4705-A72B-393266D50730}
	EndProjectSection
EndProject
Project("{8BC9CEB8-8B4A-11D0-8D11-00A0C91BC942}") = "HighresBlender", "Tools\HighresBlender\HighresBlender.vcxproj", "{826E0E8E-2533-4DE5-A7AA-CC812759D3AB}"
	ProjectSection(ProjectDependencies) = postProject
		{A14C8C6A-4118-4177-BFAC-1C9113D8C24C} = {A14C8C6A-4118-4177-BFAC-1C9113D8C24C}
		{EEDBCA9B-C1DF-4542-B44D-0343E9352263} = {EEDBCA9B-C1DF-4542-B44D-0343E9352263}
	EndProjectSection
EndProject
Project("{8BC9CEB8-8B4A-11D0-8D11-00A0C91BC942}") = "SphericalEquirect", "Tools\SphericalEquirect\SphericalEquirect.vcxproj", "{5FB5800B-9FD9-4E3F-BD1B-EDC0613D7A5F}"
	ProjectSection(ProjectDependencies) = postProject
		{A14C8C6A-4118-4177-BFAC-1C9113D8C24C} = {A14C8C6A-4118-4177-BFAC-1C9113D8C24C}
		{EEDBCA9B-C1DF-4542-B44D-0343E9352263} = {EEDBCA9B-C1DF-4542-B44D-0343E9352263}
	EndProjectSection
EndProject
Project("{8BC9CEB8-8B4A-11D0-8D11-00A0C91BC942}") = "LwCamera", "ShaderMod\LwCamera.vcxproj", "{E6664075-013C-461C-BC73-99F4F25507C0}"
	ProjectSection(ProjectDependencies) = postProject
		{79A35101-9142-4AC9-BFDF-5759422D09BF} = {79A35101-9142-4AC9-BFDF-5759422D09BF}
		{7C6B5A06-080D-4299-9A9F-91E7CF45D407} = {7C6B5A06-080D-4299-9A9F-91E7CF45D407}
		{5FB5800B-9FD9-4E3F-BD1B-EDC0613D7A5F} = {5FB5800B-9FD9-4E3F-BD1B-EDC0613D7A5F}
		{9300E077-B480-46C8-ABAB-ED5F8FF8A95B} = {9300E077-B480-46C8-ABAB-ED5F8FF8A95B}
		{826E0E8E-2533-4DE5-A7AA-CC812759D3AB} = {826E0E8E-2533-4DE5-A7AA-CC812759D3AB}
		{EEDBCA9B-C1DF-4542-B44D-0343E9352263} = {EEDBCA9B-C1DF-4542-B44D-0343E9352263}
		{8A744BC6-F375-426C-8BE0-68DF9E10977A} = {8A744BC6-F375-426C-8BE0-68DF9E10977A}
		{0401ADF5-D085-4A3D-95B2-D9B7896BB338} = {0401ADF5-D085-4A3D-95B2-D9B7896BB338}
		{47EC92F9-8B13-4A52-B80E-9EEC1BFFED99} = {47EC92F9-8B13-4A52-B80E-9EEC1BFFED99}
	EndProjectSection
EndProject
Project("{8BC9CEB8-8B4A-11D0-8D11-00A0C91BC942}") = "AnselSDK", "AnselSDK\AnselSDK.vcxproj", "{42EEB399-D871-4AB4-BEC8-DA82669D9A27}"
	ProjectSection(ProjectDependencies) = postProject
		{EEDBCA9B-C1DF-4542-B44D-0343E9352263} = {EEDBCA9B-C1DF-4542-B44D-0343E9352263}
	EndProjectSection
EndProject
Project("{8BC9CEB8-8B4A-11D0-8D11-00A0C91BC942}") = "AnselUtils", "AnselUtils\AnselUtils.vcxproj", "{865946C1-9D13-4705-A72B-393266D50730}"
	ProjectSection(ProjectDependencies) = postProject
		{EEDBCA9B-C1DF-4542-B44D-0343E9352263} = {EEDBCA9B-C1DF-4542-B44D-0343E9352263}
	EndProjectSection
EndProject
Project("{8BC9CEB8-8B4A-11D0-8D11-00A0C91BC942}") = "LwImageColwert", "Tools\LwImageColwert\LwImageColwert.vcxproj", "{47EC92F9-8B13-4A52-B80E-9EEC1BFFED99}"
	ProjectSection(ProjectDependencies) = postProject
		{EEDBCA9B-C1DF-4542-B44D-0343E9352263} = {EEDBCA9B-C1DF-4542-B44D-0343E9352263}
	EndProjectSection
EndProject
Project("{8BC9CEB8-8B4A-11D0-8D11-00A0C91BC942}") = "IPCTestTool", "Tools\IPCTestTool\IPCTestTool.vcxproj", "{D896A430-A8B9-4E1A-B557-5C2CB5CACBD4}"
	ProjectSection(ProjectDependencies) = postProject
		{EEDBCA9B-C1DF-4542-B44D-0343E9352263} = {EEDBCA9B-C1DF-4542-B44D-0343E9352263}
	EndProjectSection
EndProject
Project("{8BC9CEB8-8B4A-11D0-8D11-00A0C91BC942}") = "UnitTest", "Tests\UnitTest\UnitTest.vcxproj", "{F4C5B19A-4518-42EC-8252-247B138F84DF}"
	ProjectSection(ProjectDependencies) = postProject
		{EEDBCA9B-C1DF-4542-B44D-0343E9352263} = {EEDBCA9B-C1DF-4542-B44D-0343E9352263}
	EndProjectSection
EndProject
Project("{8BC9CEB8-8B4A-11D0-8D11-00A0C91BC942}") = "AnselUtilsTests", "Tests\AnselUtilsTests\AnselUtilsTests.vcxproj", "{8500A290-B7D2-45A1-ADEF-AFEDC0693E1A}"
	ProjectSection(ProjectDependencies) = postProject
		{EEDBCA9B-C1DF-4542-B44D-0343E9352263} = {EEDBCA9B-C1DF-4542-B44D-0343E9352263}
		{865946C1-9D13-4705-A72B-393266D50730} = {865946C1-9D13-4705-A72B-393266D50730}
	EndProjectSection
EndProject
Project("{8BC9CEB8-8B4A-11D0-8D11-00A0C91BC942}") = "FreqTransfer", "Tools\FreqTransfer\FreqTransfer.vcxproj", "{7C6B5A06-080D-4299-9A9F-91E7CF45D407}"
	ProjectSection(ProjectDependencies) = postProject
		{EEDBCA9B-C1DF-4542-B44D-0343E9352263} = {EEDBCA9B-C1DF-4542-B44D-0343E9352263}
	EndProjectSection
EndProject
Project("{8BC9CEB8-8B4A-11D0-8D11-00A0C91BC942}") = "StyleTransfer", "Tools\StyleTransfer\StyleTransfer.vcxproj", "{7F3D1F57-2123-4E5E-A268-3AE3A23248C4}"
	ProjectSection(ProjectDependencies) = postProject
		{EEDBCA9B-C1DF-4542-B44D-0343E9352263} = {EEDBCA9B-C1DF-4542-B44D-0343E9352263}
	EndProjectSection
EndProject
Project("{8BC9CEB8-8B4A-11D0-8D11-00A0C91BC942}") = "YAMLFXC", "Tools\YAMLEffectCompiler\YAMLFXC.vcxproj", "{9300E077-B480-46C8-ABAB-ED5F8FF8A95B}"
	ProjectSection(ProjectDependencies) = postProject
		{EEDBCA9B-C1DF-4542-B44D-0343E9352263} = {EEDBCA9B-C1DF-4542-B44D-0343E9352263}
		{8A744BC6-F375-426C-8BE0-68DF9E10977A} = {8A744BC6-F375-426C-8BE0-68DF9E10977A}
	EndProjectSection
EndProject
Project("{8BC9CEB8-8B4A-11D0-8D11-00A0C91BC942}") = "ThumbnailTool", "Tools\ThumbnailTool\ThumbnailTool.vcxproj", "{73CFF681-556D-4317-ADD1-3A4DEAF5667B}"
	ProjectSection(ProjectDependencies) = postProject
		{EEDBCA9B-C1DF-4542-B44D-0343E9352263} = {EEDBCA9B-C1DF-4542-B44D-0343E9352263}
	EndProjectSection
EndProject
Project("{8BC9CEB8-8B4A-11D0-8D11-00A0C91BC942}") = "AnselControlSDK", "AnselControlSDK\AnselControlSDK.vcxproj", "{C8758092-5EF3-4CD7-9D00-D6AA4C72248F}"
	ProjectSection(ProjectDependencies) = postProject
		{EEDBCA9B-C1DF-4542-B44D-0343E9352263} = {EEDBCA9B-C1DF-4542-B44D-0343E9352263}
	EndProjectSection
EndProject
Project("{2150E333-8FDC-42A3-9474-1A3956D46DE8}") = "SharedExternalPackages", "SharedExternalPackages", "{2C80914D-903D-4013-87E2-BEA8B720B1AA}"
	ProjectSection(SolutionItems) = preProject
		.editorconfig = .editorconfig
	EndProjectSection
EndProject
Project("{8BC9CEB8-8B4A-11D0-8D11-00A0C91BC942}") = "LwApi", "SharedExternalPackages\LwApi\LwApi.vcxproj", "{8A744BC6-F375-426C-8BE0-68DF9E10977A}"
	ProjectSection(ProjectDependencies) = postProject
		{EEDBCA9B-C1DF-4542-B44D-0343E9352263} = {EEDBCA9B-C1DF-4542-B44D-0343E9352263}
	EndProjectSection
EndProject
Project("{8BC9CEB8-8B4A-11D0-8D11-00A0C91BC942}") = "MessageBus", "SharedExternalPackages\MessageBus\MessageBus.vcxproj", "{65E33A75-132D-4DD7-987F-4B5ECE0B87FF}"
	ProjectSection(ProjectDependencies) = postProject
		{EEDBCA9B-C1DF-4542-B44D-0343E9352263} = {EEDBCA9B-C1DF-4542-B44D-0343E9352263}
	EndProjectSection
EndProject
Project("{8BC9CEB8-8B4A-11D0-8D11-00A0C91BC942}") = "LwCameraAllowlisting", "ShaderMod\LwCameraAllowlisting.vcxproj", "{72EA218D-931C-4A56-A239-5FEC2826EE0D}"
	ProjectSection(ProjectDependencies) = postProject
		{EEDBCA9B-C1DF-4542-B44D-0343E9352263} = {EEDBCA9B-C1DF-4542-B44D-0343E9352263}
	EndProjectSection
EndProject
Project("{8BC9CEB8-8B4A-11D0-8D11-00A0C91BC942}") = "BinaryFileHardcoder", "Tools\BinaryFileHardcoder\BinaryFileHardcoder.vcxproj", "{9E23F937-1662-45C0-B0B6-28D48BF95BE5}"
	ProjectSection(ProjectDependencies) = postProject
		{EEDBCA9B-C1DF-4542-B44D-0343E9352263} = {EEDBCA9B-C1DF-4542-B44D-0343E9352263}
	EndProjectSection
EndProject
Project("{8BC9CEB8-8B4A-11D0-8D11-00A0C91BC942}") = "ReShade FXC", "Tools\ReShadeFXC\ReShadeFXC.vcxproj", "{0401ADF5-D085-4A3D-95B2-D9B7896BB338}"
	ProjectSection(ProjectDependencies) = postProject
		{EEDBCA9B-C1DF-4542-B44D-0343E9352263} = {EEDBCA9B-C1DF-4542-B44D-0343E9352263}
	EndProjectSection
EndProject
Project("{8BC9CEB8-8B4A-11D0-8D11-00A0C91BC942}") = "ReShade FX", "Tools\ReShadeFXC\ReShadeFX.vcxproj", "{D1C2099B-BEC7-4993-8947-01D4A1F7EAE2}"
	ProjectSection(ProjectDependencies) = postProject
		{EEDBCA9B-C1DF-4542-B44D-0343E9352263} = {EEDBCA9B-C1DF-4542-B44D-0343E9352263}
	EndProjectSection
EndProject
Project("{8BC9CEB8-8B4A-11D0-8D11-00A0C91BC942}") = "LwCameraEnable", "Tools\LwCameraEnable\LwCameraEnable.vcxproj", "{79A35101-9142-4AC9-BFDF-5759422D09BF}"
	ProjectSection(ProjectDependencies) = postProject
		{EEDBCA9B-C1DF-4542-B44D-0343E9352263} = {EEDBCA9B-C1DF-4542-B44D-0343E9352263}
	EndProjectSection
EndProject
Project("{8BC9CEB8-8B4A-11D0-8D11-00A0C91BC942}") = "DenylistStringValidator", "Tools\DenylistStringValidator\DenylistStringValidator.vcxproj", "{53795001-97BD-4CF1-8461-919D5F908E7D}"
	ProjectSection(ProjectDependencies) = postProject
		{EEDBCA9B-C1DF-4542-B44D-0343E9352263} = {EEDBCA9B-C1DF-4542-B44D-0343E9352263}
	EndProjectSection
EndProject
Project("{8BC9CEB8-8B4A-11D0-8D11-00A0C91BC942}") = "PrebuildCommon", "PrebuildCommon\PrebuildCommon.vcxproj", "{EEDBCA9B-C1DF-4542-B44D-0343E9352263}"
EndProject
Global
	GlobalSection(SolutionConfigurationPlatforms) = preSolution
		Debug|Win32 = Debug|Win32
		Debug|x64 = Debug|x64
		Release|Win32 = Release|Win32
		Release|x64 = Release|x64
	EndGlobalSection
	GlobalSection(ProjectConfigurationPlatforms) = postSolution
		{A14C8C6A-4118-4177-BFAC-1C9113D8C24C}.Debug|Win32.ActiveCfg = Debug|Win32
		{A14C8C6A-4118-4177-BFAC-1C9113D8C24C}.Debug|Win32.Build.0 = Debug|Win32
		{A14C8C6A-4118-4177-BFAC-1C9113D8C24C}.Debug|x64.ActiveCfg = Debug|x64
		{A14C8C6A-4118-4177-BFAC-1C9113D8C24C}.Debug|x64.Build.0 = Debug|x64
		{A14C8C6A-4118-4177-BFAC-1C9113D8C24C}.Release|Win32.ActiveCfg = Release|Win32
		{A14C8C6A-4118-4177-BFAC-1C9113D8C24C}.Release|Win32.Build.0 = Release|Win32
		{A14C8C6A-4118-4177-BFAC-1C9113D8C24C}.Release|x64.ActiveCfg = Release|x64
		{A14C8C6A-4118-4177-BFAC-1C9113D8C24C}.Release|x64.Build.0 = Release|x64
		{F0E0D66F-C987-4559-8AE0-A501539D009C}.Debug|Win32.ActiveCfg = Debug|Win32
		{F0E0D66F-C987-4559-8AE0-A501539D009C}.Debug|Win32.Build.0 = Debug|Win32
		{F0E0D66F-C987-4559-8AE0-A501539D009C}.Debug|x64.ActiveCfg = Debug|x64
		{F0E0D66F-C987-4559-8AE0-A501539D009C}.Debug|x64.Build.0 = Debug|x64
		{F0E0D66F-C987-4559-8AE0-A501539D009C}.Release|Win32.ActiveCfg = Release|Win32
		{F0E0D66F-C987-4559-8AE0-A501539D009C}.Release|Win32.Build.0 = Release|Win32
		{F0E0D66F-C987-4559-8AE0-A501539D009C}.Release|x64.ActiveCfg = Release|x64
		{F0E0D66F-C987-4559-8AE0-A501539D009C}.Release|x64.Build.0 = Release|x64
		{826E0E8E-2533-4DE5-A7AA-CC812759D3AB}.Debug|Win32.ActiveCfg = Debug|Win32
		{826E0E8E-2533-4DE5-A7AA-CC812759D3AB}.Debug|Win32.Build.0 = Debug|Win32
		{826E0E8E-2533-4DE5-A7AA-CC812759D3AB}.Debug|x64.ActiveCfg = Debug|x64
		{826E0E8E-2533-4DE5-A7AA-CC812759D3AB}.Debug|x64.Build.0 = Debug|x64
		{826E0E8E-2533-4DE5-A7AA-CC812759D3AB}.Release|Win32.ActiveCfg = Release|Win32
		{826E0E8E-2533-4DE5-A7AA-CC812759D3AB}.Release|Win32.Build.0 = Release|Win32
		{826E0E8E-2533-4DE5-A7AA-CC812759D3AB}.Release|x64.ActiveCfg = Release|x64
		{826E0E8E-2533-4DE5-A7AA-CC812759D3AB}.Release|x64.Build.0 = Release|x64
		{5FB5800B-9FD9-4E3F-BD1B-EDC0613D7A5F}.Debug|Win32.ActiveCfg = Debug|Win32
		{5FB5800B-9FD9-4E3F-BD1B-EDC0613D7A5F}.Debug|Win32.Build.0 = Debug|Win32
		{5FB5800B-9FD9-4E3F-BD1B-EDC0613D7A5F}.Debug|x64.ActiveCfg = Debug|x64
		{5FB5800B-9FD9-4E3F-BD1B-EDC0613D7A5F}.Debug|x64.Build.0 = Debug|x64
		{5FB5800B-9FD9-4E3F-BD1B-EDC0613D7A5F}.Release|Win32.ActiveCfg = Release|Win32
		{5FB5800B-9FD9-4E3F-BD1B-EDC0613D7A5F}.Release|Win32.Build.0 = Release|Win32
		{5FB5800B-9FD9-4E3F-BD1B-EDC0613D7A5F}.Release|x64.ActiveCfg = Release|x64
		{5FB5800B-9FD9-4E3F-BD1B-EDC0613D7A5F}.Release|x64.Build.0 = Release|x64
		{E6664075-013C-461C-BC73-99F4F25507C0}.Debug|Win32.ActiveCfg = Debug|Win32
		{E6664075-013C-461C-BC73-99F4F25507C0}.Debug|Win32.Build.0 = Debug|Win32
		{E6664075-013C-461C-BC73-99F4F25507C0}.Debug|x64.ActiveCfg = Debug|x64
		{E6664075-013C-461C-BC73-99F4F25507C0}.Debug|x64.Build.0 = Debug|x64
		{E6664075-013C-461C-BC73-99F4F25507C0}.Release|Win32.ActiveCfg = Release|Win32
		{E6664075-013C-461C-BC73-99F4F25507C0}.Release|Win32.Build.0 = Release|Win32
		{E6664075-013C-461C-BC73-99F4F25507C0}.Release|x64.ActiveCfg = Release|x64
		{E6664075-013C-461C-BC73-99F4F25507C0}.Release|x64.Build.0 = Release|x64
		{42EEB399-D871-4AB4-BEC8-DA82669D9A27}.Debug|Win32.ActiveCfg = Debug|Win32
		{42EEB399-D871-4AB4-BEC8-DA82669D9A27}.Debug|Win32.Build.0 = Debug|Win32
		{42EEB399-D871-4AB4-BEC8-DA82669D9A27}.Debug|x64.ActiveCfg = Debug|x64
		{42EEB399-D871-4AB4-BEC8-DA82669D9A27}.Debug|x64.Build.0 = Debug|x64
		{42EEB399-D871-4AB4-BEC8-DA82669D9A27}.Release|Win32.ActiveCfg = Release|Win32
		{42EEB399-D871-4AB4-BEC8-DA82669D9A27}.Release|Win32.Build.0 = Release|Win32
		{42EEB399-D871-4AB4-BEC8-DA82669D9A27}.Release|x64.ActiveCfg = Release|x64
		{42EEB399-D871-4AB4-BEC8-DA82669D9A27}.Release|x64.Build.0 = Release|x64
		{865946C1-9D13-4705-A72B-393266D50730}.Debug|Win32.ActiveCfg = Debug|Win32
		{865946C1-9D13-4705-A72B-393266D50730}.Debug|Win32.Build.0 = Debug|Win32
		{865946C1-9D13-4705-A72B-393266D50730}.Debug|x64.ActiveCfg = Debug|x64
		{865946C1-9D13-4705-A72B-393266D50730}.Debug|x64.Build.0 = Debug|x64
		{865946C1-9D13-4705-A72B-393266D50730}.Release|Win32.ActiveCfg = Release|Win32
		{865946C1-9D13-4705-A72B-393266D50730}.Release|Win32.Build.0 = Release|Win32
		{865946C1-9D13-4705-A72B-393266D50730}.Release|x64.ActiveCfg = Release|x64
		{865946C1-9D13-4705-A72B-393266D50730}.Release|x64.Build.0 = Release|x64
		{47EC92F9-8B13-4A52-B80E-9EEC1BFFED99}.Debug|Win32.ActiveCfg = Debug|Win32
		{47EC92F9-8B13-4A52-B80E-9EEC1BFFED99}.Debug|Win32.Build.0 = Debug|Win32
		{47EC92F9-8B13-4A52-B80E-9EEC1BFFED99}.Debug|x64.ActiveCfg = Debug|x64
		{47EC92F9-8B13-4A52-B80E-9EEC1BFFED99}.Debug|x64.Build.0 = Debug|x64
		{47EC92F9-8B13-4A52-B80E-9EEC1BFFED99}.Release|Win32.ActiveCfg = Release|Win32
		{47EC92F9-8B13-4A52-B80E-9EEC1BFFED99}.Release|Win32.Build.0 = Release|Win32
		{47EC92F9-8B13-4A52-B80E-9EEC1BFFED99}.Release|x64.ActiveCfg = Release|x64
		{47EC92F9-8B13-4A52-B80E-9EEC1BFFED99}.Release|x64.Build.0 = Release|x64
		{D896A430-A8B9-4E1A-B557-5C2CB5CACBD4}.Debug|Win32.ActiveCfg = Debug|Win32
		{D896A430-A8B9-4E1A-B557-5C2CB5CACBD4}.Debug|Win32.Build.0 = Debug|Win32
		{D896A430-A8B9-4E1A-B557-5C2CB5CACBD4}.Debug|x64.ActiveCfg = Debug|x64
		{D896A430-A8B9-4E1A-B557-5C2CB5CACBD4}.Debug|x64.Build.0 = Debug|x64
		{D896A430-A8B9-4E1A-B557-5C2CB5CACBD4}.Release|Win32.ActiveCfg = Release|Win32
		{D896A430-A8B9-4E1A-B557-5C2CB5CACBD4}.Release|Win32.Build.0 = Release|Win32
		{D896A430-A8B9-4E1A-B557-5C2CB5CACBD4}.Release|x64.ActiveCfg = Release|x64
		{D896A430-A8B9-4E1A-B557-5C2CB5CACBD4}.Release|x64.Build.0 = Release|x64
		{F4C5B19A-4518-42EC-8252-247B138F84DF}.Debug|Win32.ActiveCfg = Debug|Win32
		{F4C5B19A-4518-42EC-8252-247B138F84DF}.Debug|Win32.Build.0 = Debug|Win32
		{F4C5B19A-4518-42EC-8252-247B138F84DF}.Debug|x64.ActiveCfg = Debug|x64
		{F4C5B19A-4518-42EC-8252-247B138F84DF}.Debug|x64.Build.0 = Debug|x64
		{F4C5B19A-4518-42EC-8252-247B138F84DF}.Release|Win32.ActiveCfg = Release|Win32
		{F4C5B19A-4518-42EC-8252-247B138F84DF}.Release|Win32.Build.0 = Release|Win32
		{F4C5B19A-4518-42EC-8252-247B138F84DF}.Release|x64.ActiveCfg = Release|x64
		{F4C5B19A-4518-42EC-8252-247B138F84DF}.Release|x64.Build.0 = Release|x64
		{8500A290-B7D2-45A1-ADEF-AFEDC0693E1A}.Debug|Win32.ActiveCfg = Debug|Win32
		{8500A290-B7D2-45A1-ADEF-AFEDC0693E1A}.Debug|Win32.Build.0 = Debug|Win32
		{8500A290-B7D2-45A1-ADEF-AFEDC0693E1A}.Debug|x64.ActiveCfg = Debug|x64
		{8500A290-B7D2-45A1-ADEF-AFEDC0693E1A}.Debug|x64.Build.0 = Debug|x64
		{8500A290-B7D2-45A1-ADEF-AFEDC0693E1A}.Release|Win32.ActiveCfg = Release|Win32
		{8500A290-B7D2-45A1-ADEF-AFEDC0693E1A}.Release|Win32.Build.0 = Release|Win32
		{8500A290-B7D2-45A1-ADEF-AFEDC0693E1A}.Release|x64.ActiveCfg = Release|x64
		{8500A290-B7D2-45A1-ADEF-AFEDC0693E1A}.Release|x64.Build.0 = Release|x64
		{7C6B5A06-080D-4299-9A9F-91E7CF45D407}.Debug|Win32.ActiveCfg = Debug|Win32
		{7C6B5A06-080D-4299-9A9F-91E7CF45D407}.Debug|Win32.Build.0 = Debug|Win32
		{7C6B5A06-080D-4299-9A9F-91E7CF45D407}.Debug|x64.ActiveCfg = Debug|x64
		{7C6B5A06-080D-4299-9A9F-91E7CF45D407}.Debug|x64.Build.0 = Debug|x64
		{7C6B5A06-080D-4299-9A9F-91E7CF45D407}.Release|Win32.ActiveCfg = Release|Win32
		{7C6B5A06-080D-4299-9A9F-91E7CF45D407}.Release|Win32.Build.0 = Release|Win32
		{7C6B5A06-080D-4299-9A9F-91E7CF45D407}.Release|x64.ActiveCfg = Release|x64
		{7C6B5A06-080D-4299-9A9F-91E7CF45D407}.Release|x64.Build.0 = Release|x64
		{7F3D1F57-2123-4E5E-A268-3AE3A23248C4}.Debug|Win32.ActiveCfg = Debug|x64
		{7F3D1F57-2123-4E5E-A268-3AE3A23248C4}.Debug|x64.ActiveCfg = Debug|x64
		{7F3D1F57-2123-4E5E-A268-3AE3A23248C4}.Debug|x64.Build.0 = Debug|x64
		{7F3D1F57-2123-4E5E-A268-3AE3A23248C4}.Release|Win32.ActiveCfg = Release|x64
		{7F3D1F57-2123-4E5E-A268-3AE3A23248C4}.Release|x64.ActiveCfg = Release|x64
		{7F3D1F57-2123-4E5E-A268-3AE3A23248C4}.Release|x64.Build.0 = Release|x64
		{9300E077-B480-46C8-ABAB-ED5F8FF8A95B}.Debug|Win32.ActiveCfg = Debug|Win32
		{9300E077-B480-46C8-ABAB-ED5F8FF8A95B}.Debug|Win32.Build.0 = Debug|Win32
		{9300E077-B480-46C8-ABAB-ED5F8FF8A95B}.Debug|x64.ActiveCfg = Debug|x64
		{9300E077-B480-46C8-ABAB-ED5F8FF8A95B}.Debug|x64.Build.0 = Debug|x64
		{9300E077-B480-46C8-ABAB-ED5F8FF8A95B}.Release|Win32.ActiveCfg = Release|Win32
		{9300E077-B480-46C8-ABAB-ED5F8FF8A95B}.Release|Win32.Build.0 = Release|Win32
		{9300E077-B480-46C8-ABAB-ED5F8FF8A95B}.Release|x64.ActiveCfg = Release|x64
		{9300E077-B480-46C8-ABAB-ED5F8FF8A95B}.Release|x64.Build.0 = Release|x64
		{73CFF681-556D-4317-ADD1-3A4DEAF5667B}.Debug|Win32.ActiveCfg = Debug|Win32
		{73CFF681-556D-4317-ADD1-3A4DEAF5667B}.Debug|Win32.Build.0 = Debug|Win32
		{73CFF681-556D-4317-ADD1-3A4DEAF5667B}.Debug|x64.ActiveCfg = Debug|x64
		{73CFF681-556D-4317-ADD1-3A4DEAF5667B}.Debug|x64.Build.0 = Debug|x64
		{73CFF681-556D-4317-ADD1-3A4DEAF5667B}.Release|Win32.ActiveCfg = Release|Win32
		{73CFF681-556D-4317-ADD1-3A4DEAF5667B}.Release|Win32.Build.0 = Release|Win32
		{73CFF681-556D-4317-ADD1-3A4DEAF5667B}.Release|x64.ActiveCfg = Release|x64
		{73CFF681-556D-4317-ADD1-3A4DEAF5667B}.Release|x64.Build.0 = Release|x64
		{C8758092-5EF3-4CD7-9D00-D6AA4C72248F}.Debug|Win32.ActiveCfg = Debug|Win32
		{C8758092-5EF3-4CD7-9D00-D6AA4C72248F}.Debug|Win32.Build.0 = Debug|Win32
		{C8758092-5EF3-4CD7-9D00-D6AA4C72248F}.Debug|x64.ActiveCfg = Debug|x64
		{C8758092-5EF3-4CD7-9D00-D6AA4C72248F}.Debug|x64.Build.0 = Debug|x64
		{C8758092-5EF3-4CD7-9D00-D6AA4C72248F}.Release|Win32.ActiveCfg = Release|Win32
		{C8758092-5EF3-4CD7-9D00-D6AA4C72248F}.Release|Win32.Build.0 = Release|Win32
		{C8758092-5EF3-4CD7-9D00-D6AA4C72248F}.Release|x64.ActiveCfg = Release|x64
		{C8758092-5EF3-4CD7-9D00-D6AA4C72248F}.Release|x64.Build.0 = Release|x64
		{8A744BC6-F375-426C-8BE0-68DF9E10977A}.Debug|Win32.ActiveCfg = Any|Win32
		{8A744BC6-F375-426C-8BE0-68DF9E10977A}.Debug|Win32.Build.0 = Any|Win32
		{8A744BC6-F375-426C-8BE0-68DF9E10977A}.Debug|x64.ActiveCfg = Any|x64
		{8A744BC6-F375-426C-8BE0-68DF9E10977A}.Debug|x64.Build.0 = Any|x64
		{8A744BC6-F375-426C-8BE0-68DF9E10977A}.Release|Win32.ActiveCfg = Any|Win32
		{8A744BC6-F375-426C-8BE0-68DF9E10977A}.Release|Win32.Build.0 = Any|Win32
		{8A744BC6-F375-426C-8BE0-68DF9E10977A}.Release|x64.ActiveCfg = Any|x64
		{8A744BC6-F375-426C-8BE0-68DF9E10977A}.Release|x64.Build.0 = Any|x64
		{65E33A75-132D-4DD7-987F-4B5ECE0B87FF}.Debug|Win32.ActiveCfg = Any|Win32
		{65E33A75-132D-4DD7-987F-4B5ECE0B87FF}.Debug|Win32.Build.0 = Any|Win32
		{65E33A75-132D-4DD7-987F-4B5ECE0B87FF}.Debug|x64.ActiveCfg = Any|x64
		{65E33A75-132D-4DD7-987F-4B5ECE0B87FF}.Debug|x64.Build.0 = Any|x64
		{65E33A75-132D-4DD7-987F-4B5ECE0B87FF}.Release|Win32.ActiveCfg = Any|Win32
		{65E33A75-132D-4DD7-987F-4B5ECE0B87FF}.Release|Win32.Build.0 = Any|Win32
		{65E33A75-132D-4DD7-987F-4B5ECE0B87FF}.Release|x64.ActiveCfg = Any|x64
		{65E33A75-132D-4DD7-987F-4B5ECE0B87FF}.Release|x64.Build.0 = Any|x64
		{72EA218D-931C-4A56-A239-5FEC2826EE0D}.Debug|Win32.ActiveCfg = Debug|Win32
		{72EA218D-931C-4A56-A239-5FEC2826EE0D}.Debug|Win32.Build.0 = Debug|Win32
		{72EA218D-931C-4A56-A239-5FEC2826EE0D}.Debug|x64.ActiveCfg = Debug|x64
		{72EA218D-931C-4A56-A239-5FEC2826EE0D}.Debug|x64.Build.0 = Debug|x64
		{72EA218D-931C-4A56-A239-5FEC2826EE0D}.Release|Win32.ActiveCfg = Release|Win32
		{72EA218D-931C-4A56-A239-5FEC2826EE0D}.Release|Win32.Build.0 = Release|Win32
		{72EA218D-931C-4A56-A239-5FEC2826EE0D}.Release|x64.ActiveCfg = Release|x64
		{72EA218D-931C-4A56-A239-5FEC2826EE0D}.Release|x64.Build.0 = Release|x64
		{9E23F937-1662-45C0-B0B6-28D48BF95BE5}.Debug|Win32.ActiveCfg = Debug|Win32
		{9E23F937-1662-45C0-B0B6-28D48BF95BE5}.Debug|Win32.Build.0 = Debug|Win32
		{9E23F937-1662-45C0-B0B6-28D48BF95BE5}.Debug|x64.ActiveCfg = Debug|x64
		{9E23F937-1662-45C0-B0B6-28D48BF95BE5}.Debug|x64.Build.0 = Debug|x64
		{9E23F937-1662-45C0-B0B6-28D48BF95BE5}.Release|Win32.ActiveCfg = Release|Win32
		{9E23F937-1662-45C0-B0B6-28D48BF95BE5}.Release|Win32.Build.0 = Release|Win32
		{9E23F937-1662-45C0-B0B6-28D48BF95BE5}.Release|x64.ActiveCfg = Release|x64
		{9E23F937-1662-45C0-B0B6-28D48BF95BE5}.Release|x64.Build.0 = Release|x64
		{0401ADF5-D085-4A3D-95B2-D9B7896BB338}.Debug|Win32.ActiveCfg = Release|Win32
		{0401ADF5-D085-4A3D-95B2-D9B7896BB338}.Debug|Win32.Build.0 = Release|Win32
		{0401ADF5-D085-4A3D-95B2-D9B7896BB338}.Debug|x64.ActiveCfg = Release|x64
		{0401ADF5-D085-4A3D-95B2-D9B7896BB338}.Debug|x64.Build.0 = Release|x64
		{0401ADF5-D085-4A3D-95B2-D9B7896BB338}.Release|Win32.ActiveCfg = Release|Win32
		{0401ADF5-D085-4A3D-95B2-D9B7896BB338}.Release|Win32.Build.0 = Release|Win32
		{0401ADF5-D085-4A3D-95B2-D9B7896BB338}.Release|x64.ActiveCfg = Release|x64
		{0401ADF5-D085-4A3D-95B2-D9B7896BB338}.Release|x64.Build.0 = Release|x64
		{D1C2099B-BEC7-4993-8947-01D4A1F7EAE2}.Debug|Win32.ActiveCfg = Release|Win32
		{D1C2099B-BEC7-4993-8947-01D4A1F7EAE2}.Debug|Win32.Build.0 = Release|Win32
		{D1C2099B-BEC7-4993-8947-01D4A1F7EAE2}.Debug|x64.ActiveCfg = Release|x64
		{D1C2099B-BEC7-4993-8947-01D4A1F7EAE2}.Debug|x64.Build.0 = Release|x64
		{D1C2099B-BEC7-4993-8947-01D4A1F7EAE2}.Release|Win32.ActiveCfg = Release|Win32
		{D1C2099B-BEC7-4993-8947-01D4A1F7EAE2}.Release|Win32.Build.0 = Release|Win32
		{D1C2099B-BEC7-4993-8947-01D4A1F7EAE2}.Release|x64.ActiveCfg = Release|x64
		{D1C2099B-BEC7-4993-8947-01D4A1F7EAE2}.Release|x64.Build.0 = Release|x64
		{79A35101-9142-4AC9-BFDF-5759422D09BF}.Debug|Win32.ActiveCfg = Debug|Win32
		{79A35101-9142-4AC9-BFDF-5759422D09BF}.Debug|Win32.Build.0 = Debug|Win32
		{79A35101-9142-4AC9-BFDF-5759422D09BF}.Debug|x64.ActiveCfg = Debug|x64
		{79A35101-9142-4AC9-BFDF-5759422D09BF}.Debug|x64.Build.0 = Debug|x64
		{79A35101-9142-4AC9-BFDF-5759422D09BF}.Release|Win32.ActiveCfg = Release|Win32
		{79A35101-9142-4AC9-BFDF-5759422D09BF}.Release|Win32.Build.0 = Release|Win32
		{79A35101-9142-4AC9-BFDF-5759422D09BF}.Release|x64.ActiveCfg = Release|x64
		{79A35101-9142-4AC9-BFDF-5759422D09BF}.Release|x64.Build.0 = Release|x64
		{53795001-97BD-4CF1-8461-919D5F908E7D}.Debug|Win32.ActiveCfg = Debug|Win32
		{53795001-97BD-4CF1-8461-919D5F908E7D}.Debug|Win32.Build.0 = Debug|Win32
		{53795001-97BD-4CF1-8461-919D5F908E7D}.Debug|x64.ActiveCfg = Debug|x64
		{53795001-97BD-4CF1-8461-919D5F908E7D}.Debug|x64.Build.0 = Debug|x64
		{53795001-97BD-4CF1-8461-919D5F908E7D}.Release|Win32.ActiveCfg = Release|Win32
		{53795001-97BD-4CF1-8461-919D5F908E7D}.Release|Win32.Build.0 = Release|Win32
		{53795001-97BD-4CF1-8461-919D5F908E7D}.Release|x64.ActiveCfg = Release|x64
		{53795001-97BD-4CF1-8461-919D5F908E7D}.Release|x64.Build.0 = Release|x64
		{EEDBCA9B-C1DF-4542-B44D-0343E9352263}.Debug|Win32.ActiveCfg = Debug|Win32
		{EEDBCA9B-C1DF-4542-B44D-0343E9352263}.Debug|Win32.Build.0 = Debug|Win32
		{EEDBCA9B-C1DF-4542-B44D-0343E9352263}.Debug|x64.ActiveCfg = Debug|x64
		{EEDBCA9B-C1DF-4542-B44D-0343E9352263}.Debug|x64.Build.0 = Debug|x64
		{EEDBCA9B-C1DF-4542-B44D-0343E9352263}.Release|Win32.ActiveCfg = Release|Win32
		{EEDBCA9B-C1DF-4542-B44D-0343E9352263}.Release|Win32.Build.0 = Release|Win32
		{EEDBCA9B-C1DF-4542-B44D-0343E9352263}.Release|x64.ActiveCfg = Release|x64
		{EEDBCA9B-C1DF-4542-B44D-0343E9352263}.Release|x64.Build.0 = Release|x64
	EndGlobalSection
	GlobalSection(SolutionProperties) = preSolution
		HideSolutionNode = FALSE
	EndGlobalSection
	GlobalSection(NestedProjects) = preSolution
		{A14C8C6A-4118-4177-BFAC-1C9113D8C24C} = {A9750578-1E74-47FA-8148-2AE9014599BE}
		{F0E0D66F-C987-4559-8AE0-A501539D009C} = {DCB508B7-1138-4257-BE76-1B5BBC260484}
		{826E0E8E-2533-4DE5-A7AA-CC812759D3AB} = {521A6660-66F3-418E-A594-003D1B61BA53}
		{5FB5800B-9FD9-4E3F-BD1B-EDC0613D7A5F} = {521A6660-66F3-418E-A594-003D1B61BA53}
		{E6664075-013C-461C-BC73-99F4F25507C0} = {DCB508B7-1138-4257-BE76-1B5BBC260484}
		{42EEB399-D871-4AB4-BEC8-DA82669D9A27} = {A9750578-1E74-47FA-8148-2AE9014599BE}
		{865946C1-9D13-4705-A72B-393266D50730} = {A9750578-1E74-47FA-8148-2AE9014599BE}
		{47EC92F9-8B13-4A52-B80E-9EEC1BFFED99} = {521A6660-66F3-418E-A594-003D1B61BA53}
		{D896A430-A8B9-4E1A-B557-5C2CB5CACBD4} = {521A6660-66F3-418E-A594-003D1B61BA53}
		{F4C5B19A-4518-42EC-8252-247B138F84DF} = {A9CCC5A0-B4B1-4D12-8D18-A6EB8E887523}
		{8500A290-B7D2-45A1-ADEF-AFEDC0693E1A} = {A9CCC5A0-B4B1-4D12-8D18-A6EB8E887523}
		{7C6B5A06-080D-4299-9A9F-91E7CF45D407} = {521A6660-66F3-418E-A594-003D1B61BA53}
		{7F3D1F57-2123-4E5E-A268-3AE3A23248C4} = {521A6660-66F3-418E-A594-003D1B61BA53}
		{9300E077-B480-46C8-ABAB-ED5F8FF8A95B} = {521A6660-66F3-418E-A594-003D1B61BA53}
		{73CFF681-556D-4317-ADD1-3A4DEAF5667B} = {521A6660-66F3-418E-A594-003D1B61BA53}
		{C8758092-5EF3-4CD7-9D00-D6AA4C72248F} = {A9750578-1E74-47FA-8148-2AE9014599BE}
		{8A744BC6-F375-426C-8BE0-68DF9E10977A} = {2C80914D-903D-4013-87E2-BEA8B720B1AA}
		{65E33A75-132D-4DD7-987F-4B5ECE0B87FF} = {2C80914D-903D-4013-87E2-BEA8B720B1AA}
		{72EA218D-931C-4A56-A239-5FEC2826EE0D} = {DCB508B7-1138-4257-BE76-1B5BBC260484}
		{9E23F937-1662-45C0-B0B6-28D48BF95BE5} = {521A6660-66F3-418E-A594-003D1B61BA53}
		{0401ADF5-D085-4A3D-95B2-D9B7896BB338} = {521A6660-66F3-418E-A594-003D1B61BA53}
		{D1C2099B-BEC7-4993-8947-01D4A1F7EAE2} = {521A6660-66F3-418E-A594-003D1B61BA53}
		{79A35101-9142-4AC9-BFDF-5759422D09BF} = {521A6660-66F3-418E-A594-003D1B61BA53}
		{53795001-97BD-4CF1-8461-919D5F908E7D} = {521A6660-66F3-418E-A594-003D1B61BA53}
	EndGlobalSection
	GlobalSection(ExtensibilityGlobals) = postSolution
		SolutionGuid = {93A248BB-E61E-4F78-B9C6-D732A72D7AC4}
	EndGlobalSection
EndGlobal
