<?xml version="1.0" encoding="utf-8"?>
<Project ToolsVersion="4.0" xmlns="http://schemas.microsoft.com/developer/msbuild/2003">
  <ItemGroup>
    <Filter Include="Header Files">
      <UniqueIdentifier>{afac15da-7be3-4d28-9b64-86abda14cceb}</UniqueIdentifier>
    </Filter>
    <Filter Include="Source Files">
      <UniqueIdentifier>{92380126-6868-4c46-bae9-90262ca28e70}</UniqueIdentifier>
    </Filter>
    <Filter Include="Header Files\demo">
      <UniqueIdentifier>{a44b8fe9-c4df-41ba-8d02-d8eeb37606ff}</UniqueIdentifier>
    </Filter>
    <Filter Include="Source Files\demo">
      <UniqueIdentifier>{5471c908-095e-4657-b482-8c68d917179d}</UniqueIdentifier>
    </Filter>
    <Filter Include="Source Files\common">
      <UniqueIdentifier>{c4f010ca-2e0b-4ef1-b8ca-29003eefd9a7}</UniqueIdentifier>
    </Filter>
    <Filter Include="Makefiles">
      <UniqueIdentifier>{15e8ef13-ab99-448f-a630-fc5edf705c0b}</UniqueIdentifier>
    </Filter>
    <Filter Include="Header Files\samples">
      <UniqueIdentifier>{eb59bbf0-2a88-42c2-9da6-e595b4fc616e}</UniqueIdentifier>
    </Filter>
    <Filter Include="Header Files\samples\common">
      <UniqueIdentifier>{441d46f4-261d-43c9-9bd5-7f370e3b45ba}</UniqueIdentifier>
    </Filter>
    <Filter Include="Header Files\lwn-headers">
      <UniqueIdentifier>{ea78e2b3-21ed-47fd-859d-5a14c96b9f4c}</UniqueIdentifier>
    </Filter>
    <Filter Include="Header Files\lwn-headers\lwnTool">
      <UniqueIdentifier>{2bf2de8c-56f6-451d-89c5-cb0e0b091f64}</UniqueIdentifier>
    </Filter>
    <Filter Include="Header Files\lwn-headers\lwn">
      <UniqueIdentifier>{4af50b9e-a5a2-47d4-9604-df191e084fee}</UniqueIdentifier>
    </Filter>
    <Filter Include="Header Files\common">
      <UniqueIdentifier>{6b296243-fd25-4fdb-8dd7-2d3507ff2901}</UniqueIdentifier>
    </Filter>
    <Filter Include="Header Files\common\lwnUtil">
      <UniqueIdentifier>{03716873-2360-4a14-b39b-0ad9d717c731}</UniqueIdentifier>
    </Filter>
  </ItemGroup>
  <ItemGroup>
    <ClInclude Include="..\common\demo\headers\demo.h">
      <Filter>Header Files\demo</Filter>
    </ClInclude>
    <ClInclude Include="..\common\demo\headers\demoFont.h">
      <Filter>Header Files\demo</Filter>
    </ClInclude>
    <ClInclude Include="..\common\demo\headers\demoFontData.h">
      <Filter>Header Files\demo</Filter>
    </ClInclude>
    <ClInclude Include="..\common\demo\headers\demoGfx.h">
      <Filter>Header Files\demo</Filter>
    </ClInclude>
    <ClInclude Include="..\common\demo\headers\demoGfxDefaults.h">
      <Filter>Header Files\demo</Filter>
    </ClInclude>
    <ClInclude Include="..\common\demo\headers\demoGfxTypes.h">
      <Filter>Header Files\demo</Filter>
    </ClInclude>
    <ClInclude Include="..\common\demo\headers\demoSystem.h">
      <Filter>Header Files\demo</Filter>
    </ClInclude>
    <ClInclude Include="..\common\demo\headers\mat.h">
      <Filter>Header Files\demo</Filter>
    </ClInclude>
    <ClInclude Include="..\common\demo\headers\mtx\mat44.h">
      <Filter>Header Files\demo</Filter>
    </ClInclude>
    <ClInclude Include="..\common\demo\headers\mtx\matVec.h">
      <Filter>Header Files\demo</Filter>
    </ClInclude>
    <ClInclude Include="..\common\demo\headers\mtx.h">
      <Filter>Header Files\demo</Filter>
    </ClInclude>
    <ClInclude Include="..\common\demo\headers\mtx\mtx44.h">
      <Filter>Header Files\demo</Filter>
    </ClInclude>
    <ClInclude Include="..\common\demo\mtx44Assert.h">
      <Filter>Header Files\demo</Filter>
    </ClInclude>
    <ClInclude Include="..\common\demo\mtxAssert.h">
      <Filter>Header Files\demo</Filter>
    </ClInclude>
    <ClInclude Include="..\common\demo\headers\mtx\mtxGeoTypes.h">
      <Filter>Header Files\demo</Filter>
    </ClInclude>
    <ClInclude Include="..\common\demo\headers\mtx\mtxVec.h">
      <Filter>Header Files\demo</Filter>
    </ClInclude>
    <ClInclude Include="..\common\demo\headers\trace.h">
      <Filter>Header Files\demo</Filter>
    </ClInclude>
    <ClInclude Include="..\common\demo\headers\types.h">
      <Filter>Header Files\demo</Filter>
    </ClInclude>
    <ClInclude Include="..\common\lwnutil.h">
      <Filter>Header Files\samples\common</Filter>
    </ClInclude>
    <ClInclude Include="..\..\..\..\drivers\lwn\public\lwnTool\lwnTool_GlslcInterface.h">
      <Filter>Header Files\lwn-headers\lwnTool</Filter>
    </ClInclude>
    <ClInclude Include="..\..\..\..\drivers\lwn\public\lwn\lwn.h">
      <Filter>Header Files\lwn-headers\lwn</Filter>
    </ClInclude>
    <ClInclude Include="..\..\..\..\drivers\lwn\public\lwn\lwn_FuncPtr.h">
      <Filter>Header Files\lwn-headers\lwn</Filter>
    </ClInclude>
    <ClInclude Include="..\..\..\..\drivers\lwn\public\lwn\lwn_FuncPtrImpl.h">
      <Filter>Header Files\lwn-headers\lwn</Filter>
    </ClInclude>
    <ClInclude Include="..\..\..\..\drivers\lwn\public\lwn\lwn_FuncPtrInline.h">
      <Filter>Header Files\lwn-headers\lwn</Filter>
    </ClInclude>
    <ClInclude Include="..\..\common\lwnUtil\lwnUtil_AlignedStorage.h">
      <Filter>Header Files\common\lwnUtil</Filter>
    </ClInclude>
    <ClInclude Include="..\..\common\lwnUtil\lwnUtil_AlignedStorageImpl.h">
      <Filter>Header Files\common\lwnUtil</Filter>
    </ClInclude>
    <ClInclude Include="..\..\common\lwnUtil\lwnUtil_GlslcHelper.h">
      <Filter>Header Files\common\lwnUtil</Filter>
    </ClInclude>
    <ClInclude Include="..\..\common\lwnUtil\lwnUtil_GlslcHelperImpl.h">
      <Filter>Header Files\common\lwnUtil</Filter>
    </ClInclude>
    <ClInclude Include="..\..\common\lwnUtil\lwnUtil_PoolAllocator.h">
      <Filter>Header Files\common\lwnUtil</Filter>
    </ClInclude>
    <ClInclude Include="..\..\common\lwnUtil\lwnUtil_PoolAllocatorImpl.h">
      <Filter>Header Files\common\lwnUtil</Filter>
    </ClInclude>
  </ItemGroup>
  <ItemGroup>
    <ClCompile Include="..\common\demo\demoFont.cpp">
      <Filter>Source Files\demo</Filter>
    </ClCompile>
    <ClCompile Include="..\common\demo\demoGfx.cpp">
      <Filter>Source Files\demo</Filter>
    </ClCompile>
    <ClCompile Include="..\common\demo\demoSystem.cpp">
      <Filter>Source Files\demo</Filter>
    </ClCompile>
    <ClCompile Include="..\common\demo\mtx.cpp">
      <Filter>Source Files\demo</Filter>
    </ClCompile>
    <ClCompile Include="..\common\demo\mtx44.cpp">
      <Filter>Source Files\demo</Filter>
    </ClCompile>
    <ClCompile Include="..\common\demo\mtx44Vec.cpp">
      <Filter>Source Files\demo</Filter>
    </ClCompile>
    <ClCompile Include="..\common\demo\mtxQuat.cpp">
      <Filter>Source Files\demo</Filter>
    </ClCompile>
    <ClCompile Include="..\common\demo\mtxStack.cpp">
      <Filter>Source Files\demo</Filter>
    </ClCompile>
    <ClCompile Include="..\common\demo\mtxVec.cpp">
      <Filter>Source Files\demo</Filter>
    </ClCompile>
    <ClCompile Include="..\common\demo\trace.cpp">
      <Filter>Source Files\demo</Filter>
    </ClCompile>
    <ClCompile Include="..\common\demo\winMain.cpp">
      <Filter>Source Files\demo</Filter>
    </ClCompile>
    <ClCompile Include=".\src\triangle.cpp">
      <Filter>Source Files</Filter>
    </ClCompile>
    <ClCompile Include="..\noglut\noglut.cpp">
      <Filter>Source Files\common</Filter>
    </ClCompile>
    <ClCompile Include="..\common\lwnutil.cpp">
      <Filter>Source Files\common</Filter>
    </ClCompile>
  </ItemGroup>
  <ItemGroup>
    <None Include=".\src\Makefile.tmk">
      <Filter>Makefiles</Filter>
    </None>
  </ItemGroup>
</Project>
