<?xml version="1.0" encoding="utf-8"?>
<Project ToolsVersion="4.0" xmlns="http://schemas.microsoft.com/developer/msbuild/2003">
  <ItemGroup>
    <Filter Include="Resource Files">
      <UniqueIdentifier>{67DA6AB6-F800-4c08-8B7A-83BB121AAD01}</UniqueIdentifier>
      <Extensions>rc;ico;lwr;bmp;dlg;rc2;rct;bin;rgs;gif;jpg;jpeg;jpe;resx;tiff;tif;png;wav;mfcribbon-ms</Extensions>
    </Filter>
    <Filter Include="Source Files">
      <UniqueIdentifier>{4FC737F1-C7A5-4376-A066-2A32D752A2FF}</UniqueIdentifier>
      <Extensions>h;hpp;cpp;c;cc;cxx;def;odl;idl;hpj;bat;asm;asmx</Extensions>
    </Filter>
    <Filter Include="Include Files %28public%29">
      <UniqueIdentifier>{08970cba-b8c2-4925-a287-4103de9d63a0}</UniqueIdentifier>
    </Filter>
    <Filter Include="Include Files %28public%29\ansel">
      <UniqueIdentifier>{5ebb2050-4784-46da-9343-3625e2310faf}</UniqueIdentifier>
    </Filter>
    <Filter Include="Include Files %28public%29\lw">
      <UniqueIdentifier>{24abdec5-871e-4aee-9019-799c5b39c784}</UniqueIdentifier>
    </Filter>
    <Filter Include="Include Files %28internal%29">
      <UniqueIdentifier>{f185b988-56a3-49be-921b-30055c52e908}</UniqueIdentifier>
    </Filter>
  </ItemGroup>
  <ItemGroup>
    <ClCompile Include="source\Camera.cpp">
      <Filter>Source Files</Filter>
    </ClCompile>
    <ClCompile Include="source\Version.cpp">
      <Filter>Source Files</Filter>
    </ClCompile>
    <ClCompile Include="source\Hints.cpp">
      <Filter>Source Files</Filter>
    </ClCompile>
    <ClCompile Include="source\Session.cpp">
      <Filter>Source Files</Filter>
    </ClCompile>
    <ClCompile Include="source\UserControls.cpp">
      <Filter>Source Files</Filter>
    </ClCompile>
    <ClCompile Include="source\LwCameraVersion.cpp">
      <Filter>Source Files</Filter>
    </ClCompile>
  </ItemGroup>
  <ItemGroup>
    <ClInclude Include="include\lw\Quat.h">
      <Filter>Include Files %28public%29\lw</Filter>
    </ClInclude>
    <ClInclude Include="include\lw\Vec3.h">
      <Filter>Include Files %28public%29\lw</Filter>
    </ClInclude>
    <ClInclude Include="include\ansel\Camera.h">
      <Filter>Include Files %28public%29\ansel</Filter>
    </ClInclude>
    <ClInclude Include="include\ansel\Hints.h">
      <Filter>Include Files %28public%29\ansel</Filter>
    </ClInclude>
    <ClInclude Include="include\ansel\Defines.h">
      <Filter>Include Files %28public%29\ansel</Filter>
    </ClInclude>
    <ClInclude Include="include\ansel\Configuration.h">
      <Filter>Include Files %28public%29\ansel</Filter>
    </ClInclude>
    <ClInclude Include="include\ansel\Session.h">
      <Filter>Include Files %28public%29\ansel</Filter>
    </ClInclude>
    <ClInclude Include="include\AnselSDK.h">
      <Filter>Include Files %28public%29</Filter>
    </ClInclude>
    <ClInclude Include="include\ansel\Version.h">
      <Filter>Include Files %28public%29\ansel</Filter>
    </ClInclude>
    <ClInclude Include="resource.h">
      <Filter>Resource Files</Filter>
    </ClInclude>
    <ClInclude Include="include\ansel\UserControls.h">
      <Filter>Include Files %28public%29\ansel</Filter>
    </ClInclude>
    <ClInclude Include="source\LwCameraVersion.h">
      <Filter>Include Files %28internal%29</Filter>
    </ClInclude>
  </ItemGroup>
  <ItemGroup>
    <None Include="include\lw\Vec3.inl">
      <Filter>Include Files %28public%29\lw</Filter>
    </None>
  </ItemGroup>
  <ItemGroup>
    <ResourceCompile Include="AnselSDK.rc">
      <Filter>Resource Files</Filter>
    </ResourceCompile>
  </ItemGroup>
</Project>