<?xml version='1.0' encoding='UTF-8'?>
<Project ToolsVersion="4.0" xmlns="http://schemas.microsoft.com/developer/msbuild/2003">
  <ItemGroup>
    <Filter Include="drivers\wgf2um\top\shader">
      <UniqueIdentifier>{a499df6a-dca7-4bb3-90cb-8b5e123798ec}</UniqueIdentifier>
    </Filter>
    <Filter Include="drivers\wgf2um\internals\utils">
      <UniqueIdentifier>{7651981f-45bf-476a-b007-b675392dcb27}</UniqueIdentifier>
    </Filter>
    <Filter Include="drivers\wgf2um\device\maxwell\perfStrat">
      <UniqueIdentifier>{97509bcf-b8ca-4a43-b6cf-8bac2b05308e}</UniqueIdentifier>
    </Filter>
    <Filter Include="drivers\wgf2um\device\common\qmd">
      <UniqueIdentifier>{8603d028-2f64-45d4-a448-cbe46e1dd6f3}</UniqueIdentifier>
    </Filter>
    <Filter Include="drivers\wgf2um\device\pascal">
      <UniqueIdentifier>{98457cf9-0f26-4ab6-a914-f6e56f045aeb}</UniqueIdentifier>
    </Filter>
    <Filter Include="drivers\wgf2um\device\maxwell">
      <UniqueIdentifier>{3302df60-9493-4c83-8484-c9e9a1e18129}</UniqueIdentifier>
    </Filter>
    <Filter Include="drivers\wgf2um\device\kepler">
      <UniqueIdentifier>{cb2ed489-71da-413b-ab34-8e5a41e8550b}</UniqueIdentifier>
    </Filter>
    <Filter Include="drivers\wgf2um\device\fermi">
      <UniqueIdentifier>{f93cfac2-fa43-47c7-ad48-82d3055524db}</UniqueIdentifier>
    </Filter>
    <Filter Include="drivers\wgf2um\device\common">
      <UniqueIdentifier>{106c7fed-a5ea-481a-9e1d-98824939560d}</UniqueIdentifier>
    </Filter>
    <Filter Include="drivers\wgf2um\compiler\parseasm\lwD3D10Assembler">
      <UniqueIdentifier>{5b70d6f6-bbe8-43bc-9d72-911cde36fe4e}</UniqueIdentifier>
    </Filter>
    <Filter Include="drivers\wgf2um\compiler\parseasm">
      <UniqueIdentifier>{a4e7c77f-5651-4566-8ce3-7155dbaba122}</UniqueIdentifier>
    </Filter>
    <Filter Include="drivers\wgf2um\top">
      <UniqueIdentifier>{c2bd0601-2b58-4328-a5c3-3ef9297ad679}</UniqueIdentifier>
    </Filter>
    <Filter Include="drivers\wgf2um\internals">
      <UniqueIdentifier>{fdfbc9fe-7106-4b56-a06b-bc80407eff27}</UniqueIdentifier>
    </Filter>
    <Filter Include="drivers\wgf2um\device">
      <UniqueIdentifier>{d4a314d4-cde0-4dd9-8d49-7c227c6ed095}</UniqueIdentifier>
    </Filter>
    <Filter Include="drivers\wgf2um\compiler">
      <UniqueIdentifier>{88f2edbc-d3b4-43a3-9fe1-bde10ce8756c}</UniqueIdentifier>
    </Filter>
    <Filter Include="drivers\ddraw\heap\common\src">
      <UniqueIdentifier>{1440855e-2710-494b-8a62-fd74e5d1a23b}</UniqueIdentifier>
    </Filter>
    <Filter Include="drivers\ddraw\heap\common">
      <UniqueIdentifier>{e556d8c2-364d-405b-a1be-fca50bf857cc}</UniqueIdentifier>
    </Filter>
    <Filter Include="drivers\ddraw\compiler\parseasm">
      <UniqueIdentifier>{ccc1cab9-5bd6-4c08-9818-ad5edeaabc1f}</UniqueIdentifier>
    </Filter>
    <Filter Include="drivers\ddraw\heap">
      <UniqueIdentifier>{84f4b2d4-7e15-4014-ab4d-653bd6128835}</UniqueIdentifier>
    </Filter>
    <Filter Include="drivers\ddraw\compiler">
      <UniqueIdentifier>{b99a05a1-372f-447d-8f4d-02abba702923}</UniqueIdentifier>
    </Filter>
    <Filter Include="drivers\common\dwarf\code">
      <UniqueIdentifier>{581c83f7-4613-4e3c-9be0-27a28a87f507}</UniqueIdentifier>
    </Filter>
    <Filter Include="drivers\common\directx\src">
      <UniqueIdentifier>{5d883bda-54ef-4b1a-9dcc-757decd75bcd}</UniqueIdentifier>
    </Filter>
    <Filter Include="drivers\common\cop\ori\volta">
      <UniqueIdentifier>{2792766f-a2f7-4320-8792-06d2026a10d5}</UniqueIdentifier>
    </Filter>
    <Filter Include="drivers\common\cop\ori\plugin">
      <UniqueIdentifier>{bf94fa14-068d-4ad6-a712-6c6c9084362e}</UniqueIdentifier>
    </Filter>
    <Filter Include="drivers\common\cop\ori\fermi">
      <UniqueIdentifier>{4ab393cb-f9a6-4dc7-834c-06667af0dfc3}</UniqueIdentifier>
    </Filter>
    <Filter Include="drivers\common\cop\dx\shader_profiler">
      <UniqueIdentifier>{ebb7b9af-f3c1-4de4-9a86-ff450a57e691}</UniqueIdentifier>
    </Filter>
    <Filter Include="drivers\common\cop\codegen\utils">
      <UniqueIdentifier>{797a2428-f3d7-4c4c-b8b3-a29d76004fdc}</UniqueIdentifier>
    </Filter>
    <Filter Include="drivers\common\cop\codegen\maxwell">
      <UniqueIdentifier>{beb3f3cc-e515-4141-9b6c-7224d73addaf}</UniqueIdentifier>
    </Filter>
    <Filter Include="drivers\common\cop\codegen\glasm">
      <UniqueIdentifier>{07125a5e-e9b5-421a-8661-e9add6583f5b}</UniqueIdentifier>
    </Filter>
    <Filter Include="drivers\common\cop\codegen\fermi">
      <UniqueIdentifier>{9e79726e-ad44-450e-bf1f-362a53a57d01}</UniqueIdentifier>
    </Filter>
    <Filter Include="drivers\common\cop\vm">
      <UniqueIdentifier>{4914e8b4-b975-4380-90f6-2575157d1114}</UniqueIdentifier>
    </Filter>
    <Filter Include="drivers\common\cop\ori">
      <UniqueIdentifier>{2653c7ae-1d8a-47de-b3b8-2db8d475a6d3}</UniqueIdentifier>
    </Filter>
    <Filter Include="drivers\common\cop\lwir_driver">
      <UniqueIdentifier>{3af67a7b-c9a8-491c-a772-8ac9f93b1551}</UniqueIdentifier>
    </Filter>
    <Filter Include="drivers\common\cop\lwir">
      <UniqueIdentifier>{8657ee18-74cf-49f6-a033-549e6813726b}</UniqueIdentifier>
    </Filter>
    <Filter Include="drivers\common\cop\mm">
      <UniqueIdentifier>{1ee517c4-dc6f-481a-9ec1-d7f56ded3ec7}</UniqueIdentifier>
    </Filter>
    <Filter Include="drivers\common\cop\interface">
      <UniqueIdentifier>{69051a4a-360a-4058-b90e-4271ec5bdbac}</UniqueIdentifier>
    </Filter>
    <Filter Include="drivers\common\cop\dx">
      <UniqueIdentifier>{973c1316-0f33-40a0-89e1-3c879595e726}</UniqueIdentifier>
    </Filter>
    <Filter Include="drivers\common\cop\codegen">
      <UniqueIdentifier>{7bac850c-7844-44f7-bcac-4fb4bbe37b20}</UniqueIdentifier>
    </Filter>
    <Filter Include="drivers\common\lwi">
      <UniqueIdentifier>{49fa1ac1-c8ad-483a-bae5-1d5a82b37670}</UniqueIdentifier>
    </Filter>
    <Filter Include="drivers\common\dwarf">
      <UniqueIdentifier>{908a7092-8173-4a01-a386-13a54cc10216}</UniqueIdentifier>
    </Filter>
    <Filter Include="drivers\common\directx">
      <UniqueIdentifier>{c68b1ade-cdf8-4773-9c00-3b22fd7abb10}</UniqueIdentifier>
    </Filter>
    <Filter Include="drivers\common\cop">
      <UniqueIdentifier>{0e080c7b-4abc-465e-aad4-53d10ec616f7}</UniqueIdentifier>
    </Filter>
    <Filter Include="drivers\common\asmclient">
      <UniqueIdentifier>{f85543d0-b9d6-4b3c-b888-cb0470c21661}</UniqueIdentifier>
    </Filter>
    <Filter Include="drivers\OpenGL\tools\parseasm">
      <UniqueIdentifier>{8299d748-17c9-442f-bbf4-3c1d6382336d}</UniqueIdentifier>
    </Filter>
    <Filter Include="drivers\OpenGL\tools">
      <UniqueIdentifier>{260a43ee-20fe-4cfc-b4d6-2fee78b98458}</UniqueIdentifier>
    </Filter>
    <Filter Include="drivers\OpenGL\lw">
      <UniqueIdentifier>{a8cfda41-bbf8-44d3-b570-ce8895d83d2f}</UniqueIdentifier>
    </Filter>
    <Filter Include="drivers\OpenGL\glutil">
      <UniqueIdentifier>{602da3aa-d7fe-4c8c-a76f-8ecaafccdfe1}</UniqueIdentifier>
    </Filter>
    <Filter Include="drivers\OpenGL\glcore">
      <UniqueIdentifier>{ee0594f0-561d-40fb-be8b-670197ad7daa}</UniqueIdentifier>
    </Filter>
    <Filter Include="drivers\OpenGL\fermi">
      <UniqueIdentifier>{ead58c50-eea7-40d4-bfec-5e283805bf8e}</UniqueIdentifier>
    </Filter>
    <Filter Include="drivers\wgf2um">
      <UniqueIdentifier>{8dccb620-8647-4d7c-930b-5d928de5fc5e}</UniqueIdentifier>
    </Filter>
    <Filter Include="drivers\ddraw">
      <UniqueIdentifier>{a5fb59f1-2bdc-44bc-b0d6-95230a448525}</UniqueIdentifier>
    </Filter>
    <Filter Include="drivers\common">
      <UniqueIdentifier>{c9748433-4401-4716-92dc-7021f3a94158}</UniqueIdentifier>
    </Filter>
    <Filter Include="drivers\OpenGL">
      <UniqueIdentifier>{9ec4685d-098a-4b22-89c2-83f48582cd7d}</UniqueIdentifier>
    </Filter>
    <Filter Include="apps\ocg\cop_parseasm\_out\wddm_x86_debug">
      <UniqueIdentifier>{f3f2bdac-d22a-40a8-a769-96b7173608f3}</UniqueIdentifier>
    </Filter>
    <Filter Include="apps\ocg\cop_parseasm\common">
      <UniqueIdentifier>{e388c4a8-de1d-487c-874b-033c5676e687}</UniqueIdentifier>
    </Filter>
    <Filter Include="apps\ocg\cop_parseasm\_out">
      <UniqueIdentifier>{4fd43b48-2a9d-4c70-86f0-9cb626070a81}</UniqueIdentifier>
    </Filter>
    <Filter Include="apps\ocg\cop_parseasm">
      <UniqueIdentifier>{6ed9e266-473b-423e-820f-8db9a6a961ad}</UniqueIdentifier>
    </Filter>
    <Filter Include="apps\ocg">
      <UniqueIdentifier>{8930f2b6-85cf-4367-bdb7-f7d66d03c8d9}</UniqueIdentifier>
    </Filter>
    <Filter Include="drivers">
      <UniqueIdentifier>{2c87828a-310c-4c63-83be-580c3363a626}</UniqueIdentifier>
    </Filter>
    <Filter Include="apps">
      <UniqueIdentifier>{fd376bf6-b68c-4fd7-b25d-571f5b9415ac}</UniqueIdentifier>
    </Filter>
  </ItemGroup>
  <ItemGroup>
    <ClCompile Include="../../../../drivers/wgf2um/top/shader/D3D10ShaderDecoder.cpp">
      <Filter>drivers\wgf2um\top\shader</Filter>
    </ClCompile>
    <ClCompile Include="../../../../drivers/wgf2um/top/shader/D3D10ShaderTranslator.cpp">
      <Filter>drivers\wgf2um\top\shader</Filter>
    </ClCompile>
    <ClCompile Include="../../../../drivers/wgf2um/top/shader/LWIWriter.cpp">
      <Filter>drivers\wgf2um\top\shader</Filter>
    </ClCompile>
    <ClCompile Include="../../../../drivers/wgf2um/top/shader/LwShader.cpp">
      <Filter>drivers\wgf2um\top\shader</Filter>
    </ClCompile>
    <ClCompile Include="../../../../drivers/wgf2um/top/shader/ShaderCompiler.cpp">
      <Filter>drivers\wgf2um\top\shader</Filter>
    </ClCompile>
  </ItemGroup>
  <ItemGroup>
    <ClCompile Include="../../../../drivers/wgf2um/internals/utils/lwAlignedHeap.cpp">
      <Filter>drivers\wgf2um\internals\utils</Filter>
    </ClCompile>
    <ClCompile Include="../../../../drivers/wgf2um/internals/utils/lwCompactedQMDStateGPU.cpp">
      <Filter>drivers\wgf2um\internals\utils</Filter>
    </ClCompile>
  </ItemGroup>
  <ItemGroup>
    <ClCompile Include="../../../../drivers/wgf2um/device/maxwell/perfStrat/lwPSMaxwellFastGeometryShader.cpp">
      <Filter>drivers\wgf2um\device\maxwell\perfStrat</Filter>
    </ClCompile>
  </ItemGroup>
  <ItemGroup>
    <ClCompile Include="../../../../drivers/wgf2um/device/common/qmd/lwDeviceQMD.cpp">
      <Filter>drivers\wgf2um\device\common\qmd</Filter>
    </ClCompile>
  </ItemGroup>
  <ItemGroup>
    <ClCompile Include="../../../../drivers/wgf2um/device/pascal/PascalBShaderTranslator.cpp">
      <Filter>drivers\wgf2um\device\pascal</Filter>
    </ClCompile>
  </ItemGroup>
  <ItemGroup/>
  <ItemGroup>
    <ClCompile Include="../../../../drivers/wgf2um/device/kepler/KeplerCompileShader.cpp">
      <Filter>drivers\wgf2um\device\kepler</Filter>
    </ClCompile>
    <ClCompile Include="../../../../drivers/wgf2um/device/kepler/KeplerShaderTranslator.cpp">
      <Filter>drivers\wgf2um\device\kepler</Filter>
    </ClCompile>
  </ItemGroup>
  <ItemGroup>
    <ClCompile Include="../../../../drivers/wgf2um/device/fermi/FermiCompileShader.cpp">
      <Filter>drivers\wgf2um\device\fermi</Filter>
    </ClCompile>
    <ClCompile Include="../../../../drivers/wgf2um/device/fermi/FermiShaderTranslator.cpp">
      <Filter>drivers\wgf2um\device\fermi</Filter>
    </ClCompile>
  </ItemGroup>
  <ItemGroup/>
  <ItemGroup>
    <ClCompile Include="../../../../drivers/wgf2um/compiler/parseasm/lwD3D10Assembler/D3D10Assembler.cpp">
      <Filter>drivers\wgf2um\compiler\parseasm\lwD3D10Assembler</Filter>
    </ClCompile>
    <ClCompile Include="../../../../drivers/wgf2um/compiler/parseasm/lwD3D10Assembler/D3D10KeywordEncodingMaps.cpp">
      <Filter>drivers\wgf2um\compiler\parseasm\lwD3D10Assembler</Filter>
    </ClCompile>
    <ClCompile Include="../../../../drivers/wgf2um/compiler/parseasm/lwD3D10Assembler/D3D10KeywordTokenMap.cpp">
      <Filter>drivers\wgf2um\compiler\parseasm\lwD3D10Assembler</Filter>
    </ClCompile>
    <ClCompile Include="../../../../drivers/wgf2um/compiler/parseasm/lwD3D10Assembler/D3D10OpcodeEncodingMap.cpp">
      <Filter>drivers\wgf2um\compiler\parseasm\lwD3D10Assembler</Filter>
    </ClCompile>
    <ClCompile Include="../../../../drivers/wgf2um/compiler/parseasm/lwD3D10Assembler/assembleD3D10.cpp">
      <Filter>drivers\wgf2um\compiler\parseasm\lwD3D10Assembler</Filter>
    </ClCompile>
  </ItemGroup>
  <ItemGroup>
    <ClCompile Include="../../../../drivers/wgf2um/compiler/parseasm/parseD3D10.cpp">
      <Filter>drivers\wgf2um\compiler\parseasm</Filter>
    </ClCompile>
    <ClCompile Include="../../../../drivers/wgf2um/compiler/parseasm/parseasmAltUavBind.cpp">
      <Filter>drivers\wgf2um\compiler\parseasm</Filter>
    </ClCompile>
    <ClCompile Include="../../../../drivers/wgf2um/compiler/parseasm/spoofDeviceCaps.cpp">
      <Filter>drivers\wgf2um\compiler\parseasm</Filter>
    </ClCompile>
  </ItemGroup>
  <ItemGroup/>
  <ItemGroup/>
  <ItemGroup/>
  <ItemGroup/>
  <ItemGroup>
    <ClCompile Include="../../../../drivers/ddraw/heap/common/src/lwGenericHashTable.cpp">
      <Filter>drivers\ddraw\heap\common\src</Filter>
    </ClCompile>
  </ItemGroup>
  <ItemGroup/>
  <ItemGroup>
    <ClCompile Include="../../../../drivers/ddraw/compiler/parseasm/lwChipNames_link.cpp">
      <Filter>drivers\ddraw\compiler\parseasm</Filter>
    </ClCompile>
    <ClCompile Include="../../../../drivers/ddraw/compiler/parseasm/lwConstantComputationExtractor_link.cpp">
      <Filter>drivers\ddraw\compiler\parseasm</Filter>
    </ClCompile>
    <ClCompile Include="../../../../drivers/ddraw/compiler/parseasm/lwGeometryShader_link.cpp">
      <Filter>drivers\ddraw\compiler\parseasm</Filter>
    </ClCompile>
    <ClCompile Include="../../../../drivers/ddraw/compiler/parseasm/lwHash64Generic_link.cpp">
      <Filter>drivers\ddraw\compiler\parseasm</Filter>
    </ClCompile>
    <ClCompile Include="../../../../drivers/ddraw/compiler/parseasm/lwProgram_link.cpp">
      <Filter>drivers\ddraw\compiler\parseasm</Filter>
    </ClCompile>
    <ClCompile Include="../../../../drivers/ddraw/compiler/parseasm/lwUtil_link.cpp">
      <Filter>drivers\ddraw\compiler\parseasm</Filter>
    </ClCompile>
    <ClCompile Include="../../../../drivers/ddraw/compiler/parseasm/lwVSDump_link.cpp">
      <Filter>drivers\ddraw\compiler\parseasm</Filter>
    </ClCompile>
    <ClCompile Include="../../../../drivers/ddraw/compiler/parseasm/lwVShadDecl_link.cpp">
      <Filter>drivers\ddraw\compiler\parseasm</Filter>
    </ClCompile>
    <ClCompile Include="../../../../drivers/ddraw/compiler/parseasm/lwVShadFunc_link.cpp">
      <Filter>drivers\ddraw\compiler\parseasm</Filter>
    </ClCompile>
    <ClCompile Include="../../../../drivers/ddraw/compiler/parseasm/lwVShad_link.cpp">
      <Filter>drivers\ddraw\compiler\parseasm</Filter>
    </ClCompile>
    <ClCompile Include="../../../../drivers/ddraw/compiler/parseasm/lwfermipshad_link.cpp">
      <Filter>drivers\ddraw\compiler\parseasm</Filter>
    </ClCompile>
    <ClCompile Include="../../../../drivers/ddraw/compiler/parseasm/lwfragmentprogram_link.cpp">
      <Filter>drivers\ddraw\compiler\parseasm</Filter>
    </ClCompile>
    <ClCompile Include="../../../../drivers/ddraw/compiler/parseasm/lwpshad14_link.cpp">
      <Filter>drivers\ddraw\compiler\parseasm</Filter>
    </ClCompile>
    <ClCompile Include="../../../../drivers/ddraw/compiler/parseasm/lwpshad1x_link.cpp">
      <Filter>drivers\ddraw\compiler\parseasm</Filter>
    </ClCompile>
    <ClCompile Include="../../../../drivers/ddraw/compiler/parseasm/lwpshad2x3x_link.cpp">
      <Filter>drivers\ddraw\compiler\parseasm</Filter>
    </ClCompile>
    <ClCompile Include="../../../../drivers/ddraw/compiler/parseasm/lwpshad_link.cpp">
      <Filter>drivers\ddraw\compiler\parseasm</Filter>
    </ClCompile>
    <ClCompile Include="../../../../drivers/ddraw/compiler/parseasm/lwpshadderived_link.cpp">
      <Filter>drivers\ddraw\compiler\parseasm</Filter>
    </ClCompile>
    <ClCompile Include="../../../../drivers/ddraw/compiler/parseasm/lwpshadfp_link.cpp">
      <Filter>drivers\ddraw\compiler\parseasm</Filter>
    </ClCompile>
    <ClCompile Include="../../../../drivers/ddraw/compiler/parseasm/lwteslapshad_link.cpp">
      <Filter>drivers\ddraw\compiler\parseasm</Filter>
    </ClCompile>
    <ClCompile Include="../../../../drivers/ddraw/compiler/parseasm/objectlists.cpp">
      <Filter>drivers\ddraw\compiler\parseasm</Filter>
    </ClCompile>
    <ClCompile Include="../../../../drivers/ddraw/compiler/parseasm/parseD3D.cpp">
      <Filter>drivers\ddraw\compiler\parseasm</Filter>
    </ClCompile>
    <ClCompile Include="../../../../drivers/ddraw/compiler/parseasm/pshad.cpp">
      <Filter>drivers\ddraw\compiler\parseasm</Filter>
    </ClCompile>
    <ClCompile Include="../../../../drivers/ddraw/compiler/parseasm/vpcompilefermi_link.cpp">
      <Filter>drivers\ddraw\compiler\parseasm</Filter>
    </ClCompile>
    <ClCompile Include="../../../../drivers/ddraw/compiler/parseasm/vpcompiletesla_link.cpp">
      <Filter>drivers\ddraw\compiler\parseasm</Filter>
    </ClCompile>
  </ItemGroup>
  <ItemGroup/>
  <ItemGroup/>
  <ItemGroup>
    <ClCompile Include="../../../../drivers/common/dwarf/code/dwarf_interface.cpp">
      <Filter>drivers\common\dwarf\code</Filter>
    </ClCompile>
  </ItemGroup>
  <ItemGroup>
    <ClCompile Include="../../../../drivers/common/directx/src/LwMetaShaderInfo.cpp">
      <Filter>drivers\common\directx\src</Filter>
    </ClCompile>
    <ClCompile Include="../../../../drivers/common/directx/src/lwHash.cpp">
      <Filter>drivers\common\directx\src</Filter>
    </ClCompile>
  </ItemGroup>
  <ItemGroup>
    <ClCompile Include="../../../../drivers/common/cop/ori/volta/ori_turing_common.cpp">
      <Filter>drivers\common\cop\ori\volta</Filter>
    </ClCompile>
    <ClCompile Include="../../../../drivers/common/cop/ori/volta/ori_turing_expansion.cpp">
      <Filter>drivers\common\cop\ori\volta</Filter>
    </ClCompile>
    <ClCompile Include="../../../../drivers/common/cop/ori/volta/ori_turing_machine.cpp">
      <Filter>drivers\common\cop\ori\volta</Filter>
    </ClCompile>
    <ClCompile Include="../../../../drivers/common/cop/ori/volta/ori_turing_mp_codegen.cpp">
      <Filter>drivers\common\cop\ori\volta</Filter>
    </ClCompile>
    <ClCompile Include="../../../../drivers/common/cop/ori/volta/ori_turing_register.cpp">
      <Filter>drivers\common\cop\ori\volta</Filter>
    </ClCompile>
    <ClCompile Include="../../../../drivers/common/cop/ori/volta/ori_turing_restrict.cpp">
      <Filter>drivers\common\cop\ori\volta</Filter>
    </ClCompile>
    <ClCompile Include="../../../../drivers/common/cop/ori/volta/ori_turing_schedule.cpp">
      <Filter>drivers\common\cop\ori\volta</Filter>
    </ClCompile>
    <ClCompile Include="../../../../drivers/common/cop/ori/volta/ori_turing_ucode_sm73.cpp">
      <Filter>drivers\common\cop\ori\volta</Filter>
    </ClCompile>
    <ClCompile Include="../../../../drivers/common/cop/ori/volta/ori_turing_ucode_worker_sm73.cpp">
      <Filter>drivers\common\cop\ori\volta</Filter>
    </ClCompile>
    <ClCompile Include="../../../../drivers/common/cop/ori/volta/ori_volta_callret.cpp">
      <Filter>drivers\common\cop\ori\volta</Filter>
    </ClCompile>
    <ClCompile Include="../../../../drivers/common/cop/ori/volta/ori_volta_common.cpp">
      <Filter>drivers\common\cop\ori\volta</Filter>
    </ClCompile>
    <ClCompile Include="../../../../drivers/common/cop/ori/volta/ori_volta_expansion.cpp">
      <Filter>drivers\common\cop\ori\volta</Filter>
    </ClCompile>
    <ClCompile Include="../../../../drivers/common/cop/ori/volta/ori_volta_machine_sm70.cpp">
      <Filter>drivers\common\cop\ori\volta</Filter>
    </ClCompile>
    <ClCompile Include="../../../../drivers/common/cop/ori/volta/ori_volta_register.cpp">
      <Filter>drivers\common\cop\ori\volta</Filter>
    </ClCompile>
    <ClCompile Include="../../../../drivers/common/cop/ori/volta/ori_volta_restrict.cpp">
      <Filter>drivers\common\cop\ori\volta</Filter>
    </ClCompile>
    <ClCompile Include="../../../../drivers/common/cop/ori/volta/ori_volta_schedule.cpp">
      <Filter>drivers\common\cop\ori\volta</Filter>
    </ClCompile>
    <ClCompile Include="../../../../drivers/common/cop/ori/volta/ori_volta_ucode_format.cpp">
      <Filter>drivers\common\cop\ori\volta</Filter>
    </ClCompile>
    <ClCompile Include="../../../../drivers/common/cop/ori/volta/ori_volta_ucode_sm70.cpp">
      <Filter>drivers\common\cop\ori\volta</Filter>
    </ClCompile>
    <ClCompile Include="../../../../drivers/common/cop/ori/volta/ori_volta_ucode_worker_sm70.cpp">
      <Filter>drivers\common\cop\ori\volta</Filter>
    </ClCompile>
  </ItemGroup>
  <ItemGroup>
    <ClCompile Include="../../../../drivers/common/cop/ori/plugin/ori_visualizer_utils.cpp">
      <Filter>drivers\common\cop\ori\plugin</Filter>
    </ClCompile>
  </ItemGroup>
  <ItemGroup>
    <ClCompile Include="../../../../drivers/common/cop/ori/fermi/ori_experimental_sb_and_opex.cpp">
      <Filter>drivers\common\cop\ori\fermi</Filter>
    </ClCompile>
    <ClCompile Include="../../../../drivers/common/cop/ori/fermi/ori_experimental_sb_insert_depbar.cpp">
      <Filter>drivers\common\cop\ori\fermi</Filter>
    </ClCompile>
    <ClCompile Include="../../../../drivers/common/cop/ori/fermi/ori_experimental_sb_psb_assign.cpp">
      <Filter>drivers\common\cop\ori\fermi</Filter>
    </ClCompile>
    <ClCompile Include="../../../../drivers/common/cop/ori/fermi/ori_experimental_sb_vsb.cpp">
      <Filter>drivers\common\cop\ori\fermi</Filter>
    </ClCompile>
    <ClCompile Include="../../../../drivers/common/cop/ori/fermi/ori_experimental_sb_vsb_assign.cpp">
      <Filter>drivers\common\cop\ori\fermi</Filter>
    </ClCompile>
    <ClCompile Include="../../../../drivers/common/cop/ori/fermi/ori_fermi_abi.cpp">
      <Filter>drivers\common\cop\ori\fermi</Filter>
    </ClCompile>
    <ClCompile Include="../../../../drivers/common/cop/ori/fermi/ori_fermi_common.cpp">
      <Filter>drivers\common\cop\ori\fermi</Filter>
    </ClCompile>
    <ClCompile Include="../../../../drivers/common/cop/ori/fermi/ori_fermi_construct_inst.cpp">
      <Filter>drivers\common\cop\ori\fermi</Filter>
    </ClCompile>
    <ClCompile Include="../../../../drivers/common/cop/ori/fermi/ori_fermi_cp_codegen.cpp">
      <Filter>drivers\common\cop\ori\fermi</Filter>
    </ClCompile>
    <ClCompile Include="../../../../drivers/common/cop/ori/fermi/ori_fermi_expansion.cpp">
      <Filter>drivers\common\cop\ori\fermi</Filter>
    </ClCompile>
    <ClCompile Include="../../../../drivers/common/cop/ori/fermi/ori_fermi_fp_codegen.cpp">
      <Filter>drivers\common\cop\ori\fermi</Filter>
    </ClCompile>
    <ClCompile Include="../../../../drivers/common/cop/ori/fermi/ori_fermi_gp_codegen.cpp">
      <Filter>drivers\common\cop\ori\fermi</Filter>
    </ClCompile>
    <ClCompile Include="../../../../drivers/common/cop/ori/fermi/ori_fermi_hp_codegen.cpp">
      <Filter>drivers\common\cop\ori\fermi</Filter>
    </ClCompile>
    <ClCompile Include="../../../../drivers/common/cop/ori/fermi/ori_fermi_init.cpp">
      <Filter>drivers\common\cop\ori\fermi</Filter>
    </ClCompile>
    <ClCompile Include="../../../../drivers/common/cop/ori/fermi/ori_fermi_ir_builder.cpp">
      <Filter>drivers\common\cop\ori\fermi</Filter>
    </ClCompile>
    <ClCompile Include="../../../../drivers/common/cop/ori/fermi/ori_fermi_multi_view.cpp">
      <Filter>drivers\common\cop\ori\fermi</Filter>
    </ClCompile>
    <ClCompile Include="../../../../drivers/common/cop/ori/fermi/ori_fermi_register.cpp">
      <Filter>drivers\common\cop\ori\fermi</Filter>
    </ClCompile>
    <ClCompile Include="../../../../drivers/common/cop/ori/fermi/ori_fermi_restrict.cpp">
      <Filter>drivers\common\cop\ori\fermi</Filter>
    </ClCompile>
    <ClCompile Include="../../../../drivers/common/cop/ori/fermi/ori_fermi_schedule.cpp">
      <Filter>drivers\common\cop\ori\fermi</Filter>
    </ClCompile>
    <ClCompile Include="../../../../drivers/common/cop/ori/fermi/ori_fermi_schedule_sm20.cpp">
      <Filter>drivers\common\cop\ori\fermi</Filter>
    </ClCompile>
    <ClCompile Include="../../../../drivers/common/cop/ori/fermi/ori_fermi_schedule_sm30.cpp">
      <Filter>drivers\common\cop\ori\fermi</Filter>
    </ClCompile>
    <ClCompile Include="../../../../drivers/common/cop/ori/fermi/ori_fermi_schedule_sm50.cpp">
      <Filter>drivers\common\cop\ori\fermi</Filter>
    </ClCompile>
    <ClCompile Include="../../../../drivers/common/cop/ori/fermi/ori_fermi_template.cpp">
      <Filter>drivers\common\cop\ori\fermi</Filter>
    </ClCompile>
    <ClCompile Include="../../../../drivers/common/cop/ori/fermi/ori_fermi_tp_codegen.cpp">
      <Filter>drivers\common\cop\ori\fermi</Filter>
    </ClCompile>
    <ClCompile Include="../../../../drivers/common/cop/ori/fermi/ori_fermi_ucode_format.cpp">
      <Filter>drivers\common\cop\ori\fermi</Filter>
    </ClCompile>
    <ClCompile Include="../../../../drivers/common/cop/ori/fermi/ori_fermi_ucode_sm30.cpp">
      <Filter>drivers\common\cop\ori\fermi</Filter>
    </ClCompile>
    <ClCompile Include="../../../../drivers/common/cop/ori/fermi/ori_fermi_ucode_sm35.cpp">
      <Filter>drivers\common\cop\ori\fermi</Filter>
    </ClCompile>
    <ClCompile Include="../../../../drivers/common/cop/ori/fermi/ori_fermi_ucode_sm50.cpp">
      <Filter>drivers\common\cop\ori\fermi</Filter>
    </ClCompile>
    <ClCompile Include="../../../../drivers/common/cop/ori/fermi/ori_fermi_vp_codegen.cpp">
      <Filter>drivers\common\cop\ori\fermi</Filter>
    </ClCompile>
    <ClCompile Include="../../../../drivers/common/cop/ori/fermi/ori_fermi_wars.cpp">
      <Filter>drivers\common\cop\ori\fermi</Filter>
    </ClCompile>
    <ClCompile Include="../../../../drivers/common/cop/ori/fermi/ori_maxwell_gp_fastgs.cpp">
      <Filter>drivers\common\cop\ori\fermi</Filter>
    </ClCompile>
    <ClCompile Include="../../../../drivers/common/cop/ori/fermi/ori_maxwell_lodopt.cpp">
      <Filter>drivers\common\cop\ori\fermi</Filter>
    </ClCompile>
    <ClCompile Include="../../../../drivers/common/cop/ori/fermi/ori_maxwell_ucode_generator.cpp">
      <Filter>drivers\common\cop\ori\fermi</Filter>
    </ClCompile>
  </ItemGroup>
  <ItemGroup>
    <ClCompile Include="../../../../drivers/common/cop/dx/shader_profiler/cop_shader_profiler.cpp">
      <Filter>drivers\common\cop\dx\shader_profiler</Filter>
    </ClCompile>
    <ClCompile Include="../../../../drivers/common/cop/dx/shader_profiler/cop_shader_profiler_append.cpp">
      <Filter>drivers\common\cop\dx\shader_profiler</Filter>
    </ClCompile>
    <ClCompile Include="../../../../drivers/common/cop/dx/shader_profiler/cop_shader_profiler_append_compare.cpp">
      <Filter>drivers\common\cop\dx\shader_profiler</Filter>
    </ClCompile>
    <ClCompile Include="../../../../drivers/common/cop/dx/shader_profiler/cop_shader_profiler_append_timer.cpp">
      <Filter>drivers\common\cop\dx\shader_profiler</Filter>
    </ClCompile>
  </ItemGroup>
  <ItemGroup>
    <ClCompile Include="../../../../drivers/common/cop/codegen/utils/cop_bitvector.cpp">
      <Filter>drivers\common\cop\codegen\utils</Filter>
    </ClCompile>
    <ClCompile Include="../../../../drivers/common/cop/codegen/utils/cop_block_utils.cpp">
      <Filter>drivers\common\cop\codegen\utils</Filter>
    </ClCompile>
    <ClCompile Include="../../../../drivers/common/cop/codegen/utils/cop_cse.cpp">
      <Filter>drivers\common\cop\codegen\utils</Filter>
    </ClCompile>
    <ClCompile Include="../../../../drivers/common/cop/codegen/utils/cop_livedead.cpp">
      <Filter>drivers\common\cop\codegen\utils</Filter>
    </ClCompile>
    <ClCompile Include="../../../../drivers/common/cop/codegen/utils/cop_sparse_set.cpp">
      <Filter>drivers\common\cop\codegen\utils</Filter>
    </ClCompile>
    <ClCompile Include="../../../../drivers/common/cop/codegen/utils/cop_temp_dependency.cpp">
      <Filter>drivers\common\cop\codegen\utils</Filter>
    </ClCompile>
    <ClCompile Include="../../../../drivers/common/cop/codegen/utils/cop_validate.cpp">
      <Filter>drivers\common\cop\codegen\utils</Filter>
    </ClCompile>
  </ItemGroup>
  <ItemGroup>
    <ClCompile Include="../../../../drivers/common/cop/codegen/maxwell/cop_maxwell_common.cpp">
      <Filter>drivers\common\cop\codegen\maxwell</Filter>
    </ClCompile>
    <ClCompile Include="../../../../drivers/common/cop/codegen/maxwell/cop_maxwell_cp_codegen.cpp">
      <Filter>drivers\common\cop\codegen\maxwell</Filter>
    </ClCompile>
    <ClCompile Include="../../../../drivers/common/cop/codegen/maxwell/cop_maxwell_driver.cpp">
      <Filter>drivers\common\cop\codegen\maxwell</Filter>
    </ClCompile>
    <ClCompile Include="../../../../drivers/common/cop/codegen/maxwell/cop_maxwell_extensions.cpp">
      <Filter>drivers\common\cop\codegen\maxwell</Filter>
    </ClCompile>
    <ClCompile Include="../../../../drivers/common/cop/codegen/maxwell/cop_maxwell_fast_gs.cpp">
      <Filter>drivers\common\cop\codegen\maxwell</Filter>
    </ClCompile>
    <ClCompile Include="../../../../drivers/common/cop/codegen/maxwell/cop_maxwell_format.cpp">
      <Filter>drivers\common\cop\codegen\maxwell</Filter>
    </ClCompile>
    <ClCompile Include="../../../../drivers/common/cop/codegen/maxwell/cop_maxwell_fp_codegen.cpp">
      <Filter>drivers\common\cop\codegen\maxwell</Filter>
    </ClCompile>
    <ClCompile Include="../../../../drivers/common/cop/codegen/maxwell/cop_maxwell_gp_codegen.cpp">
      <Filter>drivers\common\cop\codegen\maxwell</Filter>
    </ClCompile>
    <ClCompile Include="../../../../drivers/common/cop/codegen/maxwell/cop_maxwell_hp_codegen.cpp">
      <Filter>drivers\common\cop\codegen\maxwell</Filter>
    </ClCompile>
    <ClCompile Include="../../../../drivers/common/cop/codegen/maxwell/cop_maxwell_lodopt.cpp">
      <Filter>drivers\common\cop\codegen\maxwell</Filter>
    </ClCompile>
    <ClCompile Include="../../../../drivers/common/cop/codegen/maxwell/cop_maxwell_psb_assign.cpp">
      <Filter>drivers\common\cop\codegen\maxwell</Filter>
    </ClCompile>
    <ClCompile Include="../../../../drivers/common/cop/codegen/maxwell/cop_maxwell_texs.cpp">
      <Filter>drivers\common\cop\codegen\maxwell</Filter>
    </ClCompile>
    <ClCompile Include="../../../../drivers/common/cop/codegen/maxwell/cop_maxwell_tp_codegen.cpp">
      <Filter>drivers\common\cop\codegen\maxwell</Filter>
    </ClCompile>
    <ClCompile Include="../../../../drivers/common/cop/codegen/maxwell/cop_maxwell_ucode_format.cpp">
      <Filter>drivers\common\cop\codegen\maxwell</Filter>
    </ClCompile>
    <ClCompile Include="../../../../drivers/common/cop/codegen/maxwell/cop_maxwell_vp_codegen.cpp">
      <Filter>drivers\common\cop\codegen\maxwell</Filter>
    </ClCompile>
    <ClCompile Include="../../../../drivers/common/cop/codegen/maxwell/cop_maxwell_vsb.cpp">
      <Filter>drivers\common\cop\codegen\maxwell</Filter>
    </ClCompile>
    <ClCompile Include="../../../../drivers/common/cop/codegen/maxwell/cop_maxwell_vsb_assign.cpp">
      <Filter>drivers\common\cop\codegen\maxwell</Filter>
    </ClCompile>
    <ClCompile Include="../../../../drivers/common/cop/codegen/maxwell/cop_maxwell_xmad.cpp">
      <Filter>drivers\common\cop\codegen\maxwell</Filter>
    </ClCompile>
  </ItemGroup>
  <ItemGroup>
    <ClCompile Include="../../../../drivers/common/cop/codegen/glasm/cop_arb_common.cpp">
      <Filter>drivers\common\cop\codegen\glasm</Filter>
    </ClCompile>
    <ClCompile Include="../../../../drivers/common/cop/codegen/glasm/cop_arbfp_codegen.cpp">
      <Filter>drivers\common\cop\codegen\glasm</Filter>
    </ClCompile>
    <ClCompile Include="../../../../drivers/common/cop/codegen/glasm/cop_arbfp_schedule.cpp">
      <Filter>drivers\common\cop\codegen\glasm</Filter>
    </ClCompile>
    <ClCompile Include="../../../../drivers/common/cop/codegen/glasm/cop_arbvp_codegen.cpp">
      <Filter>drivers\common\cop\codegen\glasm</Filter>
    </ClCompile>
    <ClCompile Include="../../../../drivers/common/cop/codegen/glasm/cop_glasm_format.cpp">
      <Filter>drivers\common\cop\codegen\glasm</Filter>
    </ClCompile>
    <ClCompile Include="../../../../drivers/common/cop/codegen/glasm/cop_glasm_profile.cpp">
      <Filter>drivers\common\cop\codegen\glasm</Filter>
    </ClCompile>
    <ClCompile Include="../../../../drivers/common/cop/codegen/glasm/cop_gp4_codegen.cpp">
      <Filter>drivers\common\cop\codegen\glasm</Filter>
    </ClCompile>
    <ClCompile Include="../../../../drivers/common/cop/codegen/glasm/cop_gp5_codegen.cpp">
      <Filter>drivers\common\cop\codegen\glasm</Filter>
    </ClCompile>
  </ItemGroup>
  <ItemGroup>
    <ClCompile Include="../../../../drivers/common/cop/codegen/fermi/cop_fermi_abi.cpp">
      <Filter>drivers\common\cop\codegen\fermi</Filter>
    </ClCompile>
    <ClCompile Include="../../../../drivers/common/cop/codegen/fermi/cop_fermi_common.cpp">
      <Filter>drivers\common\cop\codegen\fermi</Filter>
    </ClCompile>
    <ClCompile Include="../../../../drivers/common/cop/codegen/fermi/cop_fermi_colwert.cpp">
      <Filter>drivers\common\cop\codegen\fermi</Filter>
    </ClCompile>
    <ClCompile Include="../../../../drivers/common/cop/codegen/fermi/cop_fermi_cp_codegen.cpp">
      <Filter>drivers\common\cop\codegen\fermi</Filter>
    </ClCompile>
    <ClCompile Include="../../../../drivers/common/cop/codegen/fermi/cop_fermi_dag2lwir.cpp">
      <Filter>drivers\common\cop\codegen\fermi</Filter>
    </ClCompile>
    <ClCompile Include="../../../../drivers/common/cop/codegen/fermi/cop_fermi_driver.cpp">
      <Filter>drivers\common\cop\codegen\fermi</Filter>
    </ClCompile>
    <ClCompile Include="../../../../drivers/common/cop/codegen/fermi/cop_fermi_expand.cpp">
      <Filter>drivers\common\cop\codegen\fermi</Filter>
    </ClCompile>
    <ClCompile Include="../../../../drivers/common/cop/codegen/fermi/cop_fermi_flow.cpp">
      <Filter>drivers\common\cop\codegen\fermi</Filter>
    </ClCompile>
    <ClCompile Include="../../../../drivers/common/cop/codegen/fermi/cop_fermi_fold.cpp">
      <Filter>drivers\common\cop\codegen\fermi</Filter>
    </ClCompile>
    <ClCompile Include="../../../../drivers/common/cop/codegen/fermi/cop_fermi_format.cpp">
      <Filter>drivers\common\cop\codegen\fermi</Filter>
    </ClCompile>
    <ClCompile Include="../../../../drivers/common/cop/codegen/fermi/cop_fermi_fp_codegen.cpp">
      <Filter>drivers\common\cop\codegen\fermi</Filter>
    </ClCompile>
    <ClCompile Include="../../../../drivers/common/cop/codegen/fermi/cop_fermi_gp_codegen.cpp">
      <Filter>drivers\common\cop\codegen\fermi</Filter>
    </ClCompile>
    <ClCompile Include="../../../../drivers/common/cop/codegen/fermi/cop_fermi_hp_codegen.cpp">
      <Filter>drivers\common\cop\codegen\fermi</Filter>
    </ClCompile>
    <ClCompile Include="../../../../drivers/common/cop/codegen/fermi/cop_fermi_long.cpp">
      <Filter>drivers\common\cop\codegen\fermi</Filter>
    </ClCompile>
    <ClCompile Include="../../../../drivers/common/cop/codegen/fermi/cop_fermi_math_utils.cpp">
      <Filter>drivers\common\cop\codegen\fermi</Filter>
    </ClCompile>
    <ClCompile Include="../../../../drivers/common/cop/codegen/fermi/cop_fermi_lwir2finst.cpp">
      <Filter>drivers\common\cop\codegen\fermi</Filter>
    </ClCompile>
    <ClCompile Include="../../../../drivers/common/cop/codegen/fermi/cop_fermi_lwir_codegen.cpp">
      <Filter>drivers\common\cop\codegen\fermi</Filter>
    </ClCompile>
    <ClCompile Include="../../../../drivers/common/cop/codegen/fermi/cop_fermi_optimize.cpp">
      <Filter>drivers\common\cop\codegen\fermi</Filter>
    </ClCompile>
    <ClCompile Include="../../../../drivers/common/cop/codegen/fermi/cop_fermi_register.cpp">
      <Filter>drivers\common\cop\codegen\fermi</Filter>
    </ClCompile>
    <ClCompile Include="../../../../drivers/common/cop/codegen/fermi/cop_fermi_restrict.cpp">
      <Filter>drivers\common\cop\codegen\fermi</Filter>
    </ClCompile>
    <ClCompile Include="../../../../drivers/common/cop/codegen/fermi/cop_fermi_schedule.cpp">
      <Filter>drivers\common\cop\codegen\fermi</Filter>
    </ClCompile>
    <ClCompile Include="../../../../drivers/common/cop/codegen/fermi/cop_fermi_template.cpp">
      <Filter>drivers\common\cop\codegen\fermi</Filter>
    </ClCompile>
    <ClCompile Include="../../../../drivers/common/cop/codegen/fermi/cop_fermi_tp_codegen.cpp">
      <Filter>drivers\common\cop\codegen\fermi</Filter>
    </ClCompile>
    <ClCompile Include="../../../../drivers/common/cop/codegen/fermi/cop_fermi_ucode_format.cpp">
      <Filter>drivers\common\cop\codegen\fermi</Filter>
    </ClCompile>
    <ClCompile Include="../../../../drivers/common/cop/codegen/fermi/cop_fermi_vliw.cpp">
      <Filter>drivers\common\cop\codegen\fermi</Filter>
    </ClCompile>
    <ClCompile Include="../../../../drivers/common/cop/codegen/fermi/cop_fermi_vliw_scan.cpp">
      <Filter>drivers\common\cop\codegen\fermi</Filter>
    </ClCompile>
    <ClCompile Include="../../../../drivers/common/cop/codegen/fermi/cop_fermi_vp_codegen.cpp">
      <Filter>drivers\common\cop\codegen\fermi</Filter>
    </ClCompile>
    <ClCompile Include="../../../../drivers/common/cop/codegen/fermi/cop_fermi_war.cpp">
      <Filter>drivers\common\cop\codegen\fermi</Filter>
    </ClCompile>
  </ItemGroup>
  <ItemGroup>
    <ClCompile Include="../../../../drivers/common/cop/vm/vm.cpp">
      <Filter>drivers\common\cop\vm</Filter>
    </ClCompile>
    <ClCompile Include="../../../../drivers/common/cop/vm/vm_instruction.cpp">
      <Filter>drivers\common\cop\vm</Filter>
    </ClCompile>
    <ClCompile Include="../../../../drivers/common/cop/vm/vm_program.cpp">
      <Filter>drivers\common\cop\vm</Filter>
    </ClCompile>
  </ItemGroup>
  <ItemGroup>
    <ClCompile Include="../../../../drivers/common/cop/ori/ori_appdetect.cpp">
      <Filter>drivers\common\cop\ori</Filter>
    </ClCompile>
    <ClCompile Include="../../../../drivers/common/cop/ori/ori_appdetect_data.cpp">
      <Filter>drivers\common\cop\ori</Filter>
    </ClCompile>
    <ClCompile Include="../../../../drivers/common/cop/ori/ori_canon.cpp">
      <Filter>drivers\common\cop\ori</Filter>
    </ClCompile>
    <ClCompile Include="../../../../drivers/common/cop/ori/ori_codegen.cpp">
      <Filter>drivers\common\cop\ori</Filter>
    </ClCompile>
    <ClCompile Include="../../../../drivers/common/cop/ori/ori_construct_inst.cpp">
      <Filter>drivers\common\cop\ori</Filter>
    </ClCompile>
    <ClCompile Include="../../../../drivers/common/cop/ori/ori_copyprop.cpp">
      <Filter>drivers\common\cop\ori</Filter>
    </ClCompile>
    <ClCompile Include="../../../../drivers/common/cop/ori/ori_debug_dag.cpp">
      <Filter>drivers\common\cop\ori</Filter>
    </ClCompile>
    <ClCompile Include="../../../../drivers/common/cop/ori/ori_debug_info.cpp">
      <Filter>drivers\common\cop\ori</Filter>
    </ClCompile>
    <ClCompile Include="../../../../drivers/common/cop/ori/ori_evo_analytics.cpp">
      <Filter>drivers\common\cop\ori</Filter>
    </ClCompile>
    <ClCompile Include="../../../../drivers/common/cop/ori/ori_evo_codegen.cpp">
      <Filter>drivers\common\cop\ori</Filter>
    </ClCompile>
    <ClCompile Include="../../../../drivers/common/cop/ori/ori_expand.cpp">
      <Filter>drivers\common\cop\ori</Filter>
    </ClCompile>
    <ClCompile Include="../../../../drivers/common/cop/ori/ori_flowopt.cpp">
      <Filter>drivers\common\cop\ori</Filter>
    </ClCompile>
    <ClCompile Include="../../../../drivers/common/cop/ori/ori_gen.cpp">
      <Filter>drivers\common\cop\ori</Filter>
    </ClCompile>
    <ClCompile Include="../../../../drivers/common/cop/ori/ori_gpu_math.cpp">
      <Filter>drivers\common\cop\ori</Filter>
    </ClCompile>
    <ClCompile Include="../../../../drivers/common/cop/ori/ori_ir_builder.cpp">
      <Filter>drivers\common\cop\ori</Filter>
    </ClCompile>
    <ClCompile Include="../../../../drivers/common/cop/ori/ori_knobs.cpp">
      <Filter>drivers\common\cop\ori</Filter>
    </ClCompile>
    <ClCompile Include="../../../../drivers/common/cop/ori/ori_livedead.cpp">
      <Filter>drivers\common\cop\ori</Filter>
    </ClCompile>
    <ClCompile Include="../../../../drivers/common/cop/ori/ori_macro.cpp">
      <Filter>drivers\common\cop\ori</Filter>
    </ClCompile>
    <ClCompile Include="../../../../drivers/common/cop/ori/ori_optimize.cpp">
      <Filter>drivers\common\cop\ori</Filter>
    </ClCompile>
    <ClCompile Include="../../../../drivers/common/cop/ori/ori_predication.cpp">
      <Filter>drivers\common\cop\ori</Filter>
    </ClCompile>
    <ClCompile Include="../../../../drivers/common/cop/ori/ori_register.cpp">
      <Filter>drivers\common\cop\ori</Filter>
    </ClCompile>
    <ClCompile Include="../../../../drivers/common/cop/ori/ori_schedule.cpp">
      <Filter>drivers\common\cop\ori</Filter>
    </ClCompile>
    <ClCompile Include="../../../../drivers/common/cop/ori/ori_shader_const.cpp">
      <Filter>drivers\common\cop\ori</Filter>
    </ClCompile>
    <ClCompile Include="../../../../drivers/common/cop/ori/ori_sparsebitset.cpp">
      <Filter>drivers\common\cop\ori</Filter>
    </ClCompile>
    <ClCompile Include="../../../../drivers/common/cop/ori/ori_transforms.cpp">
      <Filter>drivers\common\cop\ori</Filter>
    </ClCompile>
    <ClCompile Include="../../../../drivers/common/cop/ori/ori_unroll.cpp">
      <Filter>drivers\common\cop\ori</Filter>
    </ClCompile>
    <ClCompile Include="../../../../drivers/common/cop/ori/ori_vectorize.cpp">
      <Filter>drivers\common\cop\ori</Filter>
    </ClCompile>
  </ItemGroup>
  <ItemGroup>
    <ClCompile Include="../../../../drivers/common/cop/lwir_driver/lwir_driver.cpp">
      <Filter>drivers\common\cop\lwir_driver</Filter>
    </ClCompile>
  </ItemGroup>
  <ItemGroup>
    <ClCompile Include="../../../../drivers/common/cop/lwir/lwir.cpp">
      <Filter>drivers\common\cop\lwir</Filter>
    </ClCompile>
    <ClCompile Include="../../../../drivers/common/cop/lwir/lwir_abi.cpp">
      <Filter>drivers\common\cop\lwir</Filter>
    </ClCompile>
    <ClCompile Include="../../../../drivers/common/cop/lwir/lwir_addr_reassoc.cpp">
      <Filter>drivers\common\cop\lwir</Filter>
    </ClCompile>
    <ClCompile Include="../../../../drivers/common/cop/lwir/lwir_alignment.cpp">
      <Filter>drivers\common\cop\lwir</Filter>
    </ClCompile>
    <ClCompile Include="../../../../drivers/common/cop/lwir/lwir_build.cpp">
      <Filter>drivers\common\cop\lwir</Filter>
    </ClCompile>
    <ClCompile Include="../../../../drivers/common/cop/lwir/lwir_cfg.cpp">
      <Filter>drivers\common\cop\lwir</Filter>
    </ClCompile>
    <ClCompile Include="../../../../drivers/common/cop/lwir/lwir_copyprop.cpp">
      <Filter>drivers\common\cop\lwir</Filter>
    </ClCompile>
    <ClCompile Include="../../../../drivers/common/cop/lwir/lwir_cse.cpp">
      <Filter>drivers\common\cop\lwir</Filter>
    </ClCompile>
    <ClCompile Include="../../../../drivers/common/cop/lwir/lwir_dag_reassoc.cpp">
      <Filter>drivers\common\cop\lwir</Filter>
    </ClCompile>
    <ClCompile Include="../../../../drivers/common/cop/lwir/lwir_dag_utils.cpp">
      <Filter>drivers\common\cop\lwir</Filter>
    </ClCompile>
    <ClCompile Include="../../../../drivers/common/cop/lwir/lwir_dbg_utils.cpp">
      <Filter>drivers\common\cop\lwir</Filter>
    </ClCompile>
    <ClCompile Include="../../../../drivers/common/cop/lwir/lwir_debug.cpp">
      <Filter>drivers\common\cop\lwir</Filter>
    </ClCompile>
    <ClCompile Include="../../../../drivers/common/cop/lwir/lwir_decorator.cpp">
      <Filter>drivers\common\cop\lwir</Filter>
    </ClCompile>
    <ClCompile Include="../../../../drivers/common/cop/lwir/lwir_demote.cpp">
      <Filter>drivers\common\cop\lwir</Filter>
    </ClCompile>
    <ClCompile Include="../../../../drivers/common/cop/lwir/lwir_depressurizer.cpp">
      <Filter>drivers\common\cop\lwir</Filter>
    </ClCompile>
    <ClCompile Include="../../../../drivers/common/cop/lwir/lwir_dom_cse.cpp">
      <Filter>drivers\common\cop\lwir</Filter>
    </ClCompile>
    <ClCompile Include="../../../../drivers/common/cop/lwir/lwir_flow.cpp">
      <Filter>drivers\common\cop\lwir</Filter>
    </ClCompile>
    <ClCompile Include="../../../../drivers/common/cop/lwir/lwir_fold.cpp">
      <Filter>drivers\common\cop\lwir</Filter>
    </ClCompile>
    <ClCompile Include="../../../../drivers/common/cop/lwir/lwir_fold_apint.cpp">
      <Filter>drivers\common\cop\lwir</Filter>
    </ClCompile>
    <ClCompile Include="../../../../drivers/common/cop/lwir/lwir_format.cpp">
      <Filter>drivers\common\cop\lwir</Filter>
    </ClCompile>
    <ClCompile Include="../../../../drivers/common/cop/lwir/lwir_hash.cpp">
      <Filter>drivers\common\cop\lwir</Filter>
    </ClCompile>
    <ClCompile Include="../../../../drivers/common/cop/lwir/lwir_icache.cpp">
      <Filter>drivers\common\cop\lwir</Filter>
    </ClCompile>
    <ClCompile Include="../../../../drivers/common/cop/lwir/lwir_idioms.cpp">
      <Filter>drivers\common\cop\lwir</Filter>
    </ClCompile>
    <ClCompile Include="../../../../drivers/common/cop/lwir/lwir_ifthenelse_cse.cpp">
      <Filter>drivers\common\cop\lwir</Filter>
    </ClCompile>
    <ClCompile Include="../../../../drivers/common/cop/lwir/lwir_ilwariance.cpp">
      <Filter>drivers\common\cop\lwir</Filter>
    </ClCompile>
    <ClCompile Include="../../../../drivers/common/cop/lwir/lwir_io.cpp">
      <Filter>drivers\common\cop\lwir</Filter>
    </ClCompile>
    <ClCompile Include="../../../../drivers/common/cop/lwir/lwir_ir_builder.cpp">
      <Filter>drivers\common\cop\lwir</Filter>
    </ClCompile>
    <ClCompile Include="../../../../drivers/common/cop/lwir/lwir_ir_builder_tex.cpp">
      <Filter>drivers\common\cop\lwir</Filter>
    </ClCompile>
    <ClCompile Include="../../../../drivers/common/cop/lwir/lwir_knobs.cpp">
      <Filter>drivers\common\cop\lwir</Filter>
    </ClCompile>
    <ClCompile Include="../../../../drivers/common/cop/lwir/lwir_livedead.cpp">
      <Filter>drivers\common\cop\lwir</Filter>
    </ClCompile>
    <ClCompile Include="../../../../drivers/common/cop/lwir/lwir_opt_shl64.cpp">
      <Filter>drivers\common\cop\lwir</Filter>
    </ClCompile>
    <ClCompile Include="../../../../drivers/common/cop/lwir/lwir_optimize.cpp">
      <Filter>drivers\common\cop\lwir</Filter>
    </ClCompile>
    <ClCompile Include="../../../../drivers/common/cop/lwir/lwir_profiledata.cpp">
      <Filter>drivers\common\cop\lwir</Filter>
    </ClCompile>
    <ClCompile Include="../../../../drivers/common/cop/lwir/lwir_rdefs.cpp">
      <Filter>drivers\common\cop\lwir</Filter>
    </ClCompile>
    <ClCompile Include="../../../../drivers/common/cop/lwir/lwir_register.cpp">
      <Filter>drivers\common\cop\lwir</Filter>
    </ClCompile>
    <ClCompile Include="../../../../drivers/common/cop/lwir/lwir_rename.cpp">
      <Filter>drivers\common\cop\lwir</Filter>
    </ClCompile>
    <ClCompile Include="../../../../drivers/common/cop/lwir/lwir_scan.cpp">
      <Filter>drivers\common\cop\lwir</Filter>
    </ClCompile>
    <ClCompile Include="../../../../drivers/common/cop/lwir/lwir_signature.cpp">
      <Filter>drivers\common\cop\lwir</Filter>
    </ClCompile>
    <ClCompile Include="../../../../drivers/common/cop/lwir/lwir_solver.cpp">
      <Filter>drivers\common\cop\lwir</Filter>
    </ClCompile>
    <ClCompile Include="../../../../drivers/common/cop/lwir/lwir_spill.cpp">
      <Filter>drivers\common\cop\lwir</Filter>
    </ClCompile>
    <ClCompile Include="../../../../drivers/common/cop/lwir/lwir_sync.cpp">
      <Filter>drivers\common\cop\lwir</Filter>
    </ClCompile>
    <ClCompile Include="../../../../drivers/common/cop/lwir/lwir_template.cpp">
      <Filter>drivers\common\cop\lwir</Filter>
    </ClCompile>
    <ClCompile Include="../../../../drivers/common/cop/lwir/lwir_template_gen.cpp">
      <Filter>drivers\common\cop\lwir</Filter>
    </ClCompile>
    <ClCompile Include="../../../../drivers/common/cop/lwir/lwir_thread_type.cpp">
      <Filter>drivers\common\cop\lwir</Filter>
    </ClCompile>
    <ClCompile Include="../../../../drivers/common/cop/lwir/lwir_tree_reassoc.cpp">
      <Filter>drivers\common\cop\lwir</Filter>
    </ClCompile>
    <ClCompile Include="../../../../drivers/common/cop/lwir/lwir_unroll.cpp">
      <Filter>drivers\common\cop\lwir</Filter>
    </ClCompile>
    <ClCompile Include="../../../../drivers/common/cop/lwir/lwir_utils.cpp">
      <Filter>drivers\common\cop\lwir</Filter>
    </ClCompile>
    <ClCompile Include="../../../../drivers/common/cop/lwir/lwir_validator.cpp">
      <Filter>drivers\common\cop\lwir</Filter>
    </ClCompile>
    <ClCompile Include="../../../../drivers/common/cop/lwir/lwir_vectorize.cpp">
      <Filter>drivers\common\cop\lwir</Filter>
    </ClCompile>
  </ItemGroup>
  <ItemGroup>
    <ClCompile Include="../../../../drivers/common/cop/mm/mm_fermi_instruction.cpp">
      <Filter>drivers\common\cop\mm</Filter>
    </ClCompile>
    <ClCompile Include="../../../../drivers/common/cop/mm/mm_fermi_machine.cpp">
      <Filter>drivers\common\cop\mm</Filter>
    </ClCompile>
    <ClCompile Include="../../../../drivers/common/cop/mm/mm_fermi_video_instruction.cpp">
      <Filter>drivers\common\cop\mm</Filter>
    </ClCompile>
    <ClCompile Include="../../../../drivers/common/cop/mm/mm_instruction.cpp">
      <Filter>drivers\common\cop\mm</Filter>
    </ClCompile>
    <ClCompile Include="../../../../drivers/common/cop/mm/mm_kepler_instruction.cpp">
      <Filter>drivers\common\cop\mm</Filter>
    </ClCompile>
    <ClCompile Include="../../../../drivers/common/cop/mm/mm_kepler_machine.cpp">
      <Filter>drivers\common\cop\mm</Filter>
    </ClCompile>
    <ClCompile Include="../../../../drivers/common/cop/mm/mm_machine.cpp">
      <Filter>drivers\common\cop\mm</Filter>
    </ClCompile>
    <ClCompile Include="../../../../drivers/common/cop/mm/mm_maxwell_instruction.cpp">
      <Filter>drivers\common\cop\mm</Filter>
    </ClCompile>
    <ClCompile Include="../../../../drivers/common/cop/mm/mm_maxwell_machine.cpp">
      <Filter>drivers\common\cop\mm</Filter>
    </ClCompile>
    <ClCompile Include="../../../../drivers/common/cop/mm/mm_maxwell_ucode_5_0_gen.cpp">
      <Filter>drivers\common\cop\mm</Filter>
    </ClCompile>
    <ClCompile Include="../../../../drivers/common/cop/mm/mm_statistics.cpp">
      <Filter>drivers\common\cop\mm</Filter>
    </ClCompile>
  </ItemGroup>
  <ItemGroup>
    <ClCompile Include="../../../../drivers/common/cop/interface/copi_atom.cpp">
      <Filter>drivers\common\cop\interface</Filter>
    </ClCompile>
    <ClCompile Include="../../../../drivers/common/cop/interface/copi_base_interface.cpp">
      <Filter>drivers\common\cop\interface</Filter>
    </ClCompile>
    <ClCompile Include="../../../../drivers/common/cop/interface/copi_binding.cpp">
      <Filter>drivers\common\cop\interface</Filter>
    </ClCompile>
    <ClCompile Include="../../../../drivers/common/cop/interface/copi_copargs_parser.c">
      <Filter>drivers\common\cop\interface</Filter>
    </ClCompile>
    <ClCompile Include="../../../../drivers/common/cop/interface/copi_driver_interface.cpp">
      <Filter>drivers\common\cop\interface</Filter>
    </ClCompile>
    <ClCompile Include="../../../../drivers/common/cop/interface/copi_fermi_interface.cpp">
      <Filter>drivers\common\cop\interface</Filter>
    </ClCompile>
    <ClCompile Include="../../../../drivers/common/cop/interface/copi_glasm_interface.cpp">
      <Filter>drivers\common\cop\interface</Filter>
    </ClCompile>
    <ClCompile Include="../../../../drivers/common/cop/interface/copi_mem.cpp">
      <Filter>drivers\common\cop\interface</Filter>
    </ClCompile>
    <ClCompile Include="../../../../drivers/common/cop/interface/copi_optionparser.cpp">
      <Filter>drivers\common\cop\interface</Filter>
    </ClCompile>
    <ClCompile Include="../../../../drivers/common/cop/interface/copi_prototype_interface.cpp">
      <Filter>drivers\common\cop\interface</Filter>
    </ClCompile>
    <ClCompile Include="../../../../drivers/common/cop/interface/copi_string.cpp">
      <Filter>drivers\common\cop\interface</Filter>
    </ClCompile>
    <ClCompile Include="../../../../drivers/common/cop/interface/copi_trace.cpp">
      <Filter>drivers\common\cop\interface</Filter>
    </ClCompile>
    <ClCompile Include="../../../../drivers/common/cop/interface/copi_ucode.cpp">
      <Filter>drivers\common\cop\interface</Filter>
    </ClCompile>
  </ItemGroup>
  <ItemGroup/>
  <ItemGroup>
    <ClCompile Include="../../../../drivers/common/cop/codegen/cop_base_codegen.cpp">
      <Filter>drivers\common\cop\codegen</Filter>
    </ClCompile>
    <ClCompile Include="../../../../drivers/common/cop/codegen/cop_base_flow.cpp">
      <Filter>drivers\common\cop\codegen</Filter>
    </ClCompile>
    <ClCompile Include="../../../../drivers/common/cop/codegen/cop_base_format.cpp">
      <Filter>drivers\common\cop\codegen</Filter>
    </ClCompile>
    <ClCompile Include="../../../../drivers/common/cop/codegen/cop_base_peephole.cpp">
      <Filter>drivers\common\cop\codegen</Filter>
    </ClCompile>
    <ClCompile Include="../../../../drivers/common/cop/codegen/cop_base_register.cpp">
      <Filter>drivers\common\cop\codegen</Filter>
    </ClCompile>
    <ClCompile Include="../../../../drivers/common/cop/codegen/cop_base_schedule.cpp">
      <Filter>drivers\common\cop\codegen</Filter>
    </ClCompile>
    <ClCompile Include="../../../../drivers/common/cop/codegen/cop_block.cpp">
      <Filter>drivers\common\cop\codegen</Filter>
    </ClCompile>
    <ClCompile Include="../../../../drivers/common/cop/codegen/cop_cfgutils.cpp">
      <Filter>drivers\common\cop\codegen</Filter>
    </ClCompile>
    <ClCompile Include="../../../../drivers/common/cop/codegen/cop_dag.cpp">
      <Filter>drivers\common\cop\codegen</Filter>
    </ClCompile>
    <ClCompile Include="../../../../drivers/common/cop/codegen/cop_dag2ucode.cpp">
      <Filter>drivers\common\cop\codegen</Filter>
    </ClCompile>
    <ClCompile Include="../../../../drivers/common/cop/codegen/cop_dag_interface.cpp">
      <Filter>drivers\common\cop\codegen</Filter>
    </ClCompile>
    <ClCompile Include="../../../../drivers/common/cop/codegen/cop_dagutils.cpp">
      <Filter>drivers\common\cop\codegen</Filter>
    </ClCompile>
    <ClCompile Include="../../../../drivers/common/cop/codegen/cop_function.cpp">
      <Filter>drivers\common\cop\codegen</Filter>
    </ClCompile>
    <ClCompile Include="../../../../drivers/common/cop/codegen/cop_ir2ucode.cpp">
      <Filter>drivers\common\cop\codegen</Filter>
    </ClCompile>
    <ClCompile Include="../../../../drivers/common/cop/codegen/cop_ir_builder.cpp">
      <Filter>drivers\common\cop\codegen</Filter>
    </ClCompile>
    <ClCompile Include="../../../../drivers/common/cop/codegen/cop_knobs.cpp">
      <Filter>drivers\common\cop\codegen</Filter>
    </ClCompile>
    <ClCompile Include="../../../../drivers/common/cop/codegen/cop_lw_common.cpp">
      <Filter>drivers\common\cop\codegen</Filter>
    </ClCompile>
    <ClCompile Include="../../../../drivers/common/cop/codegen/cop_lw_register.cpp">
      <Filter>drivers\common\cop\codegen</Filter>
    </ClCompile>
    <ClCompile Include="../../../../drivers/common/cop/codegen/cop_scalar_transforms.cpp">
      <Filter>drivers\common\cop\codegen</Filter>
    </ClCompile>
    <ClCompile Include="../../../../drivers/common/cop/codegen/cop_sdag_utils.cpp">
      <Filter>drivers\common\cop\codegen</Filter>
    </ClCompile>
    <ClCompile Include="../../../../drivers/common/cop/codegen/cop_set_utils.cpp">
      <Filter>drivers\common\cop\codegen</Filter>
    </ClCompile>
    <ClCompile Include="../../../../drivers/common/cop/codegen/cop_transforms.cpp">
      <Filter>drivers\common\cop\codegen</Filter>
    </ClCompile>
    <ClCompile Include="../../../../drivers/common/cop/codegen/cop_tune.cpp">
      <Filter>drivers\common\cop\codegen</Filter>
    </ClCompile>
    <ClCompile Include="../../../../drivers/common/cop/codegen/cop_vp_codegen.cpp">
      <Filter>drivers\common\cop\codegen</Filter>
    </ClCompile>
  </ItemGroup>
  <ItemGroup>
    <ClCompile Include="../../../../drivers/common/lwi/lwFingerPrinter.cpp">
      <Filter>drivers\common\lwi</Filter>
    </ClCompile>
    <ClCompile Include="../../../../drivers/common/lwi/lwiutils.c">
      <Filter>drivers\common\lwi</Filter>
    </ClCompile>
    <ClCompile Include="../../../../drivers/common/lwi/shdparser.c">
      <Filter>drivers\common\lwi</Filter>
    </ClCompile>
  </ItemGroup>
  <ItemGroup/>
  <ItemGroup/>
  <ItemGroup/>
  <ItemGroup>
    <ClCompile Include="../../../../drivers/common/asmclient/cop_compilelwinsttoucode.cpp">
      <Filter>drivers\common\asmclient</Filter>
    </ClCompile>
    <ClCompile Include="../../../../drivers/common/asmclient/cop_lwinst2lwir.cpp">
      <Filter>drivers\common\asmclient</Filter>
    </ClCompile>
    <ClCompile Include="../../../../drivers/common/asmclient/cop_lwinst2ori.cpp">
      <Filter>drivers\common\asmclient</Filter>
    </ClCompile>
    <ClCompile Include="../../../../drivers/common/asmclient/cop_lwinst_constructdag.cpp">
      <Filter>drivers\common\asmclient</Filter>
    </ClCompile>
    <ClCompile Include="../../../../drivers/common/asmclient/cop_lwinst_colwertshared.cpp">
      <Filter>drivers\common\asmclient</Filter>
    </ClCompile>
    <ClCompile Include="../../../../drivers/common/asmclient/cop_lwinst_fermi.cpp">
      <Filter>drivers\common\asmclient</Filter>
    </ClCompile>
    <ClCompile Include="../../../../drivers/common/asmclient/cop_source2lwir.cpp">
      <Filter>drivers\common\asmclient</Filter>
    </ClCompile>
    <ClCompile Include="../../../../drivers/common/asmclient/cop_translate_builder.cpp">
      <Filter>drivers\common\asmclient</Filter>
    </ClCompile>
    <ClCompile Include="../../../../drivers/common/asmclient/cop_translate_fe_lwinst.cpp">
      <Filter>drivers\common\asmclient</Filter>
    </ClCompile>
  </ItemGroup>
  <ItemGroup>
    <ClCompile Include="../../../../drivers/OpenGL/tools/parseasm/fakegldriver.cpp">
      <Filter>drivers\OpenGL\tools\parseasm</Filter>
    </ClCompile>
    <ClCompile Include="../../../../drivers/OpenGL/tools/parseasm/s_pgmcomp_link.cpp">
      <Filter>drivers\OpenGL\tools\parseasm</Filter>
    </ClCompile>
    <ClCompile Include="../../../../drivers/OpenGL/tools/parseasm/s_vtxpgm_link.cpp">
      <Filter>drivers\OpenGL\tools\parseasm</Filter>
    </ClCompile>
  </ItemGroup>
  <ItemGroup/>
  <ItemGroup>
    <ClCompile Include="../../../../drivers/OpenGL/lw/lwCOPInterface.c">
      <Filter>drivers\OpenGL\lw</Filter>
    </ClCompile>
    <ClCompile Include="../../../../drivers/OpenGL/lw/lwGPUCodeOG.c">
      <Filter>drivers\OpenGL\lw</Filter>
    </ClCompile>
    <ClCompile Include="../../../../drivers/OpenGL/lw/lwGPUProgram.c">
      <Filter>drivers\OpenGL\lw</Filter>
    </ClCompile>
    <ClCompile Include="../../../../drivers/OpenGL/lw/lwpgmworkaround.c">
      <Filter>drivers\OpenGL\lw</Filter>
    </ClCompile>
    <ClCompile Include="../../../../drivers/OpenGL/lw/lwptrace.c">
      <Filter>drivers\OpenGL\lw</Filter>
    </ClCompile>
    <ClCompile Include="../../../../drivers/OpenGL/lw/lwputils.c">
      <Filter>drivers\OpenGL\lw</Filter>
    </ClCompile>
  </ItemGroup>
  <ItemGroup>
    <ClCompile Include="../../../../drivers/OpenGL/glutil/lwcObject.cpp">
      <Filter>drivers\OpenGL\glutil</Filter>
    </ClCompile>
  </ItemGroup>
  <ItemGroup>
    <ClCompile Include="../../../../drivers/OpenGL/glcore/lwShaderCallGraph.cpp">
      <Filter>drivers\OpenGL\glcore</Filter>
    </ClCompile>
    <ClCompile Include="../../../../drivers/OpenGL/glcore/lwShaderCallGraphUtil.cpp">
      <Filter>drivers\OpenGL\glcore</Filter>
    </ClCompile>
    <ClCompile Include="../../../../drivers/OpenGL/glcore/s_pgmcomp.c">
      <Filter>drivers\OpenGL\glcore</Filter>
    </ClCompile>
  </ItemGroup>
  <ItemGroup>
    <ClCompile Include="../../../../drivers/OpenGL/fermi/gf100computepgm.c">
      <Filter>drivers\OpenGL\fermi</Filter>
    </ClCompile>
    <ClCompile Include="../../../../drivers/OpenGL/fermi/gf100fragpgm.c">
      <Filter>drivers\OpenGL\fermi</Filter>
    </ClCompile>
    <ClCompile Include="../../../../drivers/OpenGL/fermi/gf100geompgm.c">
      <Filter>drivers\OpenGL\fermi</Filter>
    </ClCompile>
    <ClCompile Include="../../../../drivers/OpenGL/fermi/gf100meshpgm.c">
      <Filter>drivers\OpenGL\fermi</Filter>
    </ClCompile>
    <ClCompile Include="../../../../drivers/OpenGL/fermi/gf100program.c">
      <Filter>drivers\OpenGL\fermi</Filter>
    </ClCompile>
    <ClCompile Include="../../../../drivers/OpenGL/fermi/gf100tesspgm.c">
      <Filter>drivers\OpenGL\fermi</Filter>
    </ClCompile>
    <ClCompile Include="../../../../drivers/OpenGL/fermi/gf100vtxpgm.c">
      <Filter>drivers\OpenGL\fermi</Filter>
    </ClCompile>
  </ItemGroup>
  <ItemGroup/>
  <ItemGroup/>
  <ItemGroup/>
  <ItemGroup/>
  <ItemGroup>
    <ClCompile Include="../../../../apps/ocg/cop_parseasm/_out/wddm_x86_debug/g_D3D10Lexer.cpp">
      <Filter>apps\ocg\cop_parseasm\_out\wddm_x86_debug</Filter>
    </ClCompile>
    <ClCompile Include="../../../../apps/ocg/cop_parseasm/_out/wddm_x86_debug/g_D3D10Parser.cpp">
      <Filter>apps\ocg\cop_parseasm\_out\wddm_x86_debug</Filter>
    </ClCompile>
    <ClCompile Include="../../../../apps/ocg/cop_parseasm/_out/wddm_x86_debug/g_D3D10VerifyKeywordMappings.cpp">
      <Filter>apps\ocg\cop_parseasm\_out\wddm_x86_debug</Filter>
    </ClCompile>
  </ItemGroup>
  <ItemGroup>
    <ClCompile Include="../../../../apps/ocg/cop_parseasm/common/SharedBetweenD3DAndPSComp_link.cpp">
      <Filter>apps\ocg\cop_parseasm\common</Filter>
    </ClCompile>
    <ClCompile Include="../../../../apps/ocg/cop_parseasm/common/lwDbg_link.cpp">
      <Filter>apps\ocg\cop_parseasm\common</Filter>
    </ClCompile>
    <ClCompile Include="../../../../apps/ocg/cop_parseasm/common/lwShaderDump_link.cpp">
      <Filter>apps\ocg\cop_parseasm\common</Filter>
    </ClCompile>
    <ClCompile Include="../../../../apps/ocg/cop_parseasm/common/lwTypecastCheckUtils_link.cpp">
      <Filter>apps\ocg\cop_parseasm\common</Filter>
    </ClCompile>
  </ItemGroup>
  <ItemGroup/>
  <ItemGroup>
    <ClCompile Include="../../../../apps/ocg/cop_parseasm/lwFragmentProgramOptimize_link.cpp">
      <Filter>apps\ocg\cop_parseasm</Filter>
    </ClCompile>
    <ClCompile Include="../../../../apps/ocg/cop_parseasm/parseasm.cpp">
      <Filter>apps\ocg\cop_parseasm</Filter>
    </ClCompile>
    <ClCompile Include="../../../../apps/ocg/cop_parseasm/parseasm_profileoption.cpp">
      <Filter>apps\ocg\cop_parseasm</Filter>
    </ClCompile>
    <ClCompile Include="../../../../apps/ocg/cop_parseasm/parseasmlib.cpp">
      <Filter>apps\ocg\cop_parseasm</Filter>
    </ClCompile>
    <ClCompile Include="../../../../apps/ocg/cop_parseasm/parseasmutils.cpp">
      <Filter>apps\ocg\cop_parseasm</Filter>
    </ClCompile>
  </ItemGroup>
  <ItemGroup/>
  <ItemGroup/>
  <ItemGroup/>
</Project>
