<?xml version="1.0" encoding="utf-8"?>
<Project ToolsVersion="4.0" xmlns="http://schemas.microsoft.com/developer/msbuild/2003">
  <ItemGroup>
    <Filter Include="Source Files">
      <UniqueIdentifier>{4FC737F1-C7A5-4376-A066-2A32D752A2FF}</UniqueIdentifier>
      <Extensions>cpp;c;cc;cxx;def;odl;idl;hpj;bat;asm;asmx</Extensions>
    </Filter>
    <Filter Include="Header Files">
      <UniqueIdentifier>{93995380-89BD-4b04-88EB-625FBE52EBFB}</UniqueIdentifier>
      <Extensions>h;hh;hpp;hxx;hm;inl;inc;ipp;xsd</Extensions>
    </Filter>
    <Filter Include="Resource Files">
      <UniqueIdentifier>{67DA6AB6-F800-4c08-8B7A-83BB121AAD01}</UniqueIdentifier>
      <Extensions>rc;ico;lwr;bmp;dlg;rc2;rct;bin;rgs;gif;jpg;jpeg;jpe;resx;tiff;tif;png;wav;mfcribbon-ms</Extensions>
    </Filter>
  </ItemGroup>
  <ItemGroup>
    <ClInclude Include="..\..\externals\psd_sdk\PsdVectorMask.h">
      <Filter>Header Files</Filter>
    </ClInclude>
    <ClInclude Include="..\..\externals\psd_sdk\Psd.h">
      <Filter>Header Files</Filter>
    </ClInclude>
    <ClInclude Include="..\..\externals\psd_sdk\PsdAllocator.h">
      <Filter>Header Files</Filter>
    </ClInclude>
    <ClInclude Include="..\..\externals\psd_sdk\PsdAlphaChannel.h">
      <Filter>Header Files</Filter>
    </ClInclude>
    <ClInclude Include="..\..\externals\psd_sdk\PsdAssert.h">
      <Filter>Header Files</Filter>
    </ClInclude>
    <ClInclude Include="..\..\externals\psd_sdk\PsdBitUtil.h">
      <Filter>Header Files</Filter>
    </ClInclude>
    <ClInclude Include="..\..\externals\psd_sdk\PsdBlendMode.h">
      <Filter>Header Files</Filter>
    </ClInclude>
    <ClInclude Include="..\..\externals\psd_sdk\PsdChannel.h">
      <Filter>Header Files</Filter>
    </ClInclude>
    <ClInclude Include="..\..\externals\psd_sdk\PsdChannelType.h">
      <Filter>Header Files</Filter>
    </ClInclude>
    <ClInclude Include="..\..\externals\psd_sdk\PsdColorMode.h">
      <Filter>Header Files</Filter>
    </ClInclude>
    <ClInclude Include="..\..\externals\psd_sdk\PsdColorModeDataSection.h">
      <Filter>Header Files</Filter>
    </ClInclude>
    <ClInclude Include="..\..\externals\psd_sdk\PsdCompilerMacros.h">
      <Filter>Header Files</Filter>
    </ClInclude>
    <ClInclude Include="..\..\externals\psd_sdk\PsdCompressionType.h">
      <Filter>Header Files</Filter>
    </ClInclude>
    <ClInclude Include="..\..\externals\psd_sdk\PsdDecompressRle.h">
      <Filter>Header Files</Filter>
    </ClInclude>
    <ClInclude Include="..\..\externals\psd_sdk\PsdDolwment.h">
      <Filter>Header Files</Filter>
    </ClInclude>
    <ClInclude Include="..\..\externals\psd_sdk\PsdDolwmentation.h">
      <Filter>Header Files</Filter>
    </ClInclude>
    <ClInclude Include="..\..\externals\psd_sdk\PsdEndianColwersion.h">
      <Filter>Header Files</Filter>
    </ClInclude>
    <ClInclude Include="..\..\externals\psd_sdk\PsdExport.h">
      <Filter>Header Files</Filter>
    </ClInclude>
    <ClInclude Include="..\..\externals\psd_sdk\PsdExportChannel.h">
      <Filter>Header Files</Filter>
    </ClInclude>
    <ClInclude Include="..\..\externals\psd_sdk\PsdExportColorMode.h">
      <Filter>Header Files</Filter>
    </ClInclude>
    <ClInclude Include="..\..\externals\psd_sdk\PsdExportDolwment.h">
      <Filter>Header Files</Filter>
    </ClInclude>
    <ClInclude Include="..\..\externals\psd_sdk\PsdExportLayer.h">
      <Filter>Header Files</Filter>
    </ClInclude>
    <ClInclude Include="..\..\externals\psd_sdk\PsdExportMetaDataAttribute.h">
      <Filter>Header Files</Filter>
    </ClInclude>
    <ClInclude Include="..\..\externals\psd_sdk\PsdFile.h">
      <Filter>Header Files</Filter>
    </ClInclude>
    <ClInclude Include="..\..\externals\psd_sdk\PsdFixedSizeString.h">
      <Filter>Header Files</Filter>
    </ClInclude>
    <ClInclude Include="..\..\externals\psd_sdk\PsdImageDataSection.h">
      <Filter>Header Files</Filter>
    </ClInclude>
    <ClInclude Include="..\..\externals\psd_sdk\PsdImageResourcesSection.h">
      <Filter>Header Files</Filter>
    </ClInclude>
    <ClInclude Include="..\..\externals\psd_sdk\PsdImageResourceType.h">
      <Filter>Header Files</Filter>
    </ClInclude>
    <ClInclude Include="..\..\externals\psd_sdk\PsdInterleave.h">
      <Filter>Header Files</Filter>
    </ClInclude>
    <ClInclude Include="..\..\externals\psd_sdk\Psdinttypes.h">
      <Filter>Header Files</Filter>
    </ClInclude>
    <ClInclude Include="..\..\externals\psd_sdk\Psdispod.h">
      <Filter>Header Files</Filter>
    </ClInclude>
    <ClInclude Include="..\..\externals\psd_sdk\Psdisunsigned.h">
      <Filter>Header Files</Filter>
    </ClInclude>
    <ClInclude Include="..\..\externals\psd_sdk\PsdKey.h">
      <Filter>Header Files</Filter>
    </ClInclude>
    <ClInclude Include="..\..\externals\psd_sdk\PsdLayer.h">
      <Filter>Header Files</Filter>
    </ClInclude>
    <ClInclude Include="..\..\externals\psd_sdk\PsdLayerCalwasCopy.h">
      <Filter>Header Files</Filter>
    </ClInclude>
    <ClInclude Include="..\..\externals\psd_sdk\PsdLayerMask.h">
      <Filter>Header Files</Filter>
    </ClInclude>
    <ClInclude Include="..\..\externals\psd_sdk\PsdLayerMaskSection.h">
      <Filter>Header Files</Filter>
    </ClInclude>
    <ClInclude Include="..\..\externals\psd_sdk\PsdLayerType.h">
      <Filter>Header Files</Filter>
    </ClInclude>
    <ClInclude Include="..\..\externals\psd_sdk\PsdLog.h">
      <Filter>Header Files</Filter>
    </ClInclude>
    <ClInclude Include="..\..\externals\psd_sdk\PsdMallocAllocator.h">
      <Filter>Header Files</Filter>
    </ClInclude>
    <ClInclude Include="..\..\externals\psd_sdk\PsdMemoryUtil.h">
      <Filter>Header Files</Filter>
    </ClInclude>
    <ClInclude Include="..\..\externals\psd_sdk\Psdminiz.h">
      <Filter>Header Files</Filter>
    </ClInclude>
    <ClInclude Include="..\..\externals\psd_sdk\PsdNamespace.h">
      <Filter>Header Files</Filter>
    </ClInclude>
    <ClInclude Include="..\..\externals\psd_sdk\PsdNativeFile.h">
      <Filter>Header Files</Filter>
    </ClInclude>
    <ClInclude Include="..\..\externals\psd_sdk\PsdNativeFile_Mac.h">
      <Filter>Header Files</Filter>
    </ClInclude>
    <ClInclude Include="..\..\externals\psd_sdk\PsdParseColorModeDataSection.h">
      <Filter>Header Files</Filter>
    </ClInclude>
    <ClInclude Include="..\..\externals\psd_sdk\PsdParseDolwment.h">
      <Filter>Header Files</Filter>
    </ClInclude>
    <ClInclude Include="..\..\externals\psd_sdk\PsdParseImageDataSection.h">
      <Filter>Header Files</Filter>
    </ClInclude>
    <ClInclude Include="..\..\externals\psd_sdk\PsdParseImageResourcesSection.h">
      <Filter>Header Files</Filter>
    </ClInclude>
    <ClInclude Include="..\..\externals\psd_sdk\PsdParseLayerMaskSection.h">
      <Filter>Header Files</Filter>
    </ClInclude>
    <ClInclude Include="..\..\externals\psd_sdk\PsdPch.h">
      <Filter>Header Files</Filter>
    </ClInclude>
    <ClInclude Include="..\..\externals\psd_sdk\PsdPlanarImage.h">
      <Filter>Header Files</Filter>
    </ClInclude>
    <ClInclude Include="..\..\externals\psd_sdk\PsdPlatform.h">
      <Filter>Header Files</Filter>
    </ClInclude>
    <ClInclude Include="..\..\externals\psd_sdk\PsdSection.h">
      <Filter>Header Files</Filter>
    </ClInclude>
    <ClInclude Include="..\..\externals\psd_sdk\Psdstdint.h">
      <Filter>Header Files</Filter>
    </ClInclude>
    <ClInclude Include="..\..\externals\psd_sdk\PsdSyncFileReader.h">
      <Filter>Header Files</Filter>
    </ClInclude>
    <ClInclude Include="..\..\externals\psd_sdk\PsdSyncFileUtil.h">
      <Filter>Header Files</Filter>
    </ClInclude>
    <ClInclude Include="..\..\externals\psd_sdk\PsdSyncFileWriter.h">
      <Filter>Header Files</Filter>
    </ClInclude>
    <ClInclude Include="..\..\externals\psd_sdk\PsdThumbnail.h">
      <Filter>Header Files</Filter>
    </ClInclude>
    <ClInclude Include="..\..\externals\psd_sdk\PsdTypes.h">
      <Filter>Header Files</Filter>
    </ClInclude>
    <ClInclude Include="..\..\externals\psd_sdk\PsdUnionCast.h">
      <Filter>Header Files</Filter>
    </ClInclude>
  </ItemGroup>
  <ItemGroup>
    <None Include="..\..\externals\psd_sdk\PsdBitUtil.inl">
      <Filter>Header Files</Filter>
    </None>
    <None Include="..\..\externals\psd_sdk\PsdEndianColwersion.inl">
      <Filter>Header Files</Filter>
    </None>
    <None Include="..\..\externals\psd_sdk\PsdMemoryUtil.inl">
      <Filter>Header Files</Filter>
    </None>
    <None Include="..\..\externals\psd_sdk\PsdSyncFileUtil.inl">
      <Filter>Header Files</Filter>
    </None>
  </ItemGroup>
  <ItemGroup>
    <ClCompile Include="..\..\externals\psd_sdk\PsdSyncFileWriter.cpp">
      <Filter>Source Files</Filter>
    </ClCompile>
    <ClCompile Include="..\..\externals\psd_sdk\PsdAllocator.cpp">
      <Filter>Source Files</Filter>
    </ClCompile>
    <ClCompile Include="..\..\externals\psd_sdk\PsdBlendMode.cpp">
      <Filter>Source Files</Filter>
    </ClCompile>
    <ClCompile Include="..\..\externals\psd_sdk\PsdColorMode.cpp">
      <Filter>Source Files</Filter>
    </ClCompile>
    <ClCompile Include="..\..\externals\psd_sdk\PsdDecompressRle.cpp">
      <Filter>Source Files</Filter>
    </ClCompile>
    <ClCompile Include="..\..\externals\psd_sdk\PsdExport.cpp">
      <Filter>Source Files</Filter>
    </ClCompile>
    <ClCompile Include="..\..\externals\psd_sdk\PsdFile.cpp">
      <Filter>Source Files</Filter>
    </ClCompile>
    <ClCompile Include="..\..\externals\psd_sdk\PsdFixedSizeString.cpp">
      <Filter>Source Files</Filter>
    </ClCompile>
    <ClCompile Include="..\..\externals\psd_sdk\PsdInterleave.cpp">
      <Filter>Source Files</Filter>
    </ClCompile>
    <ClCompile Include="..\..\externals\psd_sdk\PsdLayerCalwasCopy.cpp">
      <Filter>Source Files</Filter>
    </ClCompile>
    <ClCompile Include="..\..\externals\psd_sdk\PsdMallocAllocator.cpp">
      <Filter>Source Files</Filter>
    </ClCompile>
    <ClCompile Include="..\..\externals\psd_sdk\Psdminiz.c">
      <Filter>Source Files</Filter>
    </ClCompile>
    <ClCompile Include="..\..\externals\psd_sdk\PsdNativeFile.cpp">
      <Filter>Source Files</Filter>
    </ClCompile>
    <ClCompile Include="..\..\externals\psd_sdk\PsdParseDolwment.cpp">
      <Filter>Source Files</Filter>
    </ClCompile>
    <ClCompile Include="..\..\externals\psd_sdk\PsdParseImageDataSection.cpp">
      <Filter>Source Files</Filter>
    </ClCompile>
    <ClCompile Include="..\..\externals\psd_sdk\PsdParseImageResourcesSection.cpp">
      <Filter>Source Files</Filter>
    </ClCompile>
    <ClCompile Include="..\..\externals\psd_sdk\PsdParseLayerMaskSection.cpp">
      <Filter>Source Files</Filter>
    </ClCompile>
    <ClCompile Include="..\..\externals\psd_sdk\PsdPch.cpp">
      <Filter>Source Files</Filter>
    </ClCompile>
    <ClCompile Include="..\..\externals\psd_sdk\PsdSyncFileReader.cpp">
      <Filter>Source Files</Filter>
    </ClCompile>
  </ItemGroup>
</Project>