<?xml version="1.0" encoding="utf-8"?>
<Project ToolsVersion="4.0" xmlns="http://schemas.microsoft.com/developer/msbuild/2003">
  <ItemGroup>
    <Filter Include="Source Files">
      <UniqueIdentifier>{4FC737F1-C7A5-4376-A066-2A32D752A2FF}</UniqueIdentifier>
      <Extensions>cpp;c;cc;cxx;def;odl;idl;hpj;bat;asm;asmx</Extensions>
    </Filter>
    <Filter Include="Header Files">
      <UniqueIdentifier>{93995380-89BD-4b04-88EB-625FBE52EBFB}</UniqueIdentifier>
      <Extensions>h;hpp;hxx;hm;inl;inc;xsd</Extensions>
    </Filter>
    <Filter Include="Resource Files">
      <UniqueIdentifier>{67DA6AB6-F800-4c08-8B7A-83BB121AAD01}</UniqueIdentifier>
      <Extensions>rc;ico;lwr;bmp;dlg;rc2;rct;bin;rgs;gif;jpg;jpeg;jpe;resx;tiff;tif;png;wav;mfcribbon-ms</Extensions>
    </Filter>
    <Filter Include="Header Files\cases">
      <UniqueIdentifier>{a1a134af-3892-4b3b-bcdd-47fb50e86484}</UniqueIdentifier>
    </Filter>
    <Filter Include="Source Files\cases">
      <UniqueIdentifier>{a53a1213-b328-41bf-b247-bc9d33961769}</UniqueIdentifier>
    </Filter>
    <Filter Include="Header Files\lwn-headers">
      <UniqueIdentifier>{c1e06cee-9f1b-431a-84a9-c57565df98be}</UniqueIdentifier>
    </Filter>
    <Filter Include="Header Files\lwn-headers\lwnTool">
      <UniqueIdentifier>{3091102b-8860-4571-9079-5c4129c1effa}</UniqueIdentifier>
    </Filter>
    <Filter Include="Header Files\lwn-headers\lwn">
      <UniqueIdentifier>{3ec8bea9-9cf7-4d4f-8bee-1f14a663e274}</UniqueIdentifier>
    </Filter>
    <Filter Include="Header Files\common">
      <UniqueIdentifier>{11fae5c9-8262-47b4-8254-85548c6e3826}</UniqueIdentifier>
    </Filter>
    <Filter Include="Header Files\common\lwnUtil">
      <UniqueIdentifier>{1c6c217d-c440-4208-8276-036baed0ada4}</UniqueIdentifier>
    </Filter>
    <Filter Include="Header Files\cases\shaderperf">
      <UniqueIdentifier>{ed150860-0b7d-4109-bc04-6cc6c6a8d09c}</UniqueIdentifier>
    </Filter>
    <Filter Include="Source Files\cases\shaderperf">
      <UniqueIdentifier>{ba22c5f3-ba04-42eb-93d0-d4caf3ee2812}</UniqueIdentifier>
    </Filter>
  </ItemGroup>
  <ItemGroup>
    <ClCompile Include="..\microbench\bench.cpp">
      <Filter>Source Files</Filter>
    </ClCompile>
    <ClCompile Include="..\microbench\bench_ogl.cpp">
      <Filter>Source Files</Filter>
    </ClCompile>
    <ClCompile Include="..\microbench\glprogram.cpp">
      <Filter>Source Files</Filter>
    </ClCompile>
    <ClCompile Include="..\microbench\options.cpp">
      <Filter>Source Files</Filter>
    </ClCompile>
    <ClCompile Include="..\microbench\timer.cpp">
      <Filter>Source Files</Filter>
    </ClCompile>
    <ClCompile Include="..\microbench\utils.cpp">
      <Filter>Source Files</Filter>
    </ClCompile>
    <ClCompile Include="..\microbench\windows_main.cpp">
      <Filter>Source Files</Filter>
    </ClCompile>
    <ClCompile Include="..\microbench\cases\trirate.cpp">
      <Filter>Source Files\cases</Filter>
    </ClCompile>
    <ClCompile Include="..\microbench\cases\trirate_ogl.cpp">
      <Filter>Source Files\cases</Filter>
    </ClCompile>
    <ClCompile Include="..\microbench\cases\tex_init.cpp">
      <Filter>Source Files\cases</Filter>
    </ClCompile>
    <ClCompile Include="..\microbench\cases\tex.cpp">
      <Filter>Source Files\cases</Filter>
    </ClCompile>
    <ClCompile Include="..\microbench\cases\constantbind.cpp">
      <Filter>Source Files\cases</Filter>
    </ClCompile>
    <ClCompile Include="..\microbench\cases\cpu_overhead.cpp">
      <Filter>Source Files\cases</Filter>
    </ClCompile>
    <ClCompile Include="..\microbench\cases\fillrate.cpp">
      <Filter>Source Files\cases</Filter>
    </ClCompile>
    <ClCompile Include="..\microbench\cases\fillrate_ogl.cpp">
      <Filter>Source Files\cases</Filter>
    </ClCompile>
    <ClCompile Include="..\microbench\cases\fillrate_compute.cpp">
      <Filter>Source Files\cases</Filter>
    </ClCompile>
    <ClCompile Include="..\microbench\cases\gpfifo.cpp">
      <Filter>Source Files\cases</Filter>
    </ClCompile>
    <ClCompile Include="..\microbench\cases\kickoff.cpp">
      <Filter>Source Files\cases</Filter>
    </ClCompile>
    <ClCompile Include="..\microbench\cases\malloc_perf.cpp">
      <Filter>Source Files\cases</Filter>
    </ClCompile>
    <ClCompile Include="..\microbench\cases\multibind.cpp">
      <Filter>Source Files\cases</Filter>
    </ClCompile>
    <ClCompile Include="..\microbench\cases\pool_flush.cpp">
      <Filter>Source Files\cases</Filter>
    </ClCompile>
    <ClCompile Include="..\microbench\cases\shaderbind.cpp">
      <Filter>Source Files\cases</Filter>
    </ClCompile>
    <ClCompile Include="..\microbench\cases\tiled_cache.cpp">
      <Filter>Source Files\cases</Filter>
    </ClCompile>
    <ClCompile Include="..\microbench\hos_main.cpp">
      <Filter>Source Files</Filter>
    </ClCompile>
    <ClCompile Include="..\microbench\cases\gpu_time.cpp">
      <Filter>Source Files</Filter>
    </ClCompile>
    <ClCompile Include="..\microbench\cases\drawtest.cpp">
      <Filter>Source Files\cases</Filter>
    </ClCompile>
    <ClCompile Include="..\microbench\cases\cbf.cpp">
      <Filter>Source Files\cases</Filter>
    </ClCompile>
    <ClCompile Include="..\microbench\cases\clear_buffer.cpp">
      <Filter>Source Files\cases</Filter>
    </ClCompile>
    <ClCompile Include="..\microbench\cases\warp_lwlling.cpp">
      <Filter>Source Files\cases</Filter>
    </ClCompile>
    <ClCompile Include="..\microbench\cases\shaderperf.cpp">
      <Filter>Source Files\cases</Filter>
    </ClCompile>
    <ClCompile Include="..\microbench\cases\shaderperf\dce.cpp">
      <Filter>Header Files\cases\shaderperf</Filter>
    </ClCompile>
    <ClCompile Include="..\microbench\cases\shaderperf\expr.cpp">
      <Filter>Header Files\cases\shaderperf</Filter>
    </ClCompile>
    <ClCompile Include="..\microbench\cases\shaderperf\ipa.cpp">
      <Filter>Header Files\cases\shaderperf</Filter>
    </ClCompile>
    <ClCompile Include="..\microbench\cases\shaderperf\hoistDiscards.cpp">
      <Filter>Source Files\cases\shaderperf</Filter>
    </ClCompile>
    <ClCompile Include="..\samples\common\lwnutil.cpp">
      <Filter>Source Files</Filter>
    </ClCompile>
  </ItemGroup>
  <ItemGroup>
    <ClInclude Include="..\microbench\cases\constantbind.hpp">
      <Filter>Header Files\cases</Filter>
    </ClInclude>
    <ClInclude Include="..\microbench\cases\cpu_overhead.hpp">
      <Filter>Header Files\cases</Filter>
    </ClInclude>
    <ClInclude Include="..\microbench\cases\fillrate.hpp">
      <Filter>Header Files\cases</Filter>
    </ClInclude>
    <ClInclude Include="..\microbench\cases\fillrate_ogl.hpp">
      <Filter>Header Files\cases</Filter>
    </ClInclude>
    <ClInclude Include="..\microbench\cases\gpfifo.hpp">
      <Filter>Header Files\cases</Filter>
    </ClInclude>
    <ClInclude Include="..\microbench\cases\kickoff.hpp">
      <Filter>Header Files\cases</Filter>
    </ClInclude>
    <ClInclude Include="..\microbench\cases\malloc_perf.hpp">
      <Filter>Header Files\cases</Filter>
    </ClInclude>
    <ClInclude Include="..\microbench\cases\multibind.hpp">
      <Filter>Header Files\cases</Filter>
    </ClInclude>
    <ClInclude Include="..\microbench\cases\pool_flush.hpp">
      <Filter>Header Files\cases</Filter>
    </ClInclude>
    <ClInclude Include="..\microbench\cases\shaderbind.hpp">
      <Filter>Header Files\cases</Filter>
    </ClInclude>
    <ClInclude Include="..\microbench\cases\tex.hpp">
      <Filter>Header Files\cases</Filter>
    </ClInclude>
    <ClInclude Include="..\microbench\cases\tex_init.hpp">
      <Filter>Header Files\cases</Filter>
    </ClInclude>
    <ClInclude Include="..\microbench\cases\trirate.hpp">
      <Filter>Header Files\cases</Filter>
    </ClInclude>
    <ClInclude Include="..\microbench\cases\trirate_ogl.hpp">
      <Filter>Header Files\cases</Filter>
    </ClInclude>
    <ClInclude Include="..\microbench\bench.hpp">
      <Filter>Header Files</Filter>
    </ClInclude>
    <ClInclude Include="..\microbench\bench_ctx.hpp">
      <Filter>Header Files</Filter>
    </ClInclude>
    <ClInclude Include="..\microbench\bench_ogl.hpp">
      <Filter>Header Files</Filter>
    </ClInclude>
    <ClInclude Include="..\microbench\glprogram.hpp">
      <Filter>Header Files</Filter>
    </ClInclude>
    <ClInclude Include="..\microbench\options.hpp">
      <Filter>Header Files</Filter>
    </ClInclude>
    <ClInclude Include="..\microbench\timer.hpp">
      <Filter>Header Files</Filter>
    </ClInclude>
    <ClInclude Include="..\microbench\utils.hpp">
      <Filter>Header Files</Filter>
    </ClInclude>
    <ClInclude Include="..\microbench\cases\tiled_cache.hpp">
      <Filter>Header Files\cases</Filter>
    </ClInclude>
    <ClInclude Include="..\..\..\drivers\lwn\public\lwnTool\lwnTool_GlslcInterface.h">
      <Filter>Header Files\lwn-headers\lwnTool</Filter>
    </ClInclude>
    <ClInclude Include="..\..\..\drivers\lwn\public\lwn\lwn.h">
      <Filter>Header Files\lwn-headers\lwn</Filter>
    </ClInclude>
    <ClInclude Include="..\..\..\drivers\lwn\public\lwn\lwn_FuncPtr.h">
      <Filter>Header Files\lwn-headers\lwn</Filter>
    </ClInclude>
    <ClInclude Include="..\..\..\drivers\lwn\public\lwn\lwn_FuncPtrImpl.h">
      <Filter>Header Files\lwn-headers\lwn</Filter>
    </ClInclude>
    <ClInclude Include="..\..\..\drivers\lwn\public\lwn\lwn_FuncPtrInline.h">
      <Filter>Header Files\lwn-headers\lwn</Filter>
    </ClInclude>
    <ClInclude Include="..\common\lwnUtil\lwnUtil_AlignedStorage.h">
      <Filter>Header Files\common\lwnUtil</Filter>
    </ClInclude>
    <ClInclude Include="..\common\lwnUtil\lwnUtil_AlignedStorageImpl.h">
      <Filter>Header Files\common\lwnUtil</Filter>
    </ClInclude>
    <ClInclude Include="..\common\lwnUtil\lwnUtil_GlslcHelper.h">
      <Filter>Header Files\common\lwnUtil</Filter>
    </ClInclude>
    <ClInclude Include="..\common\lwnUtil\lwnUtil_GlslcHelperImpl.h">
      <Filter>Header Files\common\lwnUtil</Filter>
    </ClInclude>
    <ClInclude Include="..\common\lwnUtil\lwnUtil_PoolAllocator.h">
      <Filter>Header Files\common\lwnUtil</Filter>
    </ClInclude>
    <ClInclude Include="..\common\lwnUtil\lwnUtil_PoolAllocatorImpl.h">
      <Filter>Header Files\common\lwnUtil</Filter>
    </ClInclude>
    <ClInclude Include="..\common\lwnUtil\lwnUtil_TiledCacheState.h">
      <Filter>Header Files\common\lwnUtil</Filter>
    </ClInclude>
    <ClInclude Include="..\common\lwnUtil\lwnUtil_TiledCacheStateImpl.h">
      <Filter>Header Files\common\lwnUtil</Filter>
    </ClInclude>
    <ClInclude Include="..\microbench\cases\gpu_time.hpp">
      <Filter>Header Files</Filter>
    </ClInclude>
    <ClInclude Include="..\microbench\cases\drawtest.hpp">
      <Filter>Header Files\cases</Filter>
    </ClInclude>
    <ClInclude Include="..\microbench\cases\cbf.hpp">
      <Filter>Header Files\cases</Filter>
    </ClInclude>
    <ClInclude Include="..\microbench\cases\clear_buffer.hpp">
      <Filter>Header Files\cases</Filter>
    </ClInclude>
    <ClInclude Include="..\microbench\cases\warp_lwlling.hpp">
      <Filter>Header Files\cases</Filter>
    </ClInclude>
    <ClInclude Include="..\microbench\cases\shaderperf.hpp">
      <Filter>Header Files\cases</Filter>
    </ClInclude>
    <ClInclude Include="..\microbench\cases\shaderperf\tests.hpp">
      <Filter>Source Files\cases\shaderperf</Filter>
    </ClInclude>
  </ItemGroup>
</Project>
