<?xml version="1.0" encoding="utf-8"?>
<Project ToolsVersion="4.0" xmlns="http://schemas.microsoft.com/developer/msbuild/2003">
  <ItemGroup>
    <Filter Include="Source Files">
      <UniqueIdentifier>{4FC737F1-C7A5-4376-A066-2A32D752A2FF}</UniqueIdentifier>
      <Extensions>cpp;c;cc;cxx;def;odl;idl;hpj;bat;asm;asmx</Extensions>
    </Filter>
    <Filter Include="Header Files">
      <UniqueIdentifier>{93995380-89BD-4b04-88EB-625FBE52EBFB}</UniqueIdentifier>
      <Extensions>h;hpp;hxx;hm;inl;inc;xsd</Extensions>
    </Filter>
    <Filter Include="Header Files\common">
      <UniqueIdentifier>{3290d5f0-a897-4d2a-8c93-8b78590cc6f0}</UniqueIdentifier>
    </Filter>
    <Filter Include="Header Files\lwn-headers">
      <UniqueIdentifier>{c139b230-3a31-458b-9d37-b7c93b8a89a7}</UniqueIdentifier>
    </Filter>
    <Filter Include="Makefiles">
      <UniqueIdentifier>{91ce4094-2409-4ddb-893d-d26bdb0db751}</UniqueIdentifier>
    </Filter>
    <Filter Include="Source Files\common">
      <UniqueIdentifier>{d4952820-6eca-44aa-8fea-2d5365191eb2}</UniqueIdentifier>
    </Filter>
    <Filter Include="Header Files\samples">
      <UniqueIdentifier>{7c1853ff-3556-44e4-8d55-6caaa153be5a}</UniqueIdentifier>
    </Filter>
    <Filter Include="Header Files\samples\common">
      <UniqueIdentifier>{c64230f0-e8c5-46d1-8dcd-a27aa4fcd061}</UniqueIdentifier>
    </Filter>
    <Filter Include="Header Files\common\lwnUtil">
      <UniqueIdentifier>{0e8ac3d7-b216-409d-b982-e8b95fde85cb}</UniqueIdentifier>
    </Filter>
    <Filter Include="Header Files\lwn-headers\lwnTool">
      <UniqueIdentifier>{8a259ba3-7353-4893-a9e9-7ff43e2a81a3}</UniqueIdentifier>
    </Filter>
    <Filter Include="Header Files\lwn-headers\lwn">
      <UniqueIdentifier>{bdc44bc9-393b-4f8c-9583-d75e1194ada0}</UniqueIdentifier>
    </Filter>
  </ItemGroup>
  <ItemGroup>
    <ClCompile Include=".\Simple_Triangle.cpp">
      <Filter>Source Files</Filter>
    </ClCompile>
    <ClCompile Include=".\main.cpp">
      <Filter>Source Files</Filter>
    </ClCompile>
    <ClCompile Include="..\common\lwnutil.cpp">
      <Filter>Source Files\common</Filter>
    </ClCompile>
    <ClCompile Include=".\main-hos.cpp">
      <Filter>Source Files</Filter>
    </ClCompile>
  </ItemGroup>
  <ItemGroup>
    <ClInclude Include=".\Simple_Triangle.h">
      <Filter>Header Files</Filter>
    </ClInclude>
    <ClInclude Include="..\common\lwnutil.h">
      <Filter>Header Files\samples\common</Filter>
    </ClInclude>
    <ClInclude Include="..\..\common\lwnUtil\lwnUtil_AlignedStorage.h">
      <Filter>Header Files\common\lwnUtil</Filter>
    </ClInclude>
    <ClInclude Include="..\..\common\lwnUtil\lwnUtil_AlignedStorageImpl.h">
      <Filter>Header Files\common\lwnUtil</Filter>
    </ClInclude>
    <ClInclude Include="..\..\common\lwnUtil\lwnUtil_PoolAllocator.h">
      <Filter>Header Files\common\lwnUtil</Filter>
    </ClInclude>
    <ClInclude Include="..\..\common\lwnUtil\lwnUtil_PoolAllocatorImpl.h">
      <Filter>Header Files\common\lwnUtil</Filter>
    </ClInclude>
    <ClInclude Include="..\..\..\..\drivers\lwn\public\lwn\lwn.h">
      <Filter>Header Files\lwn-headers\lwn</Filter>
    </ClInclude>
    <ClInclude Include="..\..\..\..\drivers\lwn\public\lwn\lwn_FuncPtr.h">
      <Filter>Header Files\lwn-headers\lwn</Filter>
    </ClInclude>
    <ClInclude Include="..\..\..\..\drivers\lwn\public\lwn\lwn_FuncPtrImpl.h">
      <Filter>Header Files\lwn-headers\lwn</Filter>
    </ClInclude>
    <ClInclude Include="..\..\..\..\drivers\lwn\public\lwn\lwn_FuncPtrInline.h">
      <Filter>Header Files\lwn-headers\lwn</Filter>
    </ClInclude>
    <ClInclude Include=".\textured-triangle-glslcbin.h">
      <Filter>Header Files</Filter>
    </ClInclude>
  </ItemGroup>
  <ItemGroup>
    <None Include=".\Makefile.tmk">
      <Filter>Makefiles</Filter>
    </None>
  </ItemGroup>
</Project>
