
Microsoft Visual Studio Solution File, Format Version 12.00
# Visual Studio 14
VisualStudioVersion = 14.0.25420.1
MinimumVisualStudioVersion = 10.0.40219.1
Project("{8BC9CEB8-8B4A-11D0-8D11-00A0C91BC942}") = "ReShade FXC", "ReShadeFXC.vcxproj", "{0401ADF5-D085-4A3D-95B2-D9B7896BB338}"
EndProject
Project("{8BC9CEB8-8B4A-11D0-8D11-00A0C91BC942}") = "ReShade FX", "ReShadeFX.vcxproj", "{D1C2099B-BEC7-4993-8947-01D4A1F7EAE2}"
EndProject
Global
	GlobalSection(SolutionConfigurationPlatforms) = preSolution
		Debug|Win32 = Debug|Win32
		Debug|x64 = Debug|x64
		Release|Win32 = Release|Win32
		Release|x64 = Release|x64
	EndGlobalSection
	GlobalSection(ProjectConfigurationPlatforms) = postSolution
		{0401ADF5-D085-4A3D-95B2-D9B7896BB338}.Debug|Win32.ActiveCfg = Debug|Win32
		{0401ADF5-D085-4A3D-95B2-D9B7896BB338}.Debug|Win32.Build.0 = Debug|Win32
		{0401ADF5-D085-4A3D-95B2-D9B7896BB338}.Debug|x64.ActiveCfg = Debug|x64
		{0401ADF5-D085-4A3D-95B2-D9B7896BB338}.Debug|x64.Build.0 = Debug|x64
		{0401ADF5-D085-4A3D-95B2-D9B7896BB338}.Release|Win32.ActiveCfg = Release|Win32
		{0401ADF5-D085-4A3D-95B2-D9B7896BB338}.Release|Win32.Build.0 = Release|Win32
		{0401ADF5-D085-4A3D-95B2-D9B7896BB338}.Release|x64.ActiveCfg = Release|x64
		{0401ADF5-D085-4A3D-95B2-D9B7896BB338}.Release|x64.Build.0 = Release|x64
		{D1C2099B-BEC7-4993-8947-01D4A1F7EAE2}.Debug|Win32.ActiveCfg = Debug|Win32
		{D1C2099B-BEC7-4993-8947-01D4A1F7EAE2}.Debug|Win32.Build.0 = Debug|Win32
		{D1C2099B-BEC7-4993-8947-01D4A1F7EAE2}.Debug|x64.ActiveCfg = Debug|x64
		{D1C2099B-BEC7-4993-8947-01D4A1F7EAE2}.Debug|x64.Build.0 = Debug|x64
		{D1C2099B-BEC7-4993-8947-01D4A1F7EAE2}.Release|Win32.ActiveCfg = Release|Win32
		{D1C2099B-BEC7-4993-8947-01D4A1F7EAE2}.Release|Win32.Build.0 = Release|Win32
		{D1C2099B-BEC7-4993-8947-01D4A1F7EAE2}.Release|x64.ActiveCfg = Release|x64
		{D1C2099B-BEC7-4993-8947-01D4A1F7EAE2}.Release|x64.Build.0 = Release|x64
	EndGlobalSection
	GlobalSection(SolutionProperties) = preSolution
		HideSolutionNode = FALSE
	EndGlobalSection
	GlobalSection(ExtensibilityGlobals) = postSolution
		SolutionGuid = {6041836F-F7A5-43F7-8B1A-6C724A564B3C}
	EndGlobalSection
EndGlobal
