<?xml version="1.0" encoding="utf-8"?>
<Project ToolsVersion="4.0" xmlns="http://schemas.microsoft.com/developer/msbuild/2003">
  <ItemGroup>
    <Filter Include="source">
      <UniqueIdentifier>{5728a80c-419b-4476-83e5-7e17ca20cb70}</UniqueIdentifier>
    </Filter>
    <Filter Include="headers">
      <UniqueIdentifier>{96a74188-5e53-4fbb-af1f-f0d38ba26619}</UniqueIdentifier>
    </Filter>
  </ItemGroup>
  <ItemGroup>
    <ClCompile Include="source\YAMLCompile.cpp">
      <Filter>source</Filter>
    </ClCompile>
    <ClCompile Include="source\EffectParser.cpp">
      <Filter>source</Filter>
    </ClCompile>
    <ClCompile Include="..\..\ShaderMod\source\CommonTools.cpp">
      <Filter>source</Filter>
    </ClCompile>
  </ItemGroup>
  <ItemGroup>
    <ClInclude Include="source\StubsJPEG.h">
      <Filter>source</Filter>
    </ClInclude>
    <ClInclude Include="source\EffectParser.h">
      <Filter>headers</Filter>
    </ClInclude>
    <ClInclude Include="source\StubsPNG.h">
      <Filter>headers</Filter>
    </ClInclude>
  </ItemGroup>
</Project>