<?xml version="1.0" encoding="utf-8"?>
<Project ToolsVersion="4.0" xmlns="http://schemas.microsoft.com/developer/msbuild/2003">
  <ItemGroup>
    <Filter Include="Source Files">
      <UniqueIdentifier>{4FC737F1-C7A5-4376-A066-2A32D752A2FF}</UniqueIdentifier>
      <Extensions>h;hpp;cpp;c;cc;cxx;def;odl;idl;hpj;bat;asm;asmx</Extensions>
    </Filter>
    <Filter Include="Resource Files">
      <UniqueIdentifier>{67DA6AB6-F800-4c08-8B7A-83BB121AAD01}</UniqueIdentifier>
      <Extensions>rc;ico;lwr;bmp;dlg;rc2;rct;bin;rgs;gif;jpg;jpeg;jpe;resx;tiff;tif;png;wav;mfcribbon-ms</Extensions>
    </Filter>
    <Filter Include="Header Files">
      <UniqueIdentifier>{9ea8ac35-bda5-460e-abfd-2b6b38e64ff6}</UniqueIdentifier>
    </Filter>
    <Filter Include="Header Files\darkroom">
      <UniqueIdentifier>{1eeaa356-29d9-416a-a2cd-aaf76b556ff5}</UniqueIdentifier>
    </Filter>
  </ItemGroup>
  <ItemGroup>
    <ClCompile Include="source\JobProcessing.cpp">
      <Filter>Source Files</Filter>
    </ClCompile>
    <ClCompile Include="source\Bmp.cpp">
      <Filter>Source Files</Filter>
    </ClCompile>
    <ClCompile Include="source\Blend.cpp">
      <Filter>Source Files</Filter>
    </ClCompile>
    <ClCompile Include="source\Director.cpp">
      <Filter>Source Files</Filter>
    </ClCompile>
    <ClCompile Include="source\Equirect.cpp">
      <Filter>Source Files</Filter>
    </ClCompile>
    <ClCompile Include="source\Errors.cpp">
      <Filter>Source Files</Filter>
    </ClCompile>
    <ClCompile Include="source\ImageOperations.cpp">
      <Filter>Source Files</Filter>
    </ClCompile>
    <ClCompile Include="source\Png.cpp">
      <Filter>Source Files</Filter>
    </ClCompile>
    <ClCompile Include="source\Jpeg.cpp">
      <Filter>Source Files</Filter>
    </ClCompile>
    <ClCompile Include="source\Exr.cpp">
      <Filter>Source Files</Filter>
    </ClCompile>
    <ClCompile Include="source\FrequencyTransfer.cpp">
      <Filter>Source Files</Filter>
    </ClCompile>
    <ClCompile Include="source\Tga.cpp">
      <Filter>Source Files</Filter>
    </ClCompile>
    <ClCompile Include="source\ImageLoader.cpp">
      <Filter>Source Files</Filter>
    </ClCompile>
    <ClCompile Include="source\StringColwersion.cpp">
      <Filter>Source Files</Filter>
    </ClCompile>
    <ClCompile Include="source\Dds.cpp">
      <Filter>Source Files</Filter>
    </ClCompile>
    <ClCompile Include="source\ImageLoaderWIC.cpp">
      <Filter>Source Files</Filter>
    </ClCompile>
    <ClCompile Include="source\lw_dds.cpp">
      <Filter>Source Files</Filter>
    </ClCompile>
    <ClCompile Include="source\Jxr.cpp">
      <Filter>Source Files</Filter>
    </ClCompile>
  </ItemGroup>
  <ItemGroup>
    <ClInclude Include="include\darkroom\Blend.h">
      <Filter>Header Files\darkroom</Filter>
    </ClInclude>
    <ClInclude Include="include\darkroom\Errors.h">
      <Filter>Header Files\darkroom</Filter>
    </ClInclude>
    <ClInclude Include="include\darkroom\Director.h">
      <Filter>Header Files\darkroom</Filter>
    </ClInclude>
    <ClInclude Include="include\darkroom\Equirect.h">
      <Filter>Header Files\darkroom</Filter>
    </ClInclude>
    <ClInclude Include="include\darkroom\JobProcessing.h">
      <Filter>Header Files\darkroom</Filter>
    </ClInclude>
    <ClInclude Include="include\darkroom\Bmp.h">
      <Filter>Header Files\darkroom</Filter>
    </ClInclude>
    <ClInclude Include="include\darkroom\ImageOperations.h">
      <Filter>Header Files\darkroom</Filter>
    </ClInclude>
    <ClInclude Include="include\darkroom\Png.h">
      <Filter>Header Files\darkroom</Filter>
    </ClInclude>
    <ClInclude Include="include\darkroom\Versioning.hpp">
      <Filter>Header Files\darkroom</Filter>
    </ClInclude>
    <ClInclude Include="include\darkroom\Jpeg.h">
      <Filter>Header Files\darkroom</Filter>
    </ClInclude>
    <ClInclude Include="include\darkroom\CmdLineParser.hpp">
      <Filter>Header Files\darkroom</Filter>
    </ClInclude>
    <ClInclude Include="include\darkroom\Exr.h">
      <Filter>Header Files\darkroom</Filter>
    </ClInclude>
    <ClInclude Include="include\darkroom\FrequencyTransfer.h">
      <Filter>Header Files\darkroom</Filter>
    </ClInclude>
    <ClInclude Include="include\darkroom\Tga.h">
      <Filter>Header Files\darkroom</Filter>
    </ClInclude>
    <ClInclude Include="include\darkroom\Metadata.h">
      <Filter>Header Files\darkroom</Filter>
    </ClInclude>
    <ClInclude Include="include\darkroom\ImageLoader.h">
      <Filter>Header Files\darkroom</Filter>
    </ClInclude>
    <ClInclude Include="include\darkroom\StringColwersion.h">
      <Filter>Header Files\darkroom</Filter>
    </ClInclude>
    <ClInclude Include="include\darkroom\Dds.h">
      <Filter>Header Files\darkroom</Filter>
    </ClInclude>
    <ClInclude Include="source\ImageLoaderWIC.h">
      <Filter>Source Files</Filter>
    </ClInclude>
    <ClInclude Include="source\lw_dds.h">
      <Filter>Source Files</Filter>
    </ClInclude>
    <ClInclude Include="include\darkroom\Jxr.h">
      <Filter>Header Files\darkroom</Filter>
    </ClInclude>
  </ItemGroup>
</Project>